// !$*UTF8*$!
{
	archiveVersion = 1;
	classes = {
	};
	objectVersion = 46;
	objects = {

/* Begin PBXBuildFile section */
		D518A99916D39A5100893507 /* UMS_settings@2x.png in Resources */ = {isa = PBXBuildFile; fileRef = D518A99816D39A5100893507 /* UMS_settings@2x.png */; };
		D534FA76179FC6920067BDCF /* UMS_social_demo.png in Resources */ = {isa = PBXBuildFile; fileRef = D534FA75179FC6920067BDCF /* UMS_social_demo.png */; };
		D53746AD1738CB450093F280 /* CoreGraphics.framework in Frameworks */ = {isa = PBXBuildFile; fileRef = D57436FE16082B1200C7AD07 /* CoreGraphics.framework */; };
		D57436FB16082B1200C7AD07 /* UIKit.framework in Frameworks */ = {isa = PBXBuildFile; fileRef = D57436FA16082B1200C7AD07 /* UIKit.framework */; };
		D57436FD16082B1200C7AD07 /* Foundation.framework in Frameworks */ = {isa = PBXBuildFile; fileRef = D57436FC16082B1200C7AD07 /* Foundation.framework */; };
		D574370516082B1200C7AD07 /* InfoPlist.strings in Resources */ = {isa = PBXBuildFile; fileRef = D574370316082B1200C7AD07 /* InfoPlist.strings */; };
		D574370B16082B1200C7AD07 /* AppDelegate.m in Sources */ = {isa = PBXBuildFile; fileRef = D574370A16082B1200C7AD07 /* AppDelegate.m */; };
		D5798EEF18065D7E00B3000E /* UMSocialLocalizable.strings in Resources */ = {isa = PBXBuildFile; fileRef = D5798ECA18065D7E00B3000E /* UMSocialLocalizable.strings */; };
		D5798EF018065D7E00B3000E /* TencentOpenAPI.framework in Frameworks */ = {isa = PBXBuildFile; fileRef = D5798ECE18065D7E00B3000E /* TencentOpenAPI.framework */; };
		D5798EF218065D7E00B3000E /* libWeChatSDK.a in Frameworks */ = {isa = PBXBuildFile; fileRef = D5798ED418065D7E00B3000E /* libWeChatSDK.a */; };
		D5798EF318065D7E00B3000E /* libUMSocial_Sdk_3.1.a in Frameworks */ = {isa = PBXBuildFile; fileRef = D5798EE218065D7E00B3000E /* libUMSocial_Sdk_3.1.a */; };
		D5798EF418065D7E00B3000E /* libUMSocial_Sdk_Comment_3.1.a in Frameworks */ = {isa = PBXBuildFile; fileRef = D5798EE318065D7E00B3000E /* libUMSocial_Sdk_Comment_3.1.a */; };
		D5798EF518065D7E00B3000E /* UMSCommentDetailController.xib in Resources */ = {isa = PBXBuildFile; fileRef = D5798EE518065D7E00B3000E /* UMSCommentDetailController.xib */; };
		D5798EF618065D7E00B3000E /* UMSCommentInputController.xib in Resources */ = {isa = PBXBuildFile; fileRef = D5798EE618065D7E00B3000E /* UMSCommentInputController.xib */; };
		D5798EF718065D7E00B3000E /* UMSCommentInputControlleriPad.xib in Resources */ = {isa = PBXBuildFile; fileRef = D5798EE718065D7E00B3000E /* UMSCommentInputControlleriPad.xib */; };
		D5798EF818065D7E00B3000E /* UMShareEditViewController.xib in Resources */ = {isa = PBXBuildFile; fileRef = D5798EE818065D7E00B3000E /* UMShareEditViewController.xib */; };
		D5798EF918065D7E00B3000E /* UMShareEditViewControlleriPad.xib in Resources */ = {isa = PBXBuildFile; fileRef = D5798EE918065D7E00B3000E /* UMShareEditViewControlleriPad.xib */; };
		D5798EFA18065D7E00B3000E /* UMSLoginViewController.xib in Resources */ = {isa = PBXBuildFile; fileRef = D5798EEA18065D7E00B3000E /* UMSLoginViewController.xib */; };
		D5798EFB18065D7E00B3000E /* UMSnsAccountViewController.xib in Resources */ = {isa = PBXBuildFile; fileRef = D5798EEB18065D7E00B3000E /* UMSnsAccountViewController.xib */; };
		D5798EFC18065D7E00B3000E /* UMSShareListController.xib in Resources */ = {isa = PBXBuildFile; fileRef = D5798EEC18065D7E00B3000E /* UMSShareListController.xib */; };
		D5798EFD18065D7E00B3000E /* UMSocialSDKResourcesNew.bundle in Resources */ = {isa = PBXBuildFile; fileRef = D5798EED18065D7E00B3000E /* UMSocialSDKResourcesNew.bundle */; };
		D580B31316B3B73A00BF3481 /* UMSocialTabBarController.m in Sources */ = {isa = PBXBuildFile; fileRef = D580B31216B3B73A00BF3481 /* UMSocialTabBarController.m */; };
		D580B33716B3BB7100BF3481 /* UMS_account@2x.png in Resources */ = {isa = PBXBuildFile; fileRef = D580B33216B3BB7100BF3481 /* UMS_account@2x.png */; };
		D580B33816B3BB7100BF3481 /* UMS_bar@2x.png in Resources */ = {isa = PBXBuildFile; fileRef = D580B33316B3BB7100BF3481 /* UMS_bar@2x.png */; };
		D580B33916B3BB7100BF3481 /* UMS_comment@2x.png in Resources */ = {isa = PBXBuildFile; fileRef = D580B33416B3BB7100BF3481 /* UMS_comment@2x.png */; };
		D580B33A16B3BB7100BF3481 /* UMS_mutilBar@2x.png in Resources */ = {isa = PBXBuildFile; fileRef = D580B33516B3BB7100BF3481 /* UMS_mutilBar@2x.png */; };
		D580B33B16B3BB7100BF3481 /* UMS_share@2x.png in Resources */ = {isa = PBXBuildFile; fileRef = D580B33616B3BB7100BF3481 /* UMS_share@2x.png */; };
		D58531E017C1BCE5009E2D27 /* libMobClickLibrary.a in Frameworks */ = {isa = PBXBuildFile; fileRef = D58531DE17C1BCE5009E2D27 /* libMobClickLibrary.a */; };
		D5962F3A17CB575C00AD9856 /* libz.dylib in Frameworks */ = {isa = PBXBuildFile; fileRef = D54F814417B217D4007D73AE /* libz.dylib */; };
		D5962F4117CC523800AD9856 /* libiconv.dylib in Frameworks */ = {isa = PBXBuildFile; fileRef = D54F813A17B217A9007D73AE /* libiconv.dylib */; };
		D5962F4217CC524000AD9856 /* SystemConfiguration.framework in Frameworks */ = {isa = PBXBuildFile; fileRef = D54F813C17B217AE007D73AE /* SystemConfiguration.framework */; };
		D5962F4417CC525800AD9856 /* CoreTelephony.framework in Frameworks */ = {isa = PBXBuildFile; fileRef = D58531E817C1DF4D009E2D27 /* CoreTelephony.framework */; };
		D5962F4517CC526100AD9856 /* libstdc++.dylib in Frameworks */ = {isa = PBXBuildFile; fileRef = D54F814217B217CF007D73AE /* libstdc++.dylib */; };
		D5E35B4017E994920032AB69 /* libsqlite3.dylib in Frameworks */ = {isa = PBXBuildFile; fileRef = D54F813E17B217BF007D73AE /* libsqlite3.dylib */; };
		D5EF8983166DF07E00B2068D /* icon_ipad.png in Resources */ = {isa = PBXBuildFile; fileRef = D5EF897D166DF07E00B2068D /* icon_ipad.png */; };
		D5EF8984166DF07E00B2068D /* icon_ipad@2x.png in Resources */ = {isa = PBXBuildFile; fileRef = D5EF897E166DF07E00B2068D /* icon_ipad@2x.png */; };
		D5EF8985166DF07E00B2068D /* icon.png in Resources */ = {isa = PBXBuildFile; fileRef = D5EF897F166DF07E00B2068D /* icon.png */; };
		D5EF8986166DF07E00B2068D /* icon@2x.png in Resources */ = {isa = PBXBuildFile; fileRef = D5EF8980166DF07E00B2068D /* icon@2x.png */; };
		D5EF898C166DF1AF00B2068D /* main.m in Sources */ = {isa = PBXBuildFile; fileRef = D5EF898B166DF1AF00B2068D /* main.m */; };
		D5EF8991166DF3E200B2068D /* Default-568h@2x.png in Resources */ = {isa = PBXBuildFile; fileRef = D5EF8990166DF3E200B2068D /* Default-568h@2x.png */; };
		D5F92E701749B8AF00EC4F53 /* UMSocialBarViewController.m in Sources */ = {isa = PBXBuildFile; fileRef = D5F92E6B1749B8AE00EC4F53 /* UMSocialBarViewController.m */; };
		D5F92E711749B8AF00EC4F53 /* UMSocialBarViewController.xib in Resources */ = {isa = PBXBuildFile; fileRef = D5F92E6C1749B8AE00EC4F53 /* UMSocialBarViewController.xib */; };
		D5F92E721749B8AF00EC4F53 /* UMSocialSnsViewController.m in Sources */ = {isa = PBXBuildFile; fileRef = D5F92E6E1749B8AF00EC4F53 /* UMSocialSnsViewController.m */; };
		D5F92E731749B8AF00EC4F53 /* UMSocialSnsViewController.xib in Resources */ = {isa = PBXBuildFile; fileRef = D5F92E6F1749B8AF00EC4F53 /* UMSocialSnsViewController.xib */; };
		D5F92E771749B8F500EC4F53 /* UMSocialLoginViewController.m in Sources */ = {isa = PBXBuildFile; fileRef = D5F92E751749B8F400EC4F53 /* UMSocialLoginViewController.m */; };
		D5F92E781749B8F500EC4F53 /* UMSocialLoginViewController.xib in Resources */ = {isa = PBXBuildFile; fileRef = D5F92E761749B8F400EC4F53 /* UMSocialLoginViewController.xib */; };
/* End PBXBuildFile section */

/* Begin PBXFileReference section */
		D518A99816D39A5100893507 /* UMS_settings@2x.png */ = {isa = PBXFileReference; lastKnownFileType = image.png; path = "UMS_settings@2x.png"; sourceTree = "<group>"; };
		D534FA75179FC6920067BDCF /* UMS_social_demo.png */ = {isa = PBXFileReference; lastKnownFileType = image.png; path = UMS_social_demo.png; sourceTree = "<group>"; };
		D54F813A17B217A9007D73AE /* libiconv.dylib */ = {isa = PBXFileReference; lastKnownFileType = "compiled.mach-o.dylib"; name = libiconv.dylib; path = usr/lib/libiconv.dylib; sourceTree = SDKROOT; };
		D54F813C17B217AE007D73AE /* SystemConfiguration.framework */ = {isa = PBXFileReference; lastKnownFileType = wrapper.framework; name = SystemConfiguration.framework; path = System/Library/Frameworks/SystemConfiguration.framework; sourceTree = SDKROOT; };
		D54F813E17B217BF007D73AE /* libsqlite3.dylib */ = {isa = PBXFileReference; lastKnownFileType = "compiled.mach-o.dylib"; name = libsqlite3.dylib; path = usr/lib/libsqlite3.dylib; sourceTree = SDKROOT; };
		D54F814217B217CF007D73AE /* libstdc++.dylib */ = {isa = PBXFileReference; lastKnownFileType = "compiled.mach-o.dylib"; name = "libstdc++.dylib"; path = "usr/lib/libstdc++.dylib"; sourceTree = SDKROOT; };
		D54F814417B217D4007D73AE /* libz.dylib */ = {isa = PBXFileReference; lastKnownFileType = "compiled.mach-o.dylib"; name = libz.dylib; path = usr/lib/libz.dylib; sourceTree = SDKROOT; };
		D57436F616082B1200C7AD07 /* UMSocial.app */ = {isa = PBXFileReference; explicitFileType = wrapper.application; includeInIndex = 0; path = UMSocial.app; sourceTree = BUILT_PRODUCTS_DIR; };
		D57436FA16082B1200C7AD07 /* UIKit.framework */ = {isa = PBXFileReference; lastKnownFileType = wrapper.framework; name = UIKit.framework; path = System/Library/Frameworks/UIKit.framework; sourceTree = SDKROOT; };
		D57436FC16082B1200C7AD07 /* Foundation.framework */ = {isa = PBXFileReference; lastKnownFileType = wrapper.framework; name = Foundation.framework; path = System/Library/Frameworks/Foundation.framework; sourceTree = SDKROOT; };
		D57436FE16082B1200C7AD07 /* CoreGraphics.framework */ = {isa = PBXFileReference; lastKnownFileType = wrapper.framework; name = CoreGraphics.framework; path = System/Library/Frameworks/CoreGraphics.framework; sourceTree = SDKROOT; };
		D574370416082B1200C7AD07 /* en */ = {isa = PBXFileReference; lastKnownFileType = text.plist.strings; name = en; path = en.lproj/InfoPlist.strings; sourceTree = "<group>"; };
		D574370916082B1200C7AD07 /* AppDelegate.h */ = {isa = PBXFileReference; lastKnownFileType = sourcecode.c.h; path = AppDelegate.h; sourceTree = "<group>"; };
		D574370A16082B1200C7AD07 /* AppDelegate.m */ = {isa = PBXFileReference; lastKnownFileType = sourcecode.c.objc; path = AppDelegate.m; sourceTree = "<group>"; };
		D5743846160834F900C7AD07 /* CoreLocation.framework */ = {isa = PBXFileReference; lastKnownFileType = wrapper.framework; name = CoreLocation.framework; path = System/Library/Frameworks/CoreLocation.framework; sourceTree = SDKROOT; };
		D5743848160834FF00C7AD07 /* MapKit.framework */ = {isa = PBXFileReference; lastKnownFileType = wrapper.framework; name = MapKit.framework; path = System/Library/Frameworks/MapKit.framework; sourceTree = SDKROOT; };
		D574384A1608351300C7AD07 /* MessageUI.framework */ = {isa = PBXFileReference; lastKnownFileType = wrapper.framework; name = MessageUI.framework; path = System/Library/Frameworks/MessageUI.framework; sourceTree = SDKROOT; };
		D5743850160835A400C7AD07 /* QuartzCore.framework */ = {isa = PBXFileReference; lastKnownFileType = wrapper.framework; name = QuartzCore.framework; path = System/Library/Frameworks/QuartzCore.framework; sourceTree = SDKROOT; };
		D5798ECB18065D7E00B3000E /* en */ = {isa = PBXFileReference; lastKnownFileType = text.plist.strings; name = en; path = en.lproj/UMSocialLocalizable.strings; sourceTree = "<group>"; };
		D5798ECE18065D7E00B3000E /* TencentOpenAPI.framework */ = {isa = PBXFileReference; lastKnownFileType = wrapper.framework; path = TencentOpenAPI.framework; sourceTree = "<group>"; };
		D5798ED418065D7E00B3000E /* libWeChatSDK.a */ = {isa = PBXFileReference; lastKnownFileType = archive.ar; path = libWeChatSDK.a; sourceTree = "<group>"; };
		D5798ED518065D7E00B3000E /* WXApi.h */ = {isa = PBXFileReference; fileEncoding = 4; lastKnownFileType = sourcecode.c.h; path = WXApi.h; sourceTree = "<group>"; };
		D5798ED618065D7E00B3000E /* WXApiObject.h */ = {isa = PBXFileReference; fileEncoding = 4; lastKnownFileType = sourcecode.c.h; path = WXApiObject.h; sourceTree = "<group>"; };
		D5798ED818065D7E00B3000E /* UMSocial.h */ = {isa = PBXFileReference; fileEncoding = 4; lastKnownFileType = sourcecode.c.h; path = UMSocial.h; sourceTree = "<group>"; };
		D5798ED918065D7E00B3000E /* UMSocialAccountManager.h */ = {isa = PBXFileReference; fileEncoding = 4; lastKnownFileType = sourcecode.c.h; path = UMSocialAccountManager.h; sourceTree = "<group>"; };
		D5798EDA18065D7E00B3000E /* UMSocialBar.h */ = {isa = PBXFileReference; fileEncoding = 4; lastKnownFileType = sourcecode.c.h; path = UMSocialBar.h; sourceTree = "<group>"; };
		D5798EDB18065D7E00B3000E /* UMSocialConfig.h */ = {isa = PBXFileReference; fileEncoding = 4; lastKnownFileType = sourcecode.c.h; path = UMSocialConfig.h; sourceTree = "<group>"; };
		D5798EDC18065D7E00B3000E /* UMSocialControllerService.h */ = {isa = PBXFileReference; fileEncoding = 4; lastKnownFileType = sourcecode.c.h; path = UMSocialControllerService.h; sourceTree = "<group>"; };
		D5798EDD18065D7E00B3000E /* UMSocialControllerServiceComment.h */ = {isa = PBXFileReference; fileEncoding = 4; lastKnownFileType = sourcecode.c.h; path = UMSocialControllerServiceComment.h; sourceTree = "<group>"; };
		D5798EDE18065D7E00B3000E /* UMSocialData.h */ = {isa = PBXFileReference; fileEncoding = 4; lastKnownFileType = sourcecode.c.h; path = UMSocialData.h; sourceTree = "<group>"; };
		D5798EDF18065D7E00B3000E /* UMSocialDataService.h */ = {isa = PBXFileReference; fileEncoding = 4; lastKnownFileType = sourcecode.c.h; path = UMSocialDataService.h; sourceTree = "<group>"; };
		D5798EE018065D7E00B3000E /* UMSocialSnsPlatformManager.h */ = {isa = PBXFileReference; fileEncoding = 4; lastKnownFileType = sourcecode.c.h; path = UMSocialSnsPlatformManager.h; sourceTree = "<group>"; };
		D5798EE118065D7E00B3000E /* UMSocialSnsService.h */ = {isa = PBXFileReference; fileEncoding = 4; lastKnownFileType = sourcecode.c.h; path = UMSocialSnsService.h; sourceTree = "<group>"; };
		D5798EE218065D7E00B3000E /* libUMSocial_Sdk_3.1.a */ = {isa = PBXFileReference; lastKnownFileType = archive.ar; path = libUMSocial_Sdk_3.1.a; sourceTree = "<group>"; };
		D5798EE318065D7E00B3000E /* libUMSocial_Sdk_Comment_3.1.a */ = {isa = PBXFileReference; lastKnownFileType = archive.ar; path = libUMSocial_Sdk_Comment_3.1.a; sourceTree = "<group>"; };
		D5798EE518065D7E00B3000E /* UMSCommentDetailController.xib */ = {isa = PBXFileReference; fileEncoding = 4; lastKnownFileType = file.xib; path = UMSCommentDetailController.xib; sourceTree = "<group>"; };
		D5798EE618065D7E00B3000E /* UMSCommentInputController.xib */ = {isa = PBXFileReference; fileEncoding = 4; lastKnownFileType = file.xib; path = UMSCommentInputController.xib; sourceTree = "<group>"; };
		D5798EE718065D7E00B3000E /* UMSCommentInputControlleriPad.xib */ = {isa = PBXFileReference; fileEncoding = 4; lastKnownFileType = file.xib; path = UMSCommentInputControlleriPad.xib; sourceTree = "<group>"; };
		D5798EE818065D7E00B3000E /* UMShareEditViewController.xib */ = {isa = PBXFileReference; fileEncoding = 4; lastKnownFileType = file.xib; path = UMShareEditViewController.xib; sourceTree = "<group>"; };
		D5798EE918065D7E00B3000E /* UMShareEditViewControlleriPad.xib */ = {isa = PBXFileReference; fileEncoding = 4; lastKnownFileType = file.xib; path = UMShareEditViewControlleriPad.xib; sourceTree = "<group>"; };
		D5798EEA18065D7E00B3000E /* UMSLoginViewController.xib */ = {isa = PBXFileReference; fileEncoding = 4; lastKnownFileType = file.xib; path = UMSLoginViewController.xib; sourceTree = "<group>"; };
		D5798EEB18065D7E00B3000E /* UMSnsAccountViewController.xib */ = {isa = PBXFileReference; fileEncoding = 4; lastKnownFileType = file.xib; path = UMSnsAccountViewController.xib; sourceTree = "<group>"; };
		D5798EEC18065D7E00B3000E /* UMSShareListController.xib */ = {isa = PBXFileReference; fileEncoding = 4; lastKnownFileType = file.xib; path = UMSShareListController.xib; sourceTree = "<group>"; };
		D5798EED18065D7E00B3000E /* UMSocialSDKResourcesNew.bundle */ = {isa = PBXFileReference; lastKnownFileType = "wrapper.plug-in"; path = UMSocialSDKResourcesNew.bundle; sourceTree = "<group>"; };
		D5798EEE18065D7E00B3000E /* zh-Hans */ = {isa = PBXFileReference; lastKnownFileType = text.plist.strings; name = "zh-Hans"; path = "zh-Hans.lproj/UMSocialLocalizable.strings"; sourceTree = "<group>"; };
		D580B31116B3B73A00BF3481 /* UMSocialTabBarController.h */ = {isa = PBXFileReference; fileEncoding = 4; lastKnownFileType = sourcecode.c.h; name = UMSocialTabBarController.h; path = UI/UMSocialTabBarController.h; sourceTree = "<group>"; };
		D580B31216B3B73A00BF3481 /* UMSocialTabBarController.m */ = {isa = PBXFileReference; fileEncoding = 4; lastKnownFileType = sourcecode.c.objc; name = UMSocialTabBarController.m; path = UI/UMSocialTabBarController.m; sourceTree = "<group>"; };
		D580B33216B3BB7100BF3481 /* UMS_account@2x.png */ = {isa = PBXFileReference; lastKnownFileType = image.png; path = "UMS_account@2x.png"; sourceTree = "<group>"; };
		D580B33316B3BB7100BF3481 /* UMS_bar@2x.png */ = {isa = PBXFileReference; lastKnownFileType = image.png; path = "UMS_bar@2x.png"; sourceTree = "<group>"; };
		D580B33416B3BB7100BF3481 /* UMS_comment@2x.png */ = {isa = PBXFileReference; lastKnownFileType = image.png; path = "UMS_comment@2x.png"; sourceTree = "<group>"; };
		D580B33516B3BB7100BF3481 /* UMS_mutilBar@2x.png */ = {isa = PBXFileReference; lastKnownFileType = image.png; path = "UMS_mutilBar@2x.png"; sourceTree = "<group>"; };
		D580B33616B3BB7100BF3481 /* UMS_share@2x.png */ = {isa = PBXFileReference; lastKnownFileType = image.png; path = "UMS_share@2x.png"; sourceTree = "<group>"; };
		D58531DE17C1BCE5009E2D27 /* libMobClickLibrary.a */ = {isa = PBXFileReference; lastKnownFileType = archive.ar; path = libMobClickLibrary.a; sourceTree = "<group>"; };
		D58531DF17C1BCE5009E2D27 /* MobClick.h */ = {isa = PBXFileReference; fileEncoding = 4; lastKnownFileType = sourcecode.c.h; path = MobClick.h; sourceTree = "<group>"; };
		D58531E817C1DF4D009E2D27 /* CoreTelephony.framework */ = {isa = PBXFileReference; lastKnownFileType = wrapper.framework; name = CoreTelephony.framework; path = System/Library/Frameworks/CoreTelephony.framework; sourceTree = SDKROOT; };
		D596D9B417A8F30F008102DD /* zh-Hans */ = {isa = PBXFileReference; lastKnownFileType = text.plist.strings; name = "zh-Hans"; path = "Supporting Files/zh-Hans.lproj/Localizable.strings"; sourceTree = "<group>"; };
		D5E35B3B17E982AD0032AB69 /* libsqlite3.0.dylib */ = {isa = PBXFileReference; lastKnownFileType = "compiled.mach-o.dylib"; name = libsqlite3.0.dylib; path = usr/lib/libsqlite3.0.dylib; sourceTree = SDKROOT; };
		D5EF897B166DEE7A00B2068D /* UMSocialSDKDemo copy-Info.plist */ = {isa = PBXFileReference; lastKnownFileType = text.plist.xml; name = "UMSocialSDKDemo copy-Info.plist"; path = "/Users/yeahugo/Documents/project/SocialiOSSDK/UMSocialSDKDemo/UMSocialSDKDemo copy-Info.plist"; sourceTree = "<absolute>"; };
		D5EF897D166DF07E00B2068D /* icon_ipad.png */ = {isa = PBXFileReference; lastKnownFileType = image.png; name = icon_ipad.png; path = "Supporting Files/icon_ipad.png"; sourceTree = "<group>"; };
		D5EF897E166DF07E00B2068D /* icon_ipad@2x.png */ = {isa = PBXFileReference; lastKnownFileType = image.png; name = "icon_ipad@2x.png"; path = "Supporting Files/icon_ipad@2x.png"; sourceTree = "<group>"; };
		D5EF897F166DF07E00B2068D /* icon.png */ = {isa = PBXFileReference; lastKnownFileType = image.png; name = icon.png; path = "Supporting Files/icon.png"; sourceTree = "<group>"; };
		D5EF8980166DF07E00B2068D /* icon@2x.png */ = {isa = PBXFileReference; lastKnownFileType = image.png; name = "icon@2x.png"; path = "Supporting Files/icon@2x.png"; sourceTree = "<group>"; };
		D5EF898B166DF1AF00B2068D /* main.m */ = {isa = PBXFileReference; fileEncoding = 4; lastKnownFileType = sourcecode.c.objc; name = main.m; path = "Supporting Files/main.m"; sourceTree = "<group>"; };
		D5EF898D166DF1E600B2068D /* UMSocial_Sdk_Demo-Info.plist */ = {isa = PBXFileReference; fileEncoding = 4; lastKnownFileType = text.plist.xml; path = "UMSocial_Sdk_Demo-Info.plist"; sourceTree = "<group>"; };
		D5EF898F166DF21A00B2068D /* UMSocial_Sdk_Demo-Prefix.pch */ = {isa = PBXFileReference; fileEncoding = 4; lastKnownFileType = sourcecode.c.h; path = "UMSocial_Sdk_Demo-Prefix.pch"; sourceTree = "<group>"; };
		D5EF8990166DF3E200B2068D /* Default-568h@2x.png */ = {isa = PBXFileReference; lastKnownFileType = image.png; name = "Default-568h@2x.png"; path = "Supporting Files/Default-568h@2x.png"; sourceTree = "<group>"; };
		D5F92E6A1749B8AE00EC4F53 /* UMSocialBarViewController.h */ = {isa = PBXFileReference; fileEncoding = 4; lastKnownFileType = sourcecode.c.h; name = UMSocialBarViewController.h; path = UI/UMSocialBarViewController.h; sourceTree = "<group>"; };
		D5F92E6B1749B8AE00EC4F53 /* UMSocialBarViewController.m */ = {isa = PBXFileReference; fileEncoding = 4; lastKnownFileType = sourcecode.c.objc; name = UMSocialBarViewController.m; path = UI/UMSocialBarViewController.m; sourceTree = "<group>"; };
		D5F92E6C1749B8AE00EC4F53 /* UMSocialBarViewController.xib */ = {isa = PBXFileReference; fileEncoding = 4; lastKnownFileType = file.xib; name = UMSocialBarViewController.xib; path = UI/UMSocialBarViewController.xib; sourceTree = "<group>"; };
		D5F92E6D1749B8AE00EC4F53 /* UMSocialSnsViewController.h */ = {isa = PBXFileReference; fileEncoding = 4; lastKnownFileType = sourcecode.c.h; name = UMSocialSnsViewController.h; path = UI/UMSocialSnsViewController.h; sourceTree = "<group>"; };
		D5F92E6E1749B8AF00EC4F53 /* UMSocialSnsViewController.m */ = {isa = PBXFileReference; fileEncoding = 4; lastKnownFileType = sourcecode.c.objc; name = UMSocialSnsViewController.m; path = UI/UMSocialSnsViewController.m; sourceTree = "<group>"; };
		D5F92E6F1749B8AF00EC4F53 /* UMSocialSnsViewController.xib */ = {isa = PBXFileReference; fileEncoding = 4; lastKnownFileType = file.xib; name = UMSocialSnsViewController.xib; path = UI/UMSocialSnsViewController.xib; sourceTree = "<group>"; };
		D5F92E741749B8F400EC4F53 /* UMSocialLoginViewController.h */ = {isa = PBXFileReference; fileEncoding = 4; lastKnownFileType = sourcecode.c.h; name = UMSocialLoginViewController.h; path = UI/UMSocialLoginViewController.h; sourceTree = "<group>"; };
		D5F92E751749B8F400EC4F53 /* UMSocialLoginViewController.m */ = {isa = PBXFileReference; fileEncoding = 4; lastKnownFileType = sourcecode.c.objc; name = UMSocialLoginViewController.m; path = UI/UMSocialLoginViewController.m; sourceTree = "<group>"; };
		D5F92E761749B8F400EC4F53 /* UMSocialLoginViewController.xib */ = {isa = PBXFileReference; fileEncoding = 4; lastKnownFileType = file.xib; name = UMSocialLoginViewController.xib; path = UI/UMSocialLoginViewController.xib; sourceTree = "<group>"; };
/* End PBXFileReference section */

/* Begin PBXFrameworksBuildPhase section */
		D57436F316082B1200C7AD07 /* Frameworks */ = {
			isa = PBXFrameworksBuildPhase;
			buildActionMask = 2147483647;
			files = (
				D58531E017C1BCE5009E2D27 /* libMobClickLibrary.a in Frameworks */,
				D5E35B4017E994920032AB69 /* libsqlite3.dylib in Frameworks */,
				D5962F3A17CB575C00AD9856 /* libz.dylib in Frameworks */,
				D5962F4517CC526100AD9856 /* libstdc++.dylib in Frameworks */,
				D5962F4417CC525800AD9856 /* CoreTelephony.framework in Frameworks */,
				D53746AD1738CB450093F280 /* CoreGraphics.framework in Frameworks */,
				D5962F4217CC524000AD9856 /* SystemConfiguration.framework in Frameworks */,
				D5962F4117CC523800AD9856 /* libiconv.dylib in Frameworks */,
				D57436FB16082B1200C7AD07 /* UIKit.framework in Frameworks */,
				D57436FD16082B1200C7AD07 /* Foundation.framework in Frameworks */,
				D5798EF018065D7E00B3000E /* TencentOpenAPI.framework in Frameworks */,
				D5798EF218065D7E00B3000E /* libWeChatSDK.a in Frameworks */,
				D5798EF318065D7E00B3000E /* libUMSocial_Sdk_3.1.a in Frameworks */,
				D5798EF418065D7E00B3000E /* libUMSocial_Sdk_Comment_3.1.a in Frameworks */,
			);
			runOnlyForDeploymentPostprocessing = 0;
		};
/* End PBXFrameworksBuildPhase section */

/* Begin PBXGroup section */
		D57436EB16082B1200C7AD07 = {
			isa = PBXGroup;
			children = (
				D574370016082B1200C7AD07 /* UMSocialSDKDemo */,
				D57436F916082B1200C7AD07 /* Frameworks */,
				D57436F716082B1200C7AD07 /* Products */,
				D5EF897B166DEE7A00B2068D /* UMSocialSDKDemo copy-Info.plist */,
			);
			sourceTree = "<group>";
		};
		D57436F716082B1200C7AD07 /* Products */ = {
			isa = PBXGroup;
			children = (
				D57436F616082B1200C7AD07 /* UMSocial.app */,
			);
			name = Products;
			sourceTree = "<group>";
		};
		D57436F916082B1200C7AD07 /* Frameworks */ = {
			isa = PBXGroup;
			children = (
				D58531DD17C1BCE5009E2D27 /* UMAnalytics_Sdk_2.2.0.OpenUDID */,
				D5E35B3B17E982AD0032AB69 /* libsqlite3.0.dylib */,
				D54F814417B217D4007D73AE /* libz.dylib */,
				D54F814217B217CF007D73AE /* libstdc++.dylib */,
				D54F813E17B217BF007D73AE /* libsqlite3.dylib */,
				D58531E817C1DF4D009E2D27 /* CoreTelephony.framework */,
				D54F813C17B217AE007D73AE /* SystemConfiguration.framework */,
				D54F813A17B217A9007D73AE /* libiconv.dylib */,
				D5743850160835A400C7AD07 /* QuartzCore.framework */,
				D574384A1608351300C7AD07 /* MessageUI.framework */,
				D5743848160834FF00C7AD07 /* MapKit.framework */,
				D5743846160834F900C7AD07 /* CoreLocation.framework */,
				D57436FA16082B1200C7AD07 /* UIKit.framework */,
				D57436FC16082B1200C7AD07 /* Foundation.framework */,
				D57436FE16082B1200C7AD07 /* CoreGraphics.framework */,
			);
			name = Frameworks;
			sourceTree = "<group>";
		};
		D574370016082B1200C7AD07 /* UMSocialSDKDemo */ = {
			isa = PBXGroup;
			children = (
				D5798EC918065D7E00B3000E /* UMSocial_Sdk_3.1 */,
				D5EF897C166DF04300B2068D /* UI */,
				D5743852160836C700C7AD07 /* DemoImages */,
				D574370116082B1200C7AD07 /* Supporting Files */,
				D574370916082B1200C7AD07 /* AppDelegate.h */,
				D574370A16082B1200C7AD07 /* AppDelegate.m */,
			);
			path = UMSocialSDKDemo;
			sourceTree = "<group>";
		};
		D574370116082B1200C7AD07 /* Supporting Files */ = {
			isa = PBXGroup;
			children = (
				D596D9B117A8F307008102DD /* Localizable.strings */,
				D5EF8990166DF3E200B2068D /* Default-568h@2x.png */,
				D5EF898F166DF21A00B2068D /* UMSocial_Sdk_Demo-Prefix.pch */,
				D5EF898D166DF1E600B2068D /* UMSocial_Sdk_Demo-Info.plist */,
				D5EF898B166DF1AF00B2068D /* main.m */,
				D5EF897D166DF07E00B2068D /* icon_ipad.png */,
				D5EF897E166DF07E00B2068D /* icon_ipad@2x.png */,
				D5EF897F166DF07E00B2068D /* icon.png */,
				D5EF8980166DF07E00B2068D /* icon@2x.png */,
				D574370316082B1200C7AD07 /* InfoPlist.strings */,
			);
			name = "Supporting Files";
			sourceTree = "<group>";
		};
		D5743852160836C700C7AD07 /* DemoImages */ = {
			isa = PBXGroup;
			children = (
				D534FA75179FC6920067BDCF /* UMS_social_demo.png */,
				D518A99816D39A5100893507 /* UMS_settings@2x.png */,
				D580B33216B3BB7100BF3481 /* UMS_account@2x.png */,
				D580B33316B3BB7100BF3481 /* UMS_bar@2x.png */,
				D580B33416B3BB7100BF3481 /* UMS_comment@2x.png */,
				D580B33516B3BB7100BF3481 /* UMS_mutilBar@2x.png */,
				D580B33616B3BB7100BF3481 /* UMS_share@2x.png */,
			);
			path = DemoImages;
			sourceTree = "<group>";
		};
		D5798EC918065D7E00B3000E /* UMSocial_Sdk_3.1 */ = {
			isa = PBXGroup;
			children = (
				D5798ECA18065D7E00B3000E /* UMSocialLocalizable.strings */,
				D5798ECC18065D7E00B3000E /* frameworks */,
				D5798ED718065D7E00B3000E /* Header */,
				D5798EE218065D7E00B3000E /* libUMSocial_Sdk_3.1.a */,
				D5798EE318065D7E00B3000E /* libUMSocial_Sdk_Comment_3.1.a */,
				D5798EE418065D7E00B3000E /* SocialSDKXib */,
				D5798EED18065D7E00B3000E /* UMSocialSDKResourcesNew.bundle */,
			);
			name = UMSocial_Sdk_3.1;
			path = ../../UMSocial_Sdk_3.1;
			sourceTree = "<group>";
		};
		D5798ECC18065D7E00B3000E /* frameworks */ = {
			isa = PBXGroup;
			children = (
				D5798ECD18065D7E00B3000E /* TencentOpenAPI */,
				D5798ED318065D7E00B3000E /* Wechat */,
			);
			path = frameworks;
			sourceTree = "<group>";
		};
		D5798ECD18065D7E00B3000E /* TencentOpenAPI */ = {
			isa = PBXGroup;
			children = (
				D5798ECE18065D7E00B3000E /* TencentOpenAPI.framework */,
			);
			path = TencentOpenAPI;
			sourceTree = "<group>";
		};
		D5798ED318065D7E00B3000E /* Wechat */ = {
			isa = PBXGroup;
			children = (
				D5798ED418065D7E00B3000E /* libWeChatSDK.a */,
				D5798ED518065D7E00B3000E /* WXApi.h */,
				D5798ED618065D7E00B3000E /* WXApiObject.h */,
			);
			path = Wechat;
			sourceTree = "<group>";
		};
		D5798ED718065D7E00B3000E /* Header */ = {
			isa = PBXGroup;
			children = (
				D5798ED818065D7E00B3000E /* UMSocial.h */,
				D5798ED918065D7E00B3000E /* UMSocialAccountManager.h */,
				D5798EDA18065D7E00B3000E /* UMSocialBar.h */,
				D5798EDB18065D7E00B3000E /* UMSocialConfig.h */,
				D5798EDC18065D7E00B3000E /* UMSocialControllerService.h */,
				D5798EDD18065D7E00B3000E /* UMSocialControllerServiceComment.h */,
				D5798EDE18065D7E00B3000E /* UMSocialData.h */,
				D5798EDF18065D7E00B3000E /* UMSocialDataService.h */,
				D5798EE018065D7E00B3000E /* UMSocialSnsPlatformManager.h */,
				D5798EE118065D7E00B3000E /* UMSocialSnsService.h */,
			);
			path = Header;
			sourceTree = "<group>";
		};
		D5798EE418065D7E00B3000E /* SocialSDKXib */ = {
			isa = PBXGroup;
			children = (
				D5798EE518065D7E00B3000E /* UMSCommentDetailController.xib */,
				D5798EE618065D7E00B3000E /* UMSCommentInputController.xib */,
				D5798EE718065D7E00B3000E /* UMSCommentInputControlleriPad.xib */,
				D5798EE818065D7E00B3000E /* UMShareEditViewController.xib */,
				D5798EE918065D7E00B3000E /* UMShareEditViewControlleriPad.xib */,
				D5798EEA18065D7E00B3000E /* UMSLoginViewController.xib */,
				D5798EEB18065D7E00B3000E /* UMSnsAccountViewController.xib */,
				D5798EEC18065D7E00B3000E /* UMSShareListController.xib */,
			);
			path = SocialSDKXib;
			sourceTree = "<group>";
		};
		D58531DD17C1BCE5009E2D27 /* UMAnalytics_Sdk_2.2.0.OpenUDID */ = {
			isa = PBXGroup;
			children = (
				D58531DE17C1BCE5009E2D27 /* libMobClickLibrary.a */,
				D58531DF17C1BCE5009E2D27 /* MobClick.h */,
			);
			path = UMAnalytics_Sdk_2.2.0.OpenUDID;
			sourceTree = "<group>";
		};
		D5EF897C166DF04300B2068D /* UI */ = {
			isa = PBXGroup;
			children = (
				D5F92E741749B8F400EC4F53 /* UMSocialLoginViewController.h */,
				D5F92E751749B8F400EC4F53 /* UMSocialLoginViewController.m */,
				D5F92E761749B8F400EC4F53 /* UMSocialLoginViewController.xib */,
				D5F92E6A1749B8AE00EC4F53 /* UMSocialBarViewController.h */,
				D5F92E6B1749B8AE00EC4F53 /* UMSocialBarViewController.m */,
				D5F92E6C1749B8AE00EC4F53 /* UMSocialBarViewController.xib */,
				D5F92E6D1749B8AE00EC4F53 /* UMSocialSnsViewController.h */,
				D5F92E6E1749B8AF00EC4F53 /* UMSocialSnsViewController.m */,
				D5F92E6F1749B8AF00EC4F53 /* UMSocialSnsViewController.xib */,
				D580B31116B3B73A00BF3481 /* UMSocialTabBarController.h */,
				D580B31216B3B73A00BF3481 /* UMSocialTabBarController.m */,
			);
			name = UI;
			sourceTree = "<group>";
		};
/* End PBXGroup section */

/* Begin PBXNativeTarget section */
		D57436F516082B1200C7AD07 /* UMSocial_Sdk_Demo */ = {
			isa = PBXNativeTarget;
			buildConfigurationList = D574370E16082B1200C7AD07 /* Build configuration list for PBXNativeTarget "UMSocial_Sdk_Demo" */;
			buildPhases = (
				D57436F216082B1200C7AD07 /* Sources */,
				D57436F316082B1200C7AD07 /* Frameworks */,
				D57436F416082B1200C7AD07 /* Resources */,
			);
			buildRules = (
			);
			dependencies = (
			);
			name = UMSocial_Sdk_Demo;
			productName = UMSocialSDKDemo;
			productReference = D57436F616082B1200C7AD07 /* UMSocial.app */;
			productType = "com.apple.product-type.application";
		};
/* End PBXNativeTarget section */

/* Begin PBXProject section */
		D57436ED16082B1200C7AD07 /* Project object */ = {
			isa = PBXProject;
			attributes = {
				LastUpgradeCheck = 0500;
				ORGANIZATIONNAME = yeahugo;
			};
			buildConfigurationList = D57436F016082B1200C7AD07 /* Build configuration list for PBXProject "UMSocial_Sdk_Demo" */;
			compatibilityVersion = "Xcode 3.2";
			developmentRegion = English;
			hasScannedForEncodings = 0;
			knownRegions = (
				en,
				"zh-Hans",
			);
			mainGroup = D57436EB16082B1200C7AD07;
			productRefGroup = D57436F716082B1200C7AD07 /* Products */;
			projectDirPath = "";
			projectRoot = "";
			targets = (
				D57436F516082B1200C7AD07 /* UMSocial_Sdk_Demo */,
			);
		};
/* End PBXProject section */

/* Begin PBXResourcesBuildPhase section */
		D57436F416082B1200C7AD07 /* Resources */ = {
			isa = PBXResourcesBuildPhase;
			buildActionMask = 2147483647;
			files = (
				D574370516082B1200C7AD07 /* InfoPlist.strings in Resources */,
				D5EF8983166DF07E00B2068D /* icon_ipad.png in Resources */,
				D5EF8984166DF07E00B2068D /* icon_ipad@2x.png in Resources */,
				D5EF8985166DF07E00B2068D /* icon.png in Resources */,
				D5EF8986166DF07E00B2068D /* icon@2x.png in Resources */,
				D5EF8991166DF3E200B2068D /* Default-568h@2x.png in Resources */,
				D580B33716B3BB7100BF3481 /* UMS_account@2x.png in Resources */,
				D580B33816B3BB7100BF3481 /* UMS_bar@2x.png in Resources */,
				D580B33916B3BB7100BF3481 /* UMS_comment@2x.png in Resources */,
				D580B33A16B3BB7100BF3481 /* UMS_mutilBar@2x.png in Resources */,
				D580B33B16B3BB7100BF3481 /* UMS_share@2x.png in Resources */,
				D518A99916D39A5100893507 /* UMS_settings@2x.png in Resources */,
				D5F92E711749B8AF00EC4F53 /* UMSocialBarViewController.xib in Resources */,
				D5F92E731749B8AF00EC4F53 /* UMSocialSnsViewController.xib in Resources */,
				D5F92E781749B8F500EC4F53 /* UMSocialLoginViewController.xib in Resources */,
				D534FA76179FC6920067BDCF /* UMS_social_demo.png in Resources */,
				D5798EEF18065D7E00B3000E /* UMSocialLocalizable.strings in Resources */,
				D5798EF518065D7E00B3000E /* UMSCommentDetailController.xib in Resources */,
				D5798EF618065D7E00B3000E /* UMSCommentInputController.xib in Resources */,
				D5798EF718065D7E00B3000E /* UMSCommentInputControlleriPad.xib in Resources */,
				D5798EF818065D7E00B3000E /* UMShareEditViewController.xib in Resources */,
				D5798EF918065D7E00B3000E /* UMShareEditViewControlleriPad.xib in Resources */,
				D5798EFA18065D7E00B3000E /* UMSLoginViewController.xib in Resources */,
				D5798EFB18065D7E00B3000E /* UMSnsAccountViewController.xib in Resources */,
				D5798EFC18065D7E00B3000E /* UMSShareListController.xib in Resources */,
				D5798EFD18065D7E00B3000E /* UMSocialSDKResourcesNew.bundle in Resources */,
			);
			runOnlyForDeploymentPostprocessing = 0;
		};
/* End PBXResourcesBuildPhase section */

/* Begin PBXSourcesBuildPhase section */
		D57436F216082B1200C7AD07 /* Sources */ = {
			isa = PBXSourcesBuildPhase;
			buildActionMask = 2147483647;
			files = (
				D574370B16082B1200C7AD07 /* AppDelegate.m in Sources */,
				D5EF898C166DF1AF00B2068D /* main.m in Sources */,
				D580B31316B3B73A00BF3481 /* UMSocialTabBarController.m in Sources */,
				D5F92E701749B8AF00EC4F53 /* UMSocialBarViewController.m in Sources */,
				D5F92E721749B8AF00EC4F53 /* UMSocialSnsViewController.m in Sources */,
				D5F92E771749B8F500EC4F53 /* UMSocialLoginViewController.m in Sources */,
			);
			runOnlyForDeploymentPostprocessing = 0;
		};
/* End PBXSourcesBuildPhase section */

/* Begin PBXVariantGroup section */
		D574370316082B1200C7AD07 /* InfoPlist.strings */ = {
			isa = PBXVariantGroup;
			children = (
				D574370416082B1200C7AD07 /* en */,
			);
			name = InfoPlist.strings;
			sourceTree = "<group>";
		};
		D5798ECA18065D7E00B3000E /* UMSocialLocalizable.strings */ = {
			isa = PBXVariantGroup;
			children = (
				D5798ECB18065D7E00B3000E /* en */,
				D5798EEE18065D7E00B3000E /* zh-Hans */,
			);
			name = UMSocialLocalizable.strings;
			sourceTree = "<group>";
		};
		D596D9B117A8F307008102DD /* Localizable.strings */ = {
			isa = PBXVariantGroup;
			children = (
				D596D9B417A8F30F008102DD /* zh-Hans */,
			);
			name = Localizable.strings;
			sourceTree = "<group>";
		};
/* End PBXVariantGroup section */

/* Begin XCBuildConfiguration section */
		D574370C16082B1200C7AD07 /* Debug */ = {
			isa = XCBuildConfiguration;
			buildSettings = {
				ALWAYS_SEARCH_USER_PATHS = NO;
				CLANG_CXX_LANGUAGE_STANDARD = "gnu++0x";
				CLANG_WARN_BOOL_CONVERSION = YES;
				CLANG_WARN_CONSTANT_CONVERSION = YES;
				CLANG_WARN_EMPTY_BODY = YES;
				CLANG_WARN_ENUM_CONVERSION = YES;
				CLANG_WARN_INT_CONVERSION = YES;
				CLANG_WARN__DUPLICATE_METHOD_MATCH = YES;
				CODE_SIGN_IDENTITY = "iPhone Developer: Ray Tap (87EFZF7UQV)";
				"CODE_SIGN_IDENTITY[sdk=iphoneos*]" = "iPhone Developer";
				COPY_PHASE_STRIP = NO;
				FRAMEWORK_SEARCH_PATHS = "";
				GCC_C_LANGUAGE_STANDARD = gnu99;
				GCC_DYNAMIC_NO_PIC = NO;
				GCC_OPTIMIZATION_LEVEL = 0;
				GCC_PREPROCESSOR_DEFINITIONS = (
					"DEBUG=1",
					"$(inherited)",
				);
				GCC_SYMBOLS_PRIVATE_EXTERN = NO;
				GCC_VERSION = com.apple.compilers.llvm.clang.1_0;
				GCC_WARN_ABOUT_RETURN_TYPE = YES;
				GCC_WARN_UNDECLARED_SELECTOR = YES;
				GCC_WARN_UNINITIALIZED_AUTOS = YES;
				GCC_WARN_UNUSED_FUNCTION = YES;
				GCC_WARN_UNUSED_VARIABLE = YES;
				HEADER_SEARCH_PATHS = "";
				IPHONEOS_DEPLOYMENT_TARGET = 4.3;
				ONLY_ACTIVE_ARCH = YES;
				OTHER_LDFLAGS = "";
				PROVISIONING_PROFILE = "D1A6145D-8EDC-4037-8179-CC83B9023597";
				SDKROOT = iphoneos;
			};
			name = Debug;
		};
		D574370D16082B1200C7AD07 /* Release */ = {
			isa = XCBuildConfiguration;
			buildSettings = {
				ALWAYS_SEARCH_USER_PATHS = NO;
				CLANG_CXX_LANGUAGE_STANDARD = "gnu++0x";
				CLANG_WARN_BOOL_CONVERSION = YES;
				CLANG_WARN_CONSTANT_CONVERSION = YES;
				CLANG_WARN_EMPTY_BODY = YES;
				CLANG_WARN_ENUM_CONVERSION = YES;
				CLANG_WARN_INT_CONVERSION = YES;
				CLANG_WARN__DUPLICATE_METHOD_MATCH = YES;
				CODE_SIGN_IDENTITY = "iPhone Developer: Ray Tap (87EFZF7UQV)";
				"CODE_SIGN_IDENTITY[sdk=iphoneos*]" = "iPhone Developer";
				COPY_PHASE_STRIP = YES;
				FRAMEWORK_SEARCH_PATHS = "";
				GCC_C_LANGUAGE_STANDARD = gnu99;
				GCC_VERSION = com.apple.compilers.llvm.clang.1_0;
				GCC_WARN_ABOUT_RETURN_TYPE = YES;
				GCC_WARN_UNDECLARED_SELECTOR = YES;
				GCC_WARN_UNINITIALIZED_AUTOS = YES;
				GCC_WARN_UNUSED_FUNCTION = YES;
				GCC_WARN_UNUSED_VARIABLE = YES;
				HEADER_SEARCH_PATHS = "";
				IPHONEOS_DEPLOYMENT_TARGET = 4.3;
				OTHER_CFLAGS = "-DNS_BLOCK_ASSERTIONS=1";
				OTHER_LDFLAGS = "";
				PROVISIONING_PROFILE = "D1A6145D-8EDC-4037-8179-CC83B9023597";
				SDKROOT = iphoneos;
				VALIDATE_PRODUCT = YES;
			};
			name = Release;
		};
		D574370F16082B1200C7AD07 /* Debug */ = {
			isa = XCBuildConfiguration;
			buildSettings = {
				CLANG_ENABLE_OBJC_ARC = YES;
				FRAMEWORK_SEARCH_PATHS = (
					"$(inherited)",
					"\"$(SRCROOT)/../UMSocial_Sdk_3.1/frameworks/TencentOpenAPI\"",
				);
				GCC_PRECOMPILE_PREFIX_HEADER = YES;
				GCC_PREFIX_HEADER = "UMSocialSDKDemo/UMSocial_Sdk_Demo-Prefix.pch";
				GCC_TREAT_WARNINGS_AS_ERRORS = NO;
				GCC_VERSION = com.apple.compilers.llvm.clang.1_0;
				GCC_WARN_ABOUT_DEPRECATED_FUNCTIONS = NO;
				HEADER_SEARCH_PATHS = "";
				INFOPLIST_FILE = "UMSocialSDKDemo/UMSocial_Sdk_Demo-Info.plist";
				IPHONEOS_DEPLOYMENT_TARGET = 4.3;
				LIBRARY_SEARCH_PATHS = (
					"$(inherited)",
					"\"$(SRCROOT)/UMAnalytics_Sdk_2.2.0.OpenUDID\"",
					"\"$(SRCROOT)/../UMSocial_Sdk_3.1/frameworks/Wechat\"",
					"\"$(SRCROOT)/../UMSocial_Sdk_3.1\"",
				);
				OTHER_LDFLAGS = "";
				PRODUCT_NAME = UMSocial;
				RUN_CLANG_STATIC_ANALYZER = YES;
				TARGETED_DEVICE_FAMILY = "1,2";
				VALID_ARCHS = "armv7 armv7s";
				WRAPPER_EXTENSION = app;
			};
			name = Debug;
		};
		D574371016082B1200C7AD07 /* Release */ = {
			isa = XCBuildConfiguration;
			buildSettings = {
				CLANG_ENABLE_OBJC_ARC = YES;
				FRAMEWORK_SEARCH_PATHS = (
					"$(inherited)",
					"\"$(SRCROOT)/../UMSocial_Sdk_3.1/frameworks/TencentOpenAPI\"",
				);
				GCC_PRECOMPILE_PREFIX_HEADER = YES;
				GCC_PREFIX_HEADER = "UMSocialSDKDemo/UMSocial_Sdk_Demo-Prefix.pch";
				GCC_TREAT_WARNINGS_AS_ERRORS = NO;
				GCC_VERSION = com.apple.compilers.llvm.clang.1_0;
				GCC_WARN_ABOUT_DEPRECATED_FUNCTIONS = NO;
				HEADER_SEARCH_PATHS = "";
				INFOPLIST_FILE = "UMSocialSDKDemo/UMSocial_Sdk_Demo-Info.plist";
				IPHONEOS_DEPLOYMENT_TARGET = 4.3;
				LIBRARY_SEARCH_PATHS = (
					"$(inherited)",
					"\"$(SRCROOT)/UMAnalytics_Sdk_2.2.0.OpenUDID\"",
					"\"$(SRCROOT)/../UMSocial_Sdk_3.1/frameworks/Wechat\"",
					"\"$(SRCROOT)/../UMSocial_Sdk_3.1\"",
				);
				OTHER_LDFLAGS = "";
				PRODUCT_NAME = UMSocial;
				RUN_CLANG_STATIC_ANALYZER = YES;
				TARGETED_DEVICE_FAMILY = "1,2";
				VALID_ARCHS = "armv7 armv7s";
				WRAPPER_EXTENSION = app;
			};
			name = Release;
		};
/* End XCBuildConfiguration section */

/* Begin XCConfigurationList section */
		D57436F016082B1200C7AD07 /* Build configuration list for PBXProject "UMSocial_Sdk_Demo" */ = {
			isa = XCConfigurationList;
			buildConfigurations = (
				D574370C16082B1200C7AD07 /* Debug */,
				D574370D16082B1200C7AD07 /* Release */,
			);
			defaultConfigurationIsVisible = 0;
			defaultConfigurationName = Release;
		};
		D574370E16082B1200C7AD07 /* Build configuration list for PBXNativeTarget "UMSocial_Sdk_Demo" */ = {
			isa = XCConfigurationList;
			buildConfigurations = (
				D574370F16082B1200C7AD07 /* Debug */,
				D574371016082B1200C7AD07 /* Release */,
			);
			defaultConfigurationIsVisible = 0;
			defaultConfigurationName = Release;
		};
/* End XCConfigurationList section */
	};
	rootObject = D57436ED16082B1200C7AD07 /* Project object */;
}
