// !$*UTF8*$!
{
	archiveVersion = 1;
	classes = {
	};
	objectVersion = 46;
	objects = {

/* Begin PBXBuildFile section */
		D5017FF918FBD9140069E681 /* Social.framework in Frameworks */ = {isa = PBXBuildFile; fileRef = D5017FF818FBD9140069E681 /* Social.framework */; };
		D5017FFB18FBD91A0069E681 /* Accounts.framework in Frameworks */ = {isa = PBXBuildFile; fileRef = D5017FFA18FBD91A0069E681 /* Accounts.framework */; };
		D5049E2A18AB0FEC00AC5A98 /* libSocialWechat.a in Frameworks */ = {isa = PBXBuildFile; fileRef = D5049E2918AB0FEC00AC5A98 /* libSocialWechat.a */; };
		D5049E3118AB669700AC5A98 /* libSocialYiXin.a in Frameworks */ = {isa = PBXBuildFile; fileRef = D5049E3018AB669700AC5A98 /* libSocialYiXin.a */; };
		D51358D919E7815600245FE7 /* libSocialLine.a in Frameworks */ = {isa = PBXBuildFile; fileRef = D51358D119E7815600245FE7 /* libSocialLine.a */; };
		D51358DA19E7815600245FE7 /* libSocialTumblr.a in Frameworks */ = {isa = PBXBuildFile; fileRef = D51358D419E7815600245FE7 /* libSocialTumblr.a */; };
		D51358DB19E7815700245FE7 /* libSocialWhatsapp.a in Frameworks */ = {isa = PBXBuildFile; fileRef = D51358D719E7815600245FE7 /* libSocialWhatsapp.a */; };
		D518A99916D39A5100893507 /* UMS_settings@2x.png in Resources */ = {isa = PBXBuildFile; fileRef = D518A99816D39A5100893507 /* UMS_settings@2x.png */; };
		D51DE56E18F7EC890048793E /* libSocialQQ.a in Frameworks */ = {isa = PBXBuildFile; fileRef = D536BA1918F6843A00EBBA4B /* libSocialQQ.a */; };
		D534FA76179FC6920067BDCF /* UMS_social_demo.png in Resources */ = {isa = PBXBuildFile; fileRef = D534FA75179FC6920067BDCF /* UMS_social_demo.png */; };
		D53746AD1738CB450093F280 /* CoreGraphics.framework in Frameworks */ = {isa = PBXBuildFile; fileRef = D57436FE16082B1200C7AD07 /* CoreGraphics.framework */; };
		D53D04C4185AB99100CA655F /* Foundation.framework in Frameworks */ = {isa = PBXBuildFile; fileRef = D57436FC16082B1200C7AD07 /* Foundation.framework */; };
		D53D04C5185AB99100CA655F /* CoreGraphics.framework in Frameworks */ = {isa = PBXBuildFile; fileRef = D57436FE16082B1200C7AD07 /* CoreGraphics.framework */; };
		D53D04C6185AB99100CA655F /* UIKit.framework in Frameworks */ = {isa = PBXBuildFile; fileRef = D57436FA16082B1200C7AD07 /* UIKit.framework */; };
		D53D04CE185AB99100CA655F /* main.m in Sources */ = {isa = PBXBuildFile; fileRef = D53D04CD185AB99100CA655F /* main.m */; };
		D53D04D2185AB99100CA655F /* AppDelegate.m in Sources */ = {isa = PBXBuildFile; fileRef = D53D04D1185AB99100CA655F /* AppDelegate.m */; };
		D53D04D4185AB99100CA655F /* Images.xcassets in Resources */ = {isa = PBXBuildFile; fileRef = D53D04D3185AB99100CA655F /* Images.xcassets */; };
		D53D04F6185ABBC500CA655F /* MediaPlayerDemoViewController.m in Sources */ = {isa = PBXBuildFile; fileRef = D53D04F4185ABBC500CA655F /* MediaPlayerDemoViewController.m */; };
		D53D04F7185ABBC500CA655F /* MediaPlayerDemoViewController.xib in Resources */ = {isa = PBXBuildFile; fileRef = D53D04F5185ABBC500CA655F /* MediaPlayerDemoViewController.xib */; };
		D53D04FE185ACAC400CA655F /* Movie.m4v in Resources */ = {isa = PBXBuildFile; fileRef = D53D04FD185ACAC400CA655F /* Movie.m4v */; };
		D53D053F185ADEA100CA655F /* Security.framework in Frameworks */ = {isa = PBXBuildFile; fileRef = D5E934A118472B8C008D396C /* Security.framework */; };
		D53D0540185ADEBB00CA655F /* libsqlite3.dylib in Frameworks */ = {isa = PBXBuildFile; fileRef = D54F813E17B217BF007D73AE /* libsqlite3.dylib */; };
		D53D0541185ADEF000CA655F /* libstdc++.dylib in Frameworks */ = {isa = PBXBuildFile; fileRef = D54F814217B217CF007D73AE /* libstdc++.dylib */; };
		D53D0542185ADEF500CA655F /* QuartzCore.framework in Frameworks */ = {isa = PBXBuildFile; fileRef = D5743850160835A400C7AD07 /* QuartzCore.framework */; };
		D53D0543185ADF1100CA655F /* libz.dylib in Frameworks */ = {isa = PBXBuildFile; fileRef = D54F814417B217D4007D73AE /* libz.dylib */; };
		D53D0544185ADF1800CA655F /* CoreTelephony.framework in Frameworks */ = {isa = PBXBuildFile; fileRef = D58531E817C1DF4D009E2D27 /* CoreTelephony.framework */; };
		D53D0545185ADF2900CA655F /* SystemConfiguration.framework in Frameworks */ = {isa = PBXBuildFile; fileRef = D54F813C17B217AE007D73AE /* SystemConfiguration.framework */; };
		D53D0546185ADF3400CA655F /* libiconv.dylib in Frameworks */ = {isa = PBXBuildFile; fileRef = D54F813A17B217A9007D73AE /* libiconv.dylib */; };
		D571F73C188E5C8D00B97C13 /* libSocialInstagram.a in Frameworks */ = {isa = PBXBuildFile; fileRef = D571F725188E5C8D00B97C13 /* libSocialInstagram.a */; };
		D571F740188E5C8E00B97C13 /* libSocialTwitter.a in Frameworks */ = {isa = PBXBuildFile; fileRef = D571F72E188E5C8D00B97C13 /* libSocialTwitter.a */; };
		D571F741188E5C8E00B97C13 /* ios-social-sdk-shake.html in Resources */ = {isa = PBXBuildFile; fileRef = D571F731188E5C8D00B97C13 /* ios-social-sdk-shake.html */; };
		D571F742188E5C8E00B97C13 /* libUMSocial_Sdk_ScreenShot_1.0.a in Frameworks */ = {isa = PBXBuildFile; fileRef = D571F732188E5C8D00B97C13 /* libUMSocial_Sdk_ScreenShot_1.0.a */; };
		D571F743188E5C8E00B97C13 /* ios-social-sdk-shake.html in Resources */ = {isa = PBXBuildFile; fileRef = D571F735188E5C8D00B97C13 /* ios-social-sdk-shake.html */; };
		D571F744188E5C8E00B97C13 /* libUMSocial_Sdk_Shake_1.0.a in Frameworks */ = {isa = PBXBuildFile; fileRef = D571F736188E5C8D00B97C13 /* libUMSocial_Sdk_Shake_1.0.a */; };
		D573498319CAFD060050888E /* TencentOpenAPI.framework in Frameworks */ = {isa = PBXBuildFile; fileRef = D592FDF218EA8B5D0073656D /* TencentOpenAPI.framework */; };
		D57436FB16082B1200C7AD07 /* UIKit.framework in Frameworks */ = {isa = PBXBuildFile; fileRef = D57436FA16082B1200C7AD07 /* UIKit.framework */; };
		D57436FD16082B1200C7AD07 /* Foundation.framework in Frameworks */ = {isa = PBXBuildFile; fileRef = D57436FC16082B1200C7AD07 /* Foundation.framework */; };
		D574370516082B1200C7AD07 /* InfoPlist.strings in Resources */ = {isa = PBXBuildFile; fileRef = D574370316082B1200C7AD07 /* InfoPlist.strings */; };
		D574370B16082B1200C7AD07 /* AppDelegate.m in Sources */ = {isa = PBXBuildFile; fileRef = D574370A16082B1200C7AD07 /* AppDelegate.m */; };
		D57C5DEA1A2EAAB6005C425A /* libSocialLaiWang.a in Frameworks */ = {isa = PBXBuildFile; fileRef = D57C5DE81A2EAAB6005C425A /* libSocialLaiWang.a */; };
		D57C5DEB1A2EAAB6005C425A /* libSocialLaiWang.a in Frameworks */ = {isa = PBXBuildFile; fileRef = D57C5DE81A2EAAB6005C425A /* libSocialLaiWang.a */; };
		D57FC27919F0BE0D00653472 /* libYixinSDK_V2.2.a in Frameworks */ = {isa = PBXBuildFile; fileRef = D57FC27619F0BE0D00653472 /* libYixinSDK_V2.2.a */; };
		D580B31316B3B73A00BF3481 /* UMSocialTabBarController.m in Sources */ = {isa = PBXBuildFile; fileRef = D580B31216B3B73A00BF3481 /* UMSocialTabBarController.m */; };
		D580B33716B3BB7100BF3481 /* UMS_account@2x.png in Resources */ = {isa = PBXBuildFile; fileRef = D580B33216B3BB7100BF3481 /* UMS_account@2x.png */; };
		D580B33816B3BB7100BF3481 /* UMS_bar@2x.png in Resources */ = {isa = PBXBuildFile; fileRef = D580B33316B3BB7100BF3481 /* UMS_bar@2x.png */; };
		D580B33916B3BB7100BF3481 /* UMS_comment@2x.png in Resources */ = {isa = PBXBuildFile; fileRef = D580B33416B3BB7100BF3481 /* UMS_comment@2x.png */; };
		D580B33A16B3BB7100BF3481 /* UMS_mutilBar@2x.png in Resources */ = {isa = PBXBuildFile; fileRef = D580B33516B3BB7100BF3481 /* UMS_mutilBar@2x.png */; };
		D580B33B16B3BB7100BF3481 /* UMS_share@2x.png in Resources */ = {isa = PBXBuildFile; fileRef = D580B33616B3BB7100BF3481 /* UMS_share@2x.png */; };
		D58121DA188E5DB700E6B7F0 /* libUMSocial_Sdk_Shake_1.0.a in Frameworks */ = {isa = PBXBuildFile; fileRef = D571F736188E5C8D00B97C13 /* libUMSocial_Sdk_Shake_1.0.a */; };
		D58121DB188E5DC100E6B7F0 /* libUMSocial_Sdk_ScreenShot_1.0.a in Frameworks */ = {isa = PBXBuildFile; fileRef = D571F732188E5C8D00B97C13 /* libUMSocial_Sdk_ScreenShot_1.0.a */; };
		D5877E4E1961451D00331F08 /* libSocialSina.a in Frameworks */ = {isa = PBXBuildFile; fileRef = D5877E491961451D00331F08 /* libSocialSina.a */; };
		D58DC8901A2C533F00A154AC /* UMSocialLocalizable.strings in Resources */ = {isa = PBXBuildFile; fileRef = D58DC8731A2C533E00A154AC /* UMSocialLocalizable.strings */; };
		D58DC8911A2C533F00A154AC /* libUMSocial_Sdk_4.2.1.a in Frameworks */ = {isa = PBXBuildFile; fileRef = D58DC8811A2C533F00A154AC /* libUMSocial_Sdk_4.2.1.a */; };
		D58DC8931A2C533F00A154AC /* libUMSocial_Sdk_Comment_4.2.1.a in Frameworks */ = {isa = PBXBuildFile; fileRef = D58DC8831A2C533F00A154AC /* libUMSocial_Sdk_Comment_4.2.1.a */; };
		D58DC8951A2C533F00A154AC /* UMSCommentDetailController.xib in Resources */ = {isa = PBXBuildFile; fileRef = D58DC8861A2C533F00A154AC /* UMSCommentDetailController.xib */; };
		D58DC8961A2C533F00A154AC /* UMSCommentInputController.xib in Resources */ = {isa = PBXBuildFile; fileRef = D58DC8871A2C533F00A154AC /* UMSCommentInputController.xib */; };
		D58DC8971A2C533F00A154AC /* UMSCommentInputControlleriPad.xib in Resources */ = {isa = PBXBuildFile; fileRef = D58DC8881A2C533F00A154AC /* UMSCommentInputControlleriPad.xib */; };
		D58DC8981A2C533F00A154AC /* UMShareEditViewController.xib in Resources */ = {isa = PBXBuildFile; fileRef = D58DC8891A2C533F00A154AC /* UMShareEditViewController.xib */; };
		D58DC8991A2C533F00A154AC /* UMShareEditViewControlleriPad.xib in Resources */ = {isa = PBXBuildFile; fileRef = D58DC88A1A2C533F00A154AC /* UMShareEditViewControlleriPad.xib */; };
		D58DC89A1A2C533F00A154AC /* UMSLoginViewController.xib in Resources */ = {isa = PBXBuildFile; fileRef = D58DC88B1A2C533F00A154AC /* UMSLoginViewController.xib */; };
		D58DC89B1A2C533F00A154AC /* UMSnsAccountViewController.xib in Resources */ = {isa = PBXBuildFile; fileRef = D58DC88C1A2C533F00A154AC /* UMSnsAccountViewController.xib */; };
		D58DC89C1A2C533F00A154AC /* UMSShareListController.xib in Resources */ = {isa = PBXBuildFile; fileRef = D58DC88D1A2C533F00A154AC /* UMSShareListController.xib */; };
		D58DC89D1A2C533F00A154AC /* UMSocialSDKResourcesNew.bundle in Resources */ = {isa = PBXBuildFile; fileRef = D58DC88E1A2C533F00A154AC /* UMSocialSDKResourcesNew.bundle */; };
		D58DC89E1A2C53AC00A154AC /* libUMSocial_Sdk_4.2.1.a in Frameworks */ = {isa = PBXBuildFile; fileRef = D58DC8811A2C533F00A154AC /* libUMSocial_Sdk_4.2.1.a */; };
		D58DC89F1A2C53E100A154AC /* UMSocialSDKResourcesNew.bundle in Resources */ = {isa = PBXBuildFile; fileRef = D58DC88E1A2C533F00A154AC /* UMSocialSDKResourcesNew.bundle */; };
		D58DC8A01A2C540300A154AC /* UMSocialLocalizable.strings in Resources */ = {isa = PBXBuildFile; fileRef = D58DC8731A2C533E00A154AC /* UMSocialLocalizable.strings */; };
		D592FDF618EA8B5D0073656D /* TencentOpenAPI.framework in Frameworks */ = {isa = PBXBuildFile; fileRef = D592FDF218EA8B5D0073656D /* TencentOpenAPI.framework */; };
		D592FDF718EA8B5D0073656D /* TencentOpenApi_IOS_Bundle.bundle in Resources */ = {isa = PBXBuildFile; fileRef = D592FDF318EA8B5D0073656D /* TencentOpenApi_IOS_Bundle.bundle */; };
		D592FDF818EA8C710073656D /* libSocialQQ.a in Frameworks */ = {isa = PBXBuildFile; fileRef = D592FDF118EA8B5D0073656D /* libSocialQQ.a */; };
		D594119119A606FD0046F827 /* libSocialFacebook.a in Frameworks */ = {isa = PBXBuildFile; fileRef = D594119019A606FD0046F827 /* libSocialFacebook.a */; };
		D5962F3A17CB575C00AD9856 /* libz.dylib in Frameworks */ = {isa = PBXBuildFile; fileRef = D54F814417B217D4007D73AE /* libz.dylib */; };
		D5962F4117CC523800AD9856 /* libiconv.dylib in Frameworks */ = {isa = PBXBuildFile; fileRef = D54F813A17B217A9007D73AE /* libiconv.dylib */; };
		D5962F4217CC524000AD9856 /* SystemConfiguration.framework in Frameworks */ = {isa = PBXBuildFile; fileRef = D54F813C17B217AE007D73AE /* SystemConfiguration.framework */; };
		D5962F4417CC525800AD9856 /* CoreTelephony.framework in Frameworks */ = {isa = PBXBuildFile; fileRef = D58531E817C1DF4D009E2D27 /* CoreTelephony.framework */; };
		D5962F4517CC526100AD9856 /* libstdc++.dylib in Frameworks */ = {isa = PBXBuildFile; fileRef = D54F814217B217CF007D73AE /* libstdc++.dylib */; };
		D5C2137C184ED80E003927C4 /* OpenGLES.framework in Frameworks */ = {isa = PBXBuildFile; fileRef = D5CB5ECE184DE96B00802F70 /* OpenGLES.framework */; };
		D5CA6CBD18F8068D0020E01A /* TencentOpenApi_IOS_Bundle.bundle in Resources */ = {isa = PBXBuildFile; fileRef = D592FDF318EA8B5D0073656D /* TencentOpenApi_IOS_Bundle.bundle */; };
		D5CB5ED0184DE9B700802F70 /* QuartzCore.framework in Frameworks */ = {isa = PBXBuildFile; fileRef = D5743850160835A400C7AD07 /* QuartzCore.framework */; };
		D5D8CAB0187ABA00008B88E5 /* libMobClickLibrary.a in Frameworks */ = {isa = PBXBuildFile; fileRef = D5D8CAAF187ABA00008B88E5 /* libMobClickLibrary.a */; };
		D5E35B4017E994920032AB69 /* libsqlite3.dylib in Frameworks */ = {isa = PBXBuildFile; fileRef = D54F813E17B217BF007D73AE /* libsqlite3.dylib */; };
		D5E81DDA18D04CC100F92E32 /* libSocialWechat.a in Frameworks */ = {isa = PBXBuildFile; fileRef = D5E81DD518D04CC100F92E32 /* libSocialWechat.a */; };
		D5E81DDB18D04CC100F92E32 /* libWeChatSDK.a in Frameworks */ = {isa = PBXBuildFile; fileRef = D5E81DD618D04CC100F92E32 /* libWeChatSDK.a */; };
		D5E81DDE18D05A9D00F92E32 /* libSocialWechat.a in Frameworks */ = {isa = PBXBuildFile; fileRef = D5E81DD518D04CC100F92E32 /* libSocialWechat.a */; };
		D5E81DDF18D05A9D00F92E32 /* libWeChatSDK.a in Frameworks */ = {isa = PBXBuildFile; fileRef = D5E81DD618D04CC100F92E32 /* libWeChatSDK.a */; };
		D5E934A218472B8C008D396C /* Security.framework in Frameworks */ = {isa = PBXBuildFile; fileRef = D5E934A118472B8C008D396C /* Security.framework */; };
		D5EF8983166DF07E00B2068D /* icon_ipad.png in Resources */ = {isa = PBXBuildFile; fileRef = D5EF897D166DF07E00B2068D /* icon_ipad.png */; };
		D5EF8984166DF07E00B2068D /* icon_ipad@2x.png in Resources */ = {isa = PBXBuildFile; fileRef = D5EF897E166DF07E00B2068D /* icon_ipad@2x.png */; };
		D5EF8985166DF07E00B2068D /* icon.png in Resources */ = {isa = PBXBuildFile; fileRef = D5EF897F166DF07E00B2068D /* icon.png */; };
		D5EF8986166DF07E00B2068D /* icon@2x.png in Resources */ = {isa = PBXBuildFile; fileRef = D5EF8980166DF07E00B2068D /* icon@2x.png */; };
		D5EF898C166DF1AF00B2068D /* main.m in Sources */ = {isa = PBXBuildFile; fileRef = D5EF898B166DF1AF00B2068D /* main.m */; };
		D5EF8991166DF3E200B2068D /* Default-568h@2x.png in Resources */ = {isa = PBXBuildFile; fileRef = D5EF8990166DF3E200B2068D /* Default-568h@2x.png */; };
		D5F92E701749B8AF00EC4F53 /* UMSocialBarViewController.m in Sources */ = {isa = PBXBuildFile; fileRef = D5F92E6B1749B8AE00EC4F53 /* UMSocialBarViewController.m */; };
		D5F92E711749B8AF00EC4F53 /* UMSocialBarViewController.xib in Resources */ = {isa = PBXBuildFile; fileRef = D5F92E6C1749B8AE00EC4F53 /* UMSocialBarViewController.xib */; };
		D5F92E721749B8AF00EC4F53 /* UMSocialSnsViewController.m in Sources */ = {isa = PBXBuildFile; fileRef = D5F92E6E1749B8AF00EC4F53 /* UMSocialSnsViewController.m */; };
		D5F92E731749B8AF00EC4F53 /* UMSocialSnsViewController.xib in Resources */ = {isa = PBXBuildFile; fileRef = D5F92E6F1749B8AF00EC4F53 /* UMSocialSnsViewController.xib */; };
		D5F92E771749B8F500EC4F53 /* UMSocialLoginViewController.m in Sources */ = {isa = PBXBuildFile; fileRef = D5F92E751749B8F400EC4F53 /* UMSocialLoginViewController.m */; };
		D5F92E781749B8F500EC4F53 /* UMSocialLoginViewController.xib in Resources */ = {isa = PBXBuildFile; fileRef = D5F92E761749B8F400EC4F53 /* UMSocialLoginViewController.xib */; };
/* End PBXBuildFile section */

/* Begin PBXFileReference section */
		D5017FF818FBD9140069E681 /* Social.framework */ = {isa = PBXFileReference; lastKnownFileType = wrapper.framework; name = Social.framework; path = System/Library/Frameworks/Social.framework; sourceTree = SDKROOT; };
		D5017FFA18FBD91A0069E681 /* Accounts.framework */ = {isa = PBXFileReference; lastKnownFileType = wrapper.framework; name = Accounts.framework; path = System/Library/Frameworks/Accounts.framework; sourceTree = SDKROOT; };
		D5049E2918AB0FEC00AC5A98 /* libSocialWechat.a */ = {isa = PBXFileReference; lastKnownFileType = archive.ar; name = libSocialWechat.a; path = ../UMSocial_Sdk_Extra_Frameworks/Wechat/libSocialWechat.a; sourceTree = "<group>"; };
		D5049E3018AB669700AC5A98 /* libSocialYiXin.a */ = {isa = PBXFileReference; lastKnownFileType = archive.ar; path = libSocialYiXin.a; sourceTree = "<group>"; };
		D51358D119E7815600245FE7 /* libSocialLine.a */ = {isa = PBXFileReference; lastKnownFileType = archive.ar; path = libSocialLine.a; sourceTree = "<group>"; };
		D51358D219E7815600245FE7 /* UMSocialLineHandler.h */ = {isa = PBXFileReference; fileEncoding = 4; lastKnownFileType = sourcecode.c.h; path = UMSocialLineHandler.h; sourceTree = "<group>"; };
		D51358D419E7815600245FE7 /* libSocialTumblr.a */ = {isa = PBXFileReference; lastKnownFileType = archive.ar; path = libSocialTumblr.a; sourceTree = "<group>"; };
		D51358D519E7815600245FE7 /* UMSocialTumblrHandler.h */ = {isa = PBXFileReference; fileEncoding = 4; lastKnownFileType = sourcecode.c.h; path = UMSocialTumblrHandler.h; sourceTree = "<group>"; };
		D51358D719E7815600245FE7 /* libSocialWhatsapp.a */ = {isa = PBXFileReference; lastKnownFileType = archive.ar; path = libSocialWhatsapp.a; sourceTree = "<group>"; };
		D51358D819E7815600245FE7 /* UMSocialWhatsappHandler.h */ = {isa = PBXFileReference; fileEncoding = 4; lastKnownFileType = sourcecode.c.h; path = UMSocialWhatsappHandler.h; sourceTree = "<group>"; };
		D518A99816D39A5100893507 /* UMS_settings@2x.png */ = {isa = PBXFileReference; lastKnownFileType = image.png; path = "UMS_settings@2x.png"; sourceTree = "<group>"; };
		D52EA6AE19F75E0C003B58AD /* libUMSocial_Sdk_4.2.a */ = {isa = PBXFileReference; lastKnownFileType = archive.ar; name = libUMSocial_Sdk_4.2.a; path = ../UMSocial_Sdk_4.2/libUMSocial_Sdk_4.2.a; sourceTree = "<group>"; };
		D5308B1419D2BCF3007697EB /* UMSocial_Sdk_Shake_Demo copy-Info.plist */ = {isa = PBXFileReference; lastKnownFileType = text.plist.xml; name = "UMSocial_Sdk_Shake_Demo copy-Info.plist"; path = "/Users/yeahugo/Documents/project/SocialiOSSDK/UMSocial_Sdk_Demo/UMSocial_Sdk_Shake_Demo copy-Info.plist"; sourceTree = "<absolute>"; };
		D534FA75179FC6920067BDCF /* UMS_social_demo.png */ = {isa = PBXFileReference; lastKnownFileType = image.png; path = UMS_social_demo.png; sourceTree = "<group>"; };
		D536BA1918F6843A00EBBA4B /* libSocialQQ.a */ = {isa = PBXFileReference; lastKnownFileType = archive.ar; name = libSocialQQ.a; path = ../UMSocial_Sdk_Extra_Frameworks/TencentOpenAPI/libSocialQQ.a; sourceTree = "<group>"; };
		D53D04C3185AB99100CA655F /* UMSocial_Sdk_Shake_Demo.app */ = {isa = PBXFileReference; explicitFileType = wrapper.application; includeInIndex = 0; path = UMSocial_Sdk_Shake_Demo.app; sourceTree = BUILT_PRODUCTS_DIR; };
		D53D04C9185AB99100CA655F /* UMSocial_Sdk_Shake_Demo-Info.plist */ = {isa = PBXFileReference; lastKnownFileType = text.plist.xml; path = "UMSocial_Sdk_Shake_Demo-Info.plist"; sourceTree = "<group>"; };
		D53D04CB185AB99100CA655F /* en */ = {isa = PBXFileReference; lastKnownFileType = text.plist.strings; name = en; path = en.lproj/InfoPlist.strings; sourceTree = "<group>"; };
		D53D04CD185AB99100CA655F /* main.m */ = {isa = PBXFileReference; lastKnownFileType = sourcecode.c.objc; path = main.m; sourceTree = "<group>"; };
		D53D04CF185AB99100CA655F /* UMSocial_Sdk_Shake_Demo-Prefix.pch */ = {isa = PBXFileReference; lastKnownFileType = sourcecode.c.h; path = "UMSocial_Sdk_Shake_Demo-Prefix.pch"; sourceTree = "<group>"; };
		D53D04D0185AB99100CA655F /* AppDelegate.h */ = {isa = PBXFileReference; lastKnownFileType = sourcecode.c.h; path = AppDelegate.h; sourceTree = "<group>"; };
		D53D04D1185AB99100CA655F /* AppDelegate.m */ = {isa = PBXFileReference; lastKnownFileType = sourcecode.c.objc; path = AppDelegate.m; sourceTree = "<group>"; };
		D53D04D3185AB99100CA655F /* Images.xcassets */ = {isa = PBXFileReference; lastKnownFileType = folder.assetcatalog; path = Images.xcassets; sourceTree = "<group>"; };
		D53D04DA185AB99100CA655F /* XCTest.framework */ = {isa = PBXFileReference; lastKnownFileType = wrapper.framework; name = XCTest.framework; path = Library/Frameworks/XCTest.framework; sourceTree = DEVELOPER_DIR; };
		D53D04F3185ABBC500CA655F /* MediaPlayerDemoViewController.h */ = {isa = PBXFileReference; fileEncoding = 4; lastKnownFileType = sourcecode.c.h; name = MediaPlayerDemoViewController.h; path = UI/MediaPlayerDemoViewController.h; sourceTree = "<group>"; };
		D53D04F4185ABBC500CA655F /* MediaPlayerDemoViewController.m */ = {isa = PBXFileReference; fileEncoding = 4; lastKnownFileType = sourcecode.c.objc; name = MediaPlayerDemoViewController.m; path = UI/MediaPlayerDemoViewController.m; sourceTree = "<group>"; };
		D53D04F5185ABBC500CA655F /* MediaPlayerDemoViewController.xib */ = {isa = PBXFileReference; fileEncoding = 4; lastKnownFileType = file.xib; name = MediaPlayerDemoViewController.xib; path = UI/MediaPlayerDemoViewController.xib; sourceTree = "<group>"; };
		D53D04FD185ACAC400CA655F /* Movie.m4v */ = {isa = PBXFileReference; lastKnownFileType = file; path = Movie.m4v; sourceTree = "<group>"; };
		D54F813A17B217A9007D73AE /* libiconv.dylib */ = {isa = PBXFileReference; lastKnownFileType = "compiled.mach-o.dylib"; name = libiconv.dylib; path = usr/lib/libiconv.dylib; sourceTree = SDKROOT; };
		D54F813C17B217AE007D73AE /* SystemConfiguration.framework */ = {isa = PBXFileReference; lastKnownFileType = wrapper.framework; name = SystemConfiguration.framework; path = System/Library/Frameworks/SystemConfiguration.framework; sourceTree = SDKROOT; };
		D54F813E17B217BF007D73AE /* libsqlite3.dylib */ = {isa = PBXFileReference; lastKnownFileType = "compiled.mach-o.dylib"; name = libsqlite3.dylib; path = usr/lib/libsqlite3.dylib; sourceTree = SDKROOT; };
		D54F814217B217CF007D73AE /* libstdc++.dylib */ = {isa = PBXFileReference; lastKnownFileType = "compiled.mach-o.dylib"; name = "libstdc++.dylib"; path = "usr/lib/libstdc++.dylib"; sourceTree = SDKROOT; };
		D54F814417B217D4007D73AE /* libz.dylib */ = {isa = PBXFileReference; lastKnownFileType = "compiled.mach-o.dylib"; name = libz.dylib; path = usr/lib/libz.dylib; sourceTree = SDKROOT; };
		D571F723188E5C8D00B97C13 /* UMSocialFacebookHandler.h */ = {isa = PBXFileReference; fileEncoding = 4; lastKnownFileType = sourcecode.c.h; path = UMSocialFacebookHandler.h; sourceTree = "<group>"; };
		D571F725188E5C8D00B97C13 /* libSocialInstagram.a */ = {isa = PBXFileReference; lastKnownFileType = archive.ar; path = libSocialInstagram.a; sourceTree = "<group>"; };
		D571F726188E5C8D00B97C13 /* UMSocialInstagramHandler.h */ = {isa = PBXFileReference; fileEncoding = 4; lastKnownFileType = sourcecode.c.h; path = UMSocialInstagramHandler.h; sourceTree = "<group>"; };
		D571F72E188E5C8D00B97C13 /* libSocialTwitter.a */ = {isa = PBXFileReference; lastKnownFileType = archive.ar; path = libSocialTwitter.a; sourceTree = "<group>"; };
		D571F72F188E5C8D00B97C13 /* UMSocialTwitterHandler.h */ = {isa = PBXFileReference; fileEncoding = 4; lastKnownFileType = sourcecode.c.h; path = UMSocialTwitterHandler.h; sourceTree = "<group>"; };
		D571F731188E5C8D00B97C13 /* ios-social-sdk-shake.html */ = {isa = PBXFileReference; fileEncoding = 4; lastKnownFileType = text.html; path = "ios-social-sdk-shake.html"; sourceTree = "<group>"; };
		D571F732188E5C8D00B97C13 /* libUMSocial_Sdk_ScreenShot_1.0.a */ = {isa = PBXFileReference; lastKnownFileType = archive.ar; path = libUMSocial_Sdk_ScreenShot_1.0.a; sourceTree = "<group>"; };
		D571F733188E5C8D00B97C13 /* UMSocialScreenShoter.h */ = {isa = PBXFileReference; fileEncoding = 4; lastKnownFileType = sourcecode.c.h; path = UMSocialScreenShoter.h; sourceTree = "<group>"; };
		D571F735188E5C8D00B97C13 /* ios-social-sdk-shake.html */ = {isa = PBXFileReference; fileEncoding = 4; lastKnownFileType = text.html; path = "ios-social-sdk-shake.html"; sourceTree = "<group>"; };
		D571F736188E5C8D00B97C13 /* libUMSocial_Sdk_Shake_1.0.a */ = {isa = PBXFileReference; lastKnownFileType = archive.ar; path = libUMSocial_Sdk_Shake_1.0.a; sourceTree = "<group>"; };
		D571F737188E5C8D00B97C13 /* UMSocialShakeService.h */ = {isa = PBXFileReference; fileEncoding = 4; lastKnownFileType = sourcecode.c.h; path = UMSocialShakeService.h; sourceTree = "<group>"; };
		D571F73A188E5C8D00B97C13 /* UMSocialYiXinHandler.h */ = {isa = PBXFileReference; fileEncoding = 4; lastKnownFileType = sourcecode.c.h; path = UMSocialYiXinHandler.h; sourceTree = "<group>"; };
		D573497D19CAF38C0050888E /* AudioToolbox.framework */ = {isa = PBXFileReference; lastKnownFileType = wrapper.framework; name = AudioToolbox.framework; path = System/Library/Frameworks/AudioToolbox.framework; sourceTree = SDKROOT; };
		D573497F19CAF3A50050888E /* AVFoundation.framework */ = {isa = PBXFileReference; lastKnownFileType = wrapper.framework; name = AVFoundation.framework; path = System/Library/Frameworks/AVFoundation.framework; sourceTree = SDKROOT; };
		D573498119CAF3AC0050888E /* CoreMedia.framework */ = {isa = PBXFileReference; lastKnownFileType = wrapper.framework; name = CoreMedia.framework; path = System/Library/Frameworks/CoreMedia.framework; sourceTree = SDKROOT; };
		D57436F616082B1200C7AD07 /* UMSocial.app */ = {isa = PBXFileReference; explicitFileType = wrapper.application; includeInIndex = 0; path = UMSocial.app; sourceTree = BUILT_PRODUCTS_DIR; };
		D57436FA16082B1200C7AD07 /* UIKit.framework */ = {isa = PBXFileReference; lastKnownFileType = wrapper.framework; name = UIKit.framework; path = System/Library/Frameworks/UIKit.framework; sourceTree = SDKROOT; };
		D57436FC16082B1200C7AD07 /* Foundation.framework */ = {isa = PBXFileReference; lastKnownFileType = wrapper.framework; name = Foundation.framework; path = System/Library/Frameworks/Foundation.framework; sourceTree = SDKROOT; };
		D57436FE16082B1200C7AD07 /* CoreGraphics.framework */ = {isa = PBXFileReference; lastKnownFileType = wrapper.framework; name = CoreGraphics.framework; path = System/Library/Frameworks/CoreGraphics.framework; sourceTree = SDKROOT; };
		D574370416082B1200C7AD07 /* en */ = {isa = PBXFileReference; lastKnownFileType = text.plist.strings; name = en; path = en.lproj/InfoPlist.strings; sourceTree = "<group>"; };
		D574370916082B1200C7AD07 /* AppDelegate.h */ = {isa = PBXFileReference; lastKnownFileType = sourcecode.c.h; path = AppDelegate.h; sourceTree = "<group>"; };
		D574370A16082B1200C7AD07 /* AppDelegate.m */ = {isa = PBXFileReference; lastKnownFileType = sourcecode.c.objc; path = AppDelegate.m; sourceTree = "<group>"; };
		D5743846160834F900C7AD07 /* CoreLocation.framework */ = {isa = PBXFileReference; lastKnownFileType = wrapper.framework; name = CoreLocation.framework; path = System/Library/Frameworks/CoreLocation.framework; sourceTree = SDKROOT; };
		D5743848160834FF00C7AD07 /* MapKit.framework */ = {isa = PBXFileReference; lastKnownFileType = wrapper.framework; name = MapKit.framework; path = System/Library/Frameworks/MapKit.framework; sourceTree = SDKROOT; };
		D574384A1608351300C7AD07 /* MessageUI.framework */ = {isa = PBXFileReference; lastKnownFileType = wrapper.framework; name = MessageUI.framework; path = System/Library/Frameworks/MessageUI.framework; sourceTree = SDKROOT; };
		D5743850160835A400C7AD07 /* QuartzCore.framework */ = {isa = PBXFileReference; lastKnownFileType = wrapper.framework; name = QuartzCore.framework; path = System/Library/Frameworks/QuartzCore.framework; sourceTree = SDKROOT; };
		D57C5DE81A2EAAB6005C425A /* libSocialLaiWang.a */ = {isa = PBXFileReference; lastKnownFileType = archive.ar; path = libSocialLaiWang.a; sourceTree = "<group>"; };
		D57C5DE91A2EAAB6005C425A /* UMSocialLaiwangHandler.h */ = {isa = PBXFileReference; fileEncoding = 4; lastKnownFileType = sourcecode.c.h; path = UMSocialLaiwangHandler.h; sourceTree = "<group>"; };
		D57FC27619F0BE0D00653472 /* libYixinSDK_V2.2.a */ = {isa = PBXFileReference; lastKnownFileType = archive.ar; path = libYixinSDK_V2.2.a; sourceTree = "<group>"; };
		D57FC27719F0BE0D00653472 /* YXApi.h */ = {isa = PBXFileReference; fileEncoding = 4; lastKnownFileType = sourcecode.c.h; path = YXApi.h; sourceTree = "<group>"; };
		D57FC27819F0BE0D00653472 /* YXApiObject.h */ = {isa = PBXFileReference; fileEncoding = 4; lastKnownFileType = sourcecode.c.h; path = YXApiObject.h; sourceTree = "<group>"; };
		D580B31116B3B73A00BF3481 /* UMSocialTabBarController.h */ = {isa = PBXFileReference; fileEncoding = 4; lastKnownFileType = sourcecode.c.h; name = UMSocialTabBarController.h; path = UI/UMSocialTabBarController.h; sourceTree = "<group>"; };
		D580B31216B3B73A00BF3481 /* UMSocialTabBarController.m */ = {isa = PBXFileReference; fileEncoding = 4; lastKnownFileType = sourcecode.c.objc; name = UMSocialTabBarController.m; path = UI/UMSocialTabBarController.m; sourceTree = "<group>"; };
		D580B33216B3BB7100BF3481 /* UMS_account@2x.png */ = {isa = PBXFileReference; lastKnownFileType = image.png; path = "UMS_account@2x.png"; sourceTree = "<group>"; };
		D580B33316B3BB7100BF3481 /* UMS_bar@2x.png */ = {isa = PBXFileReference; lastKnownFileType = image.png; path = "UMS_bar@2x.png"; sourceTree = "<group>"; };
		D580B33416B3BB7100BF3481 /* UMS_comment@2x.png */ = {isa = PBXFileReference; lastKnownFileType = image.png; path = "UMS_comment@2x.png"; sourceTree = "<group>"; };
		D580B33516B3BB7100BF3481 /* UMS_mutilBar@2x.png */ = {isa = PBXFileReference; lastKnownFileType = image.png; path = "UMS_mutilBar@2x.png"; sourceTree = "<group>"; };
		D580B33616B3BB7100BF3481 /* UMS_share@2x.png */ = {isa = PBXFileReference; lastKnownFileType = image.png; path = "UMS_share@2x.png"; sourceTree = "<group>"; };
		D58531E817C1DF4D009E2D27 /* CoreTelephony.framework */ = {isa = PBXFileReference; lastKnownFileType = wrapper.framework; name = CoreTelephony.framework; path = System/Library/Frameworks/CoreTelephony.framework; sourceTree = SDKROOT; };
		D5877E491961451D00331F08 /* libSocialSina.a */ = {isa = PBXFileReference; lastKnownFileType = archive.ar; path = libSocialSina.a; sourceTree = "<group>"; };
		D5877E4A1961451D00331F08 /* UMSocialSinaHandler.h */ = {isa = PBXFileReference; fileEncoding = 4; lastKnownFileType = sourcecode.c.h; path = UMSocialSinaHandler.h; sourceTree = "<group>"; };
		D5877E4F19616DF900331F08 /* libUMSocial_Sdk_4.0.a */ = {isa = PBXFileReference; lastKnownFileType = archive.ar; name = libUMSocial_Sdk_4.0.a; path = ../UMSocial_Sdk_4.0/libUMSocial_Sdk_4.0.a; sourceTree = "<group>"; };
		D58DC8741A2C533E00A154AC /* en */ = {isa = PBXFileReference; lastKnownFileType = text.plist.strings; name = en; path = en.lproj/UMSocialLocalizable.strings; sourceTree = "<group>"; };
		D58DC8761A2C533E00A154AC /* UMSocial.h */ = {isa = PBXFileReference; fileEncoding = 4; lastKnownFileType = sourcecode.c.h; path = UMSocial.h; sourceTree = "<group>"; };
		D58DC8771A2C533E00A154AC /* UMSocialAccountManager.h */ = {isa = PBXFileReference; fileEncoding = 4; lastKnownFileType = sourcecode.c.h; path = UMSocialAccountManager.h; sourceTree = "<group>"; };
		D58DC8781A2C533F00A154AC /* UMSocialBar.h */ = {isa = PBXFileReference; fileEncoding = 4; lastKnownFileType = sourcecode.c.h; path = UMSocialBar.h; sourceTree = "<group>"; };
		D58DC8791A2C533F00A154AC /* UMSocialConfig.h */ = {isa = PBXFileReference; fileEncoding = 4; lastKnownFileType = sourcecode.c.h; path = UMSocialConfig.h; sourceTree = "<group>"; };
		D58DC87A1A2C533F00A154AC /* UMSocialControllerService.h */ = {isa = PBXFileReference; fileEncoding = 4; lastKnownFileType = sourcecode.c.h; path = UMSocialControllerService.h; sourceTree = "<group>"; };
		D58DC87B1A2C533F00A154AC /* UMSocialControllerServiceComment.h */ = {isa = PBXFileReference; fileEncoding = 4; lastKnownFileType = sourcecode.c.h; path = UMSocialControllerServiceComment.h; sourceTree = "<group>"; };
		D58DC87C1A2C533F00A154AC /* UMSocialData.h */ = {isa = PBXFileReference; fileEncoding = 4; lastKnownFileType = sourcecode.c.h; path = UMSocialData.h; sourceTree = "<group>"; };
		D58DC87D1A2C533F00A154AC /* UMSocialDataService.h */ = {isa = PBXFileReference; fileEncoding = 4; lastKnownFileType = sourcecode.c.h; path = UMSocialDataService.h; sourceTree = "<group>"; };
		D58DC87E1A2C533F00A154AC /* UMSocialSnsData.h */ = {isa = PBXFileReference; fileEncoding = 4; lastKnownFileType = sourcecode.c.h; path = UMSocialSnsData.h; sourceTree = "<group>"; };
		D58DC87F1A2C533F00A154AC /* UMSocialSnsPlatformManager.h */ = {isa = PBXFileReference; fileEncoding = 4; lastKnownFileType = sourcecode.c.h; path = UMSocialSnsPlatformManager.h; sourceTree = "<group>"; };
		D58DC8801A2C533F00A154AC /* UMSocialSnsService.h */ = {isa = PBXFileReference; fileEncoding = 4; lastKnownFileType = sourcecode.c.h; path = UMSocialSnsService.h; sourceTree = "<group>"; };
		D58DC8811A2C533F00A154AC /* libUMSocial_Sdk_4.2.1.a */ = {isa = PBXFileReference; lastKnownFileType = archive.ar; path = libUMSocial_Sdk_4.2.1.a; sourceTree = "<group>"; };
		D58DC8831A2C533F00A154AC /* libUMSocial_Sdk_Comment_4.2.1.a */ = {isa = PBXFileReference; lastKnownFileType = archive.ar; path = libUMSocial_Sdk_Comment_4.2.1.a; sourceTree = "<group>"; };
		D58DC8861A2C533F00A154AC /* UMSCommentDetailController.xib */ = {isa = PBXFileReference; fileEncoding = 4; lastKnownFileType = file.xib; path = UMSCommentDetailController.xib; sourceTree = "<group>"; };
		D58DC8871A2C533F00A154AC /* UMSCommentInputController.xib */ = {isa = PBXFileReference; fileEncoding = 4; lastKnownFileType = file.xib; path = UMSCommentInputController.xib; sourceTree = "<group>"; };
		D58DC8881A2C533F00A154AC /* UMSCommentInputControlleriPad.xib */ = {isa = PBXFileReference; fileEncoding = 4; lastKnownFileType = file.xib; path = UMSCommentInputControlleriPad.xib; sourceTree = "<group>"; };
		D58DC8891A2C533F00A154AC /* UMShareEditViewController.xib */ = {isa = PBXFileReference; fileEncoding = 4; lastKnownFileType = file.xib; path = UMShareEditViewController.xib; sourceTree = "<group>"; };
		D58DC88A1A2C533F00A154AC /* UMShareEditViewControlleriPad.xib */ = {isa = PBXFileReference; fileEncoding = 4; lastKnownFileType = file.xib; path = UMShareEditViewControlleriPad.xib; sourceTree = "<group>"; };
		D58DC88B1A2C533F00A154AC /* UMSLoginViewController.xib */ = {isa = PBXFileReference; fileEncoding = 4; lastKnownFileType = file.xib; path = UMSLoginViewController.xib; sourceTree = "<group>"; };
		D58DC88C1A2C533F00A154AC /* UMSnsAccountViewController.xib */ = {isa = PBXFileReference; fileEncoding = 4; lastKnownFileType = file.xib; path = UMSnsAccountViewController.xib; sourceTree = "<group>"; };
		D58DC88D1A2C533F00A154AC /* UMSShareListController.xib */ = {isa = PBXFileReference; fileEncoding = 4; lastKnownFileType = file.xib; path = UMSShareListController.xib; sourceTree = "<group>"; };
		D58DC88E1A2C533F00A154AC /* UMSocialSDKResourcesNew.bundle */ = {isa = PBXFileReference; lastKnownFileType = "wrapper.plug-in"; path = UMSocialSDKResourcesNew.bundle; sourceTree = "<group>"; };
		D58DC88F1A2C533F00A154AC /* zh-Hans */ = {isa = PBXFileReference; lastKnownFileType = text.plist.strings; name = "zh-Hans"; path = "zh-Hans.lproj/UMSocialLocalizable.strings"; sourceTree = "<group>"; };
		D592FDF118EA8B5D0073656D /* libSocialQQ.a */ = {isa = PBXFileReference; lastKnownFileType = archive.ar; path = libSocialQQ.a; sourceTree = "<group>"; };
		D592FDF218EA8B5D0073656D /* TencentOpenAPI.framework */ = {isa = PBXFileReference; lastKnownFileType = wrapper.framework; path = TencentOpenAPI.framework; sourceTree = "<group>"; };
		D592FDF318EA8B5D0073656D /* TencentOpenApi_IOS_Bundle.bundle */ = {isa = PBXFileReference; lastKnownFileType = "wrapper.plug-in"; path = TencentOpenApi_IOS_Bundle.bundle; sourceTree = "<group>"; };
		D592FDF418EA8B5D0073656D /* UMSocialQQHandler.h */ = {isa = PBXFileReference; fileEncoding = 4; lastKnownFileType = sourcecode.c.h; path = UMSocialQQHandler.h; sourceTree = "<group>"; };
		D592FDF918EA8C940073656D /* TencentOpenAPI.framework */ = {isa = PBXFileReference; lastKnownFileType = wrapper.framework; name = TencentOpenAPI.framework; path = ../UMSocial_Sdk_Extra_Frameworks/TencentOpenAPI/TencentOpenAPI.framework; sourceTree = "<group>"; };
		D594119019A606FD0046F827 /* libSocialFacebook.a */ = {isa = PBXFileReference; lastKnownFileType = archive.ar; path = libSocialFacebook.a; sourceTree = "<group>"; };
		D596D9B417A8F30F008102DD /* zh-Hans */ = {isa = PBXFileReference; lastKnownFileType = text.plist.strings; name = "zh-Hans"; path = "Supporting Files/zh-Hans.lproj/Localizable.strings"; sourceTree = "<group>"; };
		D5CB5ECE184DE96B00802F70 /* OpenGLES.framework */ = {isa = PBXFileReference; lastKnownFileType = wrapper.framework; name = OpenGLES.framework; path = System/Library/Frameworks/OpenGLES.framework; sourceTree = SDKROOT; };
		D5D8CAAF187ABA00008B88E5 /* libMobClickLibrary.a */ = {isa = PBXFileReference; lastKnownFileType = archive.ar; name = libMobClickLibrary.a; path = UMSocialSDKDemo/UMAnalytics_Sdk_2.2.0.OpenUDID/libMobClickLibrary.a; sourceTree = "<group>"; };
		D5D8CB12187BF0AF008B88E5 /* MobClick.h */ = {isa = PBXFileReference; fileEncoding = 4; lastKnownFileType = sourcecode.c.h; name = MobClick.h; path = UMSocialSDKDemo/UMAnalytics_Sdk_2.2.0.OpenUDID/MobClick.h; sourceTree = "<group>"; };
		D5E35B3B17E982AD0032AB69 /* libsqlite3.0.dylib */ = {isa = PBXFileReference; lastKnownFileType = "compiled.mach-o.dylib"; name = libsqlite3.0.dylib; path = usr/lib/libsqlite3.0.dylib; sourceTree = SDKROOT; };
		D5E81DD518D04CC100F92E32 /* libSocialWechat.a */ = {isa = PBXFileReference; lastKnownFileType = archive.ar; path = libSocialWechat.a; sourceTree = "<group>"; };
		D5E81DD618D04CC100F92E32 /* libWeChatSDK.a */ = {isa = PBXFileReference; lastKnownFileType = archive.ar; path = libWeChatSDK.a; sourceTree = "<group>"; };
		D5E81DD718D04CC100F92E32 /* UMSocialWechatHandler.h */ = {isa = PBXFileReference; fileEncoding = 4; lastKnownFileType = sourcecode.c.h; path = UMSocialWechatHandler.h; sourceTree = "<group>"; };
		D5E81DD818D04CC100F92E32 /* WXApi.h */ = {isa = PBXFileReference; fileEncoding = 4; lastKnownFileType = sourcecode.c.h; path = WXApi.h; sourceTree = "<group>"; };
		D5E81DD918D04CC100F92E32 /* WXApiObject.h */ = {isa = PBXFileReference; fileEncoding = 4; lastKnownFileType = sourcecode.c.h; path = WXApiObject.h; sourceTree = "<group>"; };
		D5E934A118472B8C008D396C /* Security.framework */ = {isa = PBXFileReference; lastKnownFileType = wrapper.framework; name = Security.framework; path = System/Library/Frameworks/Security.framework; sourceTree = SDKROOT; };
		D5EF897B166DEE7A00B2068D /* UMSocialSDKDemo copy-Info.plist */ = {isa = PBXFileReference; lastKnownFileType = text.plist.xml; name = "UMSocialSDKDemo copy-Info.plist"; path = "/Users/yeahugo/Documents/project/SocialiOSSDK/UMSocialSDKDemo/UMSocialSDKDemo copy-Info.plist"; sourceTree = "<absolute>"; };
		D5EF897D166DF07E00B2068D /* icon_ipad.png */ = {isa = PBXFileReference; lastKnownFileType = image.png; name = icon_ipad.png; path = "Supporting Files/icon_ipad.png"; sourceTree = "<group>"; };
		D5EF897E166DF07E00B2068D /* icon_ipad@2x.png */ = {isa = PBXFileReference; lastKnownFileType = image.png; name = "icon_ipad@2x.png"; path = "Supporting Files/icon_ipad@2x.png"; sourceTree = "<group>"; };
		D5EF897F166DF07E00B2068D /* icon.png */ = {isa = PBXFileReference; lastKnownFileType = image.png; name = icon.png; path = "Supporting Files/icon.png"; sourceTree = "<group>"; };
		D5EF8980166DF07E00B2068D /* icon@2x.png */ = {isa = PBXFileReference; lastKnownFileType = image.png; name = "icon@2x.png"; path = "Supporting Files/icon@2x.png"; sourceTree = "<group>"; };
		D5EF898B166DF1AF00B2068D /* main.m */ = {isa = PBXFileReference; fileEncoding = 4; lastKnownFileType = sourcecode.c.objc; name = main.m; path = "Supporting Files/main.m"; sourceTree = "<group>"; };
		D5EF898D166DF1E600B2068D /* UMSocial_Sdk_Demo-Info.plist */ = {isa = PBXFileReference; fileEncoding = 4; lastKnownFileType = text.plist.xml; path = "UMSocial_Sdk_Demo-Info.plist"; sourceTree = "<group>"; };
		D5EF898F166DF21A00B2068D /* UMSocial_Sdk_Demo-Prefix.pch */ = {isa = PBXFileReference; fileEncoding = 4; lastKnownFileType = sourcecode.c.h; path = "UMSocial_Sdk_Demo-Prefix.pch"; sourceTree = "<group>"; };
		D5EF8990166DF3E200B2068D /* Default-568h@2x.png */ = {isa = PBXFileReference; lastKnownFileType = image.png; name = "Default-568h@2x.png"; path = "Supporting Files/Default-568h@2x.png"; sourceTree = "<group>"; };
		D5F92E6A1749B8AE00EC4F53 /* UMSocialBarViewController.h */ = {isa = PBXFileReference; fileEncoding = 4; lastKnownFileType = sourcecode.c.h; name = UMSocialBarViewController.h; path = UI/UMSocialBarViewController.h; sourceTree = "<group>"; };
		D5F92E6B1749B8AE00EC4F53 /* UMSocialBarViewController.m */ = {isa = PBXFileReference; fileEncoding = 4; lastKnownFileType = sourcecode.c.objc; name = UMSocialBarViewController.m; path = UI/UMSocialBarViewController.m; sourceTree = "<group>"; };
		D5F92E6C1749B8AE00EC4F53 /* UMSocialBarViewController.xib */ = {isa = PBXFileReference; fileEncoding = 4; lastKnownFileType = file.xib; name = UMSocialBarViewController.xib; path = UI/UMSocialBarViewController.xib; sourceTree = "<group>"; };
		D5F92E6D1749B8AE00EC4F53 /* UMSocialSnsViewController.h */ = {isa = PBXFileReference; fileEncoding = 4; lastKnownFileType = sourcecode.c.h; name = UMSocialSnsViewController.h; path = UI/UMSocialSnsViewController.h; sourceTree = "<group>"; };
		D5F92E6E1749B8AF00EC4F53 /* UMSocialSnsViewController.m */ = {isa = PBXFileReference; fileEncoding = 4; lastKnownFileType = sourcecode.c.objc; name = UMSocialSnsViewController.m; path = UI/UMSocialSnsViewController.m; sourceTree = "<group>"; };
		D5F92E6F1749B8AF00EC4F53 /* UMSocialSnsViewController.xib */ = {isa = PBXFileReference; fileEncoding = 4; lastKnownFileType = file.xib; name = UMSocialSnsViewController.xib; path = UI/UMSocialSnsViewController.xib; sourceTree = "<group>"; };
		D5F92E741749B8F400EC4F53 /* UMSocialLoginViewController.h */ = {isa = PBXFileReference; fileEncoding = 4; lastKnownFileType = sourcecode.c.h; name = UMSocialLoginViewController.h; path = UI/UMSocialLoginViewController.h; sourceTree = "<group>"; };
		D5F92E751749B8F400EC4F53 /* UMSocialLoginViewController.m */ = {isa = PBXFileReference; fileEncoding = 4; lastKnownFileType = sourcecode.c.objc; name = UMSocialLoginViewController.m; path = UI/UMSocialLoginViewController.m; sourceTree = "<group>"; };
		D5F92E761749B8F400EC4F53 /* UMSocialLoginViewController.xib */ = {isa = PBXFileReference; fileEncoding = 4; lastKnownFileType = file.xib; name = UMSocialLoginViewController.xib; path = UI/UMSocialLoginViewController.xib; sourceTree = "<group>"; };
/* End PBXFileReference section */

/* Begin PBXFrameworksBuildPhase section */
		D53D04C0185AB99100CA655F /* Frameworks */ = {
			isa = PBXFrameworksBuildPhase;
			buildActionMask = 2147483647;
			files = (
				D58DC89E1A2C53AC00A154AC /* libUMSocial_Sdk_4.2.1.a in Frameworks */,
				D573498319CAFD060050888E /* TencentOpenAPI.framework in Frameworks */,
				D592FDF818EA8C710073656D /* libSocialQQ.a in Frameworks */,
				D5E81DDE18D05A9D00F92E32 /* libSocialWechat.a in Frameworks */,
				D5E81DDF18D05A9D00F92E32 /* libWeChatSDK.a in Frameworks */,
				D58121DB188E5DC100E6B7F0 /* libUMSocial_Sdk_ScreenShot_1.0.a in Frameworks */,
				D58121DA188E5DB700E6B7F0 /* libUMSocial_Sdk_Shake_1.0.a in Frameworks */,
				D53D0546185ADF3400CA655F /* libiconv.dylib in Frameworks */,
				D53D0545185ADF2900CA655F /* SystemConfiguration.framework in Frameworks */,
				D53D0544185ADF1800CA655F /* CoreTelephony.framework in Frameworks */,
				D53D0543185ADF1100CA655F /* libz.dylib in Frameworks */,
				D53D0542185ADEF500CA655F /* QuartzCore.framework in Frameworks */,
				D53D0541185ADEF000CA655F /* libstdc++.dylib in Frameworks */,
				D53D0540185ADEBB00CA655F /* libsqlite3.dylib in Frameworks */,
				D57C5DEB1A2EAAB6005C425A /* libSocialLaiWang.a in Frameworks */,
				D53D053F185ADEA100CA655F /* Security.framework in Frameworks */,
				D53D04C5185AB99100CA655F /* CoreGraphics.framework in Frameworks */,
				D53D04C6185AB99100CA655F /* UIKit.framework in Frameworks */,
				D53D04C4185AB99100CA655F /* Foundation.framework in Frameworks */,
			);
			runOnlyForDeploymentPostprocessing = 0;
		};
		D57436F316082B1200C7AD07 /* Frameworks */ = {
			isa = PBXFrameworksBuildPhase;
			buildActionMask = 2147483647;
			files = (
				D594119119A606FD0046F827 /* libSocialFacebook.a in Frameworks */,
				D5017FFB18FBD91A0069E681 /* Accounts.framework in Frameworks */,
				D5017FF918FBD9140069E681 /* Social.framework in Frameworks */,
				D51358DB19E7815700245FE7 /* libSocialWhatsapp.a in Frameworks */,
				D51DE56E18F7EC890048793E /* libSocialQQ.a in Frameworks */,
				D5049E2A18AB0FEC00AC5A98 /* libSocialWechat.a in Frameworks */,
				D57C5DEA1A2EAAB6005C425A /* libSocialLaiWang.a in Frameworks */,
				D592FDF618EA8B5D0073656D /* TencentOpenAPI.framework in Frameworks */,
				D5D8CAB0187ABA00008B88E5 /* libMobClickLibrary.a in Frameworks */,
				D5049E3118AB669700AC5A98 /* libSocialYiXin.a in Frameworks */,
				D5C2137C184ED80E003927C4 /* OpenGLES.framework in Frameworks */,
				D5E81DDB18D04CC100F92E32 /* libWeChatSDK.a in Frameworks */,
				D57FC27919F0BE0D00653472 /* libYixinSDK_V2.2.a in Frameworks */,
				D5CB5ED0184DE9B700802F70 /* QuartzCore.framework in Frameworks */,
				D58DC8911A2C533F00A154AC /* libUMSocial_Sdk_4.2.1.a in Frameworks */,
				D5E81DDA18D04CC100F92E32 /* libSocialWechat.a in Frameworks */,
				D51358DA19E7815600245FE7 /* libSocialTumblr.a in Frameworks */,
				D58DC8931A2C533F00A154AC /* libUMSocial_Sdk_Comment_4.2.1.a in Frameworks */,
				D571F740188E5C8E00B97C13 /* libSocialTwitter.a in Frameworks */,
				D51358D919E7815600245FE7 /* libSocialLine.a in Frameworks */,
				D5E934A218472B8C008D396C /* Security.framework in Frameworks */,
				D5E35B4017E994920032AB69 /* libsqlite3.dylib in Frameworks */,
				D5962F3A17CB575C00AD9856 /* libz.dylib in Frameworks */,
				D5962F4517CC526100AD9856 /* libstdc++.dylib in Frameworks */,
				D5962F4417CC525800AD9856 /* CoreTelephony.framework in Frameworks */,
				D53746AD1738CB450093F280 /* CoreGraphics.framework in Frameworks */,
				D571F744188E5C8E00B97C13 /* libUMSocial_Sdk_Shake_1.0.a in Frameworks */,
				D5962F4217CC524000AD9856 /* SystemConfiguration.framework in Frameworks */,
				D571F73C188E5C8D00B97C13 /* libSocialInstagram.a in Frameworks */,
				D5877E4E1961451D00331F08 /* libSocialSina.a in Frameworks */,
				D5962F4117CC523800AD9856 /* libiconv.dylib in Frameworks */,
				D57436FB16082B1200C7AD07 /* UIKit.framework in Frameworks */,
				D571F742188E5C8E00B97C13 /* libUMSocial_Sdk_ScreenShot_1.0.a in Frameworks */,
				D57436FD16082B1200C7AD07 /* Foundation.framework in Frameworks */,
			);
			runOnlyForDeploymentPostprocessing = 0;
		};
/* End PBXFrameworksBuildPhase section */

/* Begin PBXGroup section */
		D50F1DE51848A28B00899245 /* UMAnalytics_Sdk_2.2.0.OpenUDID */ = {
			isa = PBXGroup;
			children = (
			);
			path = UMAnalytics_Sdk_2.2.0.OpenUDID;
			sourceTree = "<group>";
		};
		D51358D019E7815600245FE7 /* Line */ = {
			isa = PBXGroup;
			children = (
				D51358D119E7815600245FE7 /* libSocialLine.a */,
				D51358D219E7815600245FE7 /* UMSocialLineHandler.h */,
			);
			path = Line;
			sourceTree = "<group>";
		};
		D51358D319E7815600245FE7 /* Tumblr */ = {
			isa = PBXGroup;
			children = (
				D51358D419E7815600245FE7 /* libSocialTumblr.a */,
				D51358D519E7815600245FE7 /* UMSocialTumblrHandler.h */,
			);
			path = Tumblr;
			sourceTree = "<group>";
		};
		D51358D619E7815600245FE7 /* Whatsapp */ = {
			isa = PBXGroup;
			children = (
				D51358D719E7815600245FE7 /* libSocialWhatsapp.a */,
				D51358D819E7815600245FE7 /* UMSocialWhatsappHandler.h */,
			);
			path = Whatsapp;
			sourceTree = "<group>";
		};
		D53D04C7185AB99100CA655F /* UMSocial_Sdk_Shake_Demo */ = {
			isa = PBXGroup;
			children = (
				D53D04FD185ACAC400CA655F /* Movie.m4v */,
				D53D04F3185ABBC500CA655F /* MediaPlayerDemoViewController.h */,
				D53D04F4185ABBC500CA655F /* MediaPlayerDemoViewController.m */,
				D53D04F5185ABBC500CA655F /* MediaPlayerDemoViewController.xib */,
				D53D04D0185AB99100CA655F /* AppDelegate.h */,
				D53D04D1185AB99100CA655F /* AppDelegate.m */,
				D53D04D3185AB99100CA655F /* Images.xcassets */,
				D53D04C8185AB99100CA655F /* Supporting Files */,
			);
			path = UMSocial_Sdk_Shake_Demo;
			sourceTree = "<group>";
		};
		D53D04C8185AB99100CA655F /* Supporting Files */ = {
			isa = PBXGroup;
			children = (
				D53D04C9185AB99100CA655F /* UMSocial_Sdk_Shake_Demo-Info.plist */,
				D53D04CA185AB99100CA655F /* InfoPlist.strings */,
				D53D04CD185AB99100CA655F /* main.m */,
				D53D04CF185AB99100CA655F /* UMSocial_Sdk_Shake_Demo-Prefix.pch */,
			);
			name = "Supporting Files";
			sourceTree = "<group>";
		};
		D571F720188E5C8D00B97C13 /* UMSocial_Sdk_Extra_Frameworks */ = {
			isa = PBXGroup;
			children = (
				D57C5DE71A2EAAB6005C425A /* LaiWang */,
				D51358D019E7815600245FE7 /* Line */,
				D51358D319E7815600245FE7 /* Tumblr */,
				D51358D619E7815600245FE7 /* Whatsapp */,
				D5877E481961451D00331F08 /* Sina */,
				D592FDF018EA8B5D0073656D /* TencentOpenAPI */,
				D5E81DD418D04CC100F92E32 /* Wechat */,
				D571F724188E5C8D00B97C13 /* Instagram */,
				D571F721188E5C8D00B97C13 /* Facebook */,
				D571F72D188E5C8D00B97C13 /* Twitter */,
				D571F730188E5C8D00B97C13 /* UMSocial_ScreenShot_Sdk */,
				D571F734188E5C8D00B97C13 /* UMSocial_Shake_Sdk */,
				D571F738188E5C8D00B97C13 /* YiXin */,
			);
			path = UMSocial_Sdk_Extra_Frameworks;
			sourceTree = SOURCE_ROOT;
		};
		D571F721188E5C8D00B97C13 /* Facebook */ = {
			isa = PBXGroup;
			children = (
				D594119019A606FD0046F827 /* libSocialFacebook.a */,
				D571F723188E5C8D00B97C13 /* UMSocialFacebookHandler.h */,
			);
			path = Facebook;
			sourceTree = "<group>";
		};
		D571F724188E5C8D00B97C13 /* Instagram */ = {
			isa = PBXGroup;
			children = (
				D571F725188E5C8D00B97C13 /* libSocialInstagram.a */,
				D571F726188E5C8D00B97C13 /* UMSocialInstagramHandler.h */,
			);
			path = Instagram;
			sourceTree = "<group>";
		};
		D571F72D188E5C8D00B97C13 /* Twitter */ = {
			isa = PBXGroup;
			children = (
				D571F72E188E5C8D00B97C13 /* libSocialTwitter.a */,
				D571F72F188E5C8D00B97C13 /* UMSocialTwitterHandler.h */,
			);
			path = Twitter;
			sourceTree = "<group>";
		};
		D571F730188E5C8D00B97C13 /* UMSocial_ScreenShot_Sdk */ = {
			isa = PBXGroup;
			children = (
				D571F731188E5C8D00B97C13 /* ios-social-sdk-shake.html */,
				D571F732188E5C8D00B97C13 /* libUMSocial_Sdk_ScreenShot_1.0.a */,
				D571F733188E5C8D00B97C13 /* UMSocialScreenShoter.h */,
			);
			path = UMSocial_ScreenShot_Sdk;
			sourceTree = "<group>";
		};
		D571F734188E5C8D00B97C13 /* UMSocial_Shake_Sdk */ = {
			isa = PBXGroup;
			children = (
				D571F735188E5C8D00B97C13 /* ios-social-sdk-shake.html */,
				D571F736188E5C8D00B97C13 /* libUMSocial_Sdk_Shake_1.0.a */,
				D571F737188E5C8D00B97C13 /* UMSocialShakeService.h */,
			);
			path = UMSocial_Shake_Sdk;
			sourceTree = "<group>";
		};
		D571F738188E5C8D00B97C13 /* YiXin */ = {
			isa = PBXGroup;
			children = (
				D57FC27619F0BE0D00653472 /* libYixinSDK_V2.2.a */,
				D57FC27719F0BE0D00653472 /* YXApi.h */,
				D57FC27819F0BE0D00653472 /* YXApiObject.h */,
				D5049E3018AB669700AC5A98 /* libSocialYiXin.a */,
				D571F73A188E5C8D00B97C13 /* UMSocialYiXinHandler.h */,
			);
			path = YiXin;
			sourceTree = "<group>";
		};
		D57436EB16082B1200C7AD07 = {
			isa = PBXGroup;
			children = (
				D574370016082B1200C7AD07 /* UMSocialSDKDemo */,
				D53D04C7185AB99100CA655F /* UMSocial_Sdk_Shake_Demo */,
				D57436F916082B1200C7AD07 /* Frameworks */,
				D57436F716082B1200C7AD07 /* Products */,
				D5EF897B166DEE7A00B2068D /* UMSocialSDKDemo copy-Info.plist */,
				D5308B1419D2BCF3007697EB /* UMSocial_Sdk_Shake_Demo copy-Info.plist */,
			);
			sourceTree = "<group>";
		};
		D57436F716082B1200C7AD07 /* Products */ = {
			isa = PBXGroup;
			children = (
				D57436F616082B1200C7AD07 /* UMSocial.app */,
				D53D04C3185AB99100CA655F /* UMSocial_Sdk_Shake_Demo.app */,
			);
			name = Products;
			sourceTree = "<group>";
		};
		D57436F916082B1200C7AD07 /* Frameworks */ = {
			isa = PBXGroup;
			children = (
				D52EA6AE19F75E0C003B58AD /* libUMSocial_Sdk_4.2.a */,
				D573498119CAF3AC0050888E /* CoreMedia.framework */,
				D573497F19CAF3A50050888E /* AVFoundation.framework */,
				D573497D19CAF38C0050888E /* AudioToolbox.framework */,
				D5877E4F19616DF900331F08 /* libUMSocial_Sdk_4.0.a */,
				D5017FFA18FBD91A0069E681 /* Accounts.framework */,
				D5017FF818FBD9140069E681 /* Social.framework */,
				D536BA1918F6843A00EBBA4B /* libSocialQQ.a */,
				D592FDF918EA8C940073656D /* TencentOpenAPI.framework */,
				D5049E2918AB0FEC00AC5A98 /* libSocialWechat.a */,
				D5D8CB12187BF0AF008B88E5 /* MobClick.h */,
				D5D8CAAF187ABA00008B88E5 /* libMobClickLibrary.a */,
				D5CB5ECE184DE96B00802F70 /* OpenGLES.framework */,
				D50F1DE51848A28B00899245 /* UMAnalytics_Sdk_2.2.0.OpenUDID */,
				D5E35B3B17E982AD0032AB69 /* libsqlite3.0.dylib */,
				D54F814417B217D4007D73AE /* libz.dylib */,
				D54F814217B217CF007D73AE /* libstdc++.dylib */,
				D54F813E17B217BF007D73AE /* libsqlite3.dylib */,
				D5E934A118472B8C008D396C /* Security.framework */,
				D58531E817C1DF4D009E2D27 /* CoreTelephony.framework */,
				D54F813C17B217AE007D73AE /* SystemConfiguration.framework */,
				D54F813A17B217A9007D73AE /* libiconv.dylib */,
				D5743850160835A400C7AD07 /* QuartzCore.framework */,
				D574384A1608351300C7AD07 /* MessageUI.framework */,
				D5743848160834FF00C7AD07 /* MapKit.framework */,
				D5743846160834F900C7AD07 /* CoreLocation.framework */,
				D57436FA16082B1200C7AD07 /* UIKit.framework */,
				D57436FC16082B1200C7AD07 /* Foundation.framework */,
				D57436FE16082B1200C7AD07 /* CoreGraphics.framework */,
				D53D04DA185AB99100CA655F /* XCTest.framework */,
			);
			name = Frameworks;
			sourceTree = "<group>";
		};
		D574370016082B1200C7AD07 /* UMSocialSDKDemo */ = {
			isa = PBXGroup;
			children = (
				D58DC8721A2C533E00A154AC /* UMSocial_Sdk_4.2.1 */,
				D571F720188E5C8D00B97C13 /* UMSocial_Sdk_Extra_Frameworks */,
				D5EF897C166DF04300B2068D /* UI */,
				D5743852160836C700C7AD07 /* DemoImages */,
				D574370116082B1200C7AD07 /* Supporting Files */,
				D574370916082B1200C7AD07 /* AppDelegate.h */,
				D574370A16082B1200C7AD07 /* AppDelegate.m */,
			);
			path = UMSocialSDKDemo;
			sourceTree = "<group>";
		};
		D574370116082B1200C7AD07 /* Supporting Files */ = {
			isa = PBXGroup;
			children = (
				D596D9B117A8F307008102DD /* Localizable.strings */,
				D5EF8990166DF3E200B2068D /* Default-568h@2x.png */,
				D5EF898F166DF21A00B2068D /* UMSocial_Sdk_Demo-Prefix.pch */,
				D5EF898D166DF1E600B2068D /* UMSocial_Sdk_Demo-Info.plist */,
				D5EF898B166DF1AF00B2068D /* main.m */,
				D5EF897D166DF07E00B2068D /* icon_ipad.png */,
				D5EF897E166DF07E00B2068D /* icon_ipad@2x.png */,
				D5EF897F166DF07E00B2068D /* icon.png */,
				D5EF8980166DF07E00B2068D /* icon@2x.png */,
				D574370316082B1200C7AD07 /* InfoPlist.strings */,
			);
			name = "Supporting Files";
			sourceTree = "<group>";
		};
		D5743852160836C700C7AD07 /* DemoImages */ = {
			isa = PBXGroup;
			children = (
				D534FA75179FC6920067BDCF /* UMS_social_demo.png */,
				D518A99816D39A5100893507 /* UMS_settings@2x.png */,
				D580B33216B3BB7100BF3481 /* UMS_account@2x.png */,
				D580B33316B3BB7100BF3481 /* UMS_bar@2x.png */,
				D580B33416B3BB7100BF3481 /* UMS_comment@2x.png */,
				D580B33516B3BB7100BF3481 /* UMS_mutilBar@2x.png */,
				D580B33616B3BB7100BF3481 /* UMS_share@2x.png */,
			);
			path = DemoImages;
			sourceTree = "<group>";
		};
		D57C5DE71A2EAAB6005C425A /* LaiWang */ = {
			isa = PBXGroup;
			children = (
				D57C5DE81A2EAAB6005C425A /* libSocialLaiWang.a */,
				D57C5DE91A2EAAB6005C425A /* UMSocialLaiwangHandler.h */,
			);
			path = LaiWang;
			sourceTree = "<group>";
		};
		D5877E481961451D00331F08 /* Sina */ = {
			isa = PBXGroup;
			children = (
				D5877E491961451D00331F08 /* libSocialSina.a */,
				D5877E4A1961451D00331F08 /* UMSocialSinaHandler.h */,
			);
			path = Sina;
			sourceTree = "<group>";
		};
		D58DC8721A2C533E00A154AC /* UMSocial_Sdk_4.2.1 */ = {
			isa = PBXGroup;
			children = (
				D58DC8731A2C533E00A154AC /* UMSocialLocalizable.strings */,
				D58DC8751A2C533E00A154AC /* Header */,
				D58DC8811A2C533F00A154AC /* libUMSocial_Sdk_4.2.1.a */,
				D58DC8831A2C533F00A154AC /* libUMSocial_Sdk_Comment_4.2.1.a */,
				D58DC8851A2C533F00A154AC /* SocialSDKXib */,
				D58DC88E1A2C533F00A154AC /* UMSocialSDKResourcesNew.bundle */,
			);
			path = UMSocial_Sdk_4.2.1;
			sourceTree = SOURCE_ROOT;
		};
		D58DC8751A2C533E00A154AC /* Header */ = {
			isa = PBXGroup;
			children = (
				D58DC8761A2C533E00A154AC /* UMSocial.h */,
				D58DC8771A2C533E00A154AC /* UMSocialAccountManager.h */,
				D58DC8781A2C533F00A154AC /* UMSocialBar.h */,
				D58DC8791A2C533F00A154AC /* UMSocialConfig.h */,
				D58DC87A1A2C533F00A154AC /* UMSocialControllerService.h */,
				D58DC87B1A2C533F00A154AC /* UMSocialControllerServiceComment.h */,
				D58DC87C1A2C533F00A154AC /* UMSocialData.h */,
				D58DC87D1A2C533F00A154AC /* UMSocialDataService.h */,
				D58DC87E1A2C533F00A154AC /* UMSocialSnsData.h */,
				D58DC87F1A2C533F00A154AC /* UMSocialSnsPlatformManager.h */,
				D58DC8801A2C533F00A154AC /* UMSocialSnsService.h */,
			);
			path = Header;
			sourceTree = "<group>";
		};
		D58DC8851A2C533F00A154AC /* SocialSDKXib */ = {
			isa = PBXGroup;
			children = (
				D58DC8861A2C533F00A154AC /* UMSCommentDetailController.xib */,
				D58DC8871A2C533F00A154AC /* UMSCommentInputController.xib */,
				D58DC8881A2C533F00A154AC /* UMSCommentInputControlleriPad.xib */,
				D58DC8891A2C533F00A154AC /* UMShareEditViewController.xib */,
				D58DC88A1A2C533F00A154AC /* UMShareEditViewControlleriPad.xib */,
				D58DC88B1A2C533F00A154AC /* UMSLoginViewController.xib */,
				D58DC88C1A2C533F00A154AC /* UMSnsAccountViewController.xib */,
				D58DC88D1A2C533F00A154AC /* UMSShareListController.xib */,
			);
			path = SocialSDKXib;
			sourceTree = "<group>";
		};
		D592FDF018EA8B5D0073656D /* TencentOpenAPI */ = {
			isa = PBXGroup;
			children = (
				D592FDF118EA8B5D0073656D /* libSocialQQ.a */,
				D592FDF218EA8B5D0073656D /* TencentOpenAPI.framework */,
				D592FDF318EA8B5D0073656D /* TencentOpenApi_IOS_Bundle.bundle */,
				D592FDF418EA8B5D0073656D /* UMSocialQQHandler.h */,
			);
			path = TencentOpenAPI;
			sourceTree = "<group>";
		};
		D5E81DD418D04CC100F92E32 /* Wechat */ = {
			isa = PBXGroup;
			children = (
				D5E81DD518D04CC100F92E32 /* libSocialWechat.a */,
				D5E81DD618D04CC100F92E32 /* libWeChatSDK.a */,
				D5E81DD718D04CC100F92E32 /* UMSocialWechatHandler.h */,
				D5E81DD818D04CC100F92E32 /* WXApi.h */,
				D5E81DD918D04CC100F92E32 /* WXApiObject.h */,
			);
			path = Wechat;
			sourceTree = "<group>";
		};
		D5EF897C166DF04300B2068D /* UI */ = {
			isa = PBXGroup;
			children = (
				D5F92E741749B8F400EC4F53 /* UMSocialLoginViewController.h */,
				D5F92E751749B8F400EC4F53 /* UMSocialLoginViewController.m */,
				D5F92E761749B8F400EC4F53 /* UMSocialLoginViewController.xib */,
				D5F92E6A1749B8AE00EC4F53 /* UMSocialBarViewController.h */,
				D5F92E6B1749B8AE00EC4F53 /* UMSocialBarViewController.m */,
				D5F92E6C1749B8AE00EC4F53 /* UMSocialBarViewController.xib */,
				D5F92E6D1749B8AE00EC4F53 /* UMSocialSnsViewController.h */,
				D5F92E6E1749B8AF00EC4F53 /* UMSocialSnsViewController.m */,
				D5F92E6F1749B8AF00EC4F53 /* UMSocialSnsViewController.xib */,
				D580B31116B3B73A00BF3481 /* UMSocialTabBarController.h */,
				D580B31216B3B73A00BF3481 /* UMSocialTabBarController.m */,
			);
			name = UI;
			sourceTree = "<group>";
		};
/* End PBXGroup section */

/* Begin PBXNativeTarget section */
		D53D04C2185AB99100CA655F /* UMSocial_Sdk_Shake_Demo */ = {
			isa = PBXNativeTarget;
			buildConfigurationList = D53D04EC185AB99100CA655F /* Build configuration list for PBXNativeTarget "UMSocial_Sdk_Shake_Demo" */;
			buildPhases = (
				D53D04BF185AB99100CA655F /* Sources */,
				D53D04C0185AB99100CA655F /* Frameworks */,
				D53D04C1185AB99100CA655F /* Resources */,
			);
			buildRules = (
			);
			dependencies = (
			);
			name = UMSocial_Sdk_Shake_Demo;
			productName = UMSocial_Sdk_Shake_Demo;
			productReference = D53D04C3185AB99100CA655F /* UMSocial_Sdk_Shake_Demo.app */;
			productType = "com.apple.product-type.application";
		};
		D57436F516082B1200C7AD07 /* UMSocial_Sdk_Demo */ = {
			isa = PBXNativeTarget;
			buildConfigurationList = D574370E16082B1200C7AD07 /* Build configuration list for PBXNativeTarget "UMSocial_Sdk_Demo" */;
			buildPhases = (
				D57436F216082B1200C7AD07 /* Sources */,
				D57436F316082B1200C7AD07 /* Frameworks */,
				D57436F416082B1200C7AD07 /* Resources */,
			);
			buildRules = (
			);
			dependencies = (
			);
			name = UMSocial_Sdk_Demo;
			productName = UMSocialSDKDemo;
			productReference = D57436F616082B1200C7AD07 /* UMSocial.app */;
			productType = "com.apple.product-type.application";
		};
/* End PBXNativeTarget section */

/* Begin PBXProject section */
		D57436ED16082B1200C7AD07 /* Project object */ = {
			isa = PBXProject;
			attributes = {
				LastUpgradeCheck = 0510;
				ORGANIZATIONNAME = yeahugo;
				TargetAttributes = {
					D57436F516082B1200C7AD07 = {
						DevelopmentTeam = 486K7NX823;
					};
				};
			};
			buildConfigurationList = D57436F016082B1200C7AD07 /* Build configuration list for PBXProject "UMSocial_Sdk_Demo" */;
			compatibilityVersion = "Xcode 3.2";
			developmentRegion = English;
			hasScannedForEncodings = 0;
			knownRegions = (
				en,
				"zh-Hans",
			);
			mainGroup = D57436EB16082B1200C7AD07;
			productRefGroup = D57436F716082B1200C7AD07 /* Products */;
			projectDirPath = "";
			projectRoot = "";
			targets = (
				D57436F516082B1200C7AD07 /* UMSocial_Sdk_Demo */,
				D53D04C2185AB99100CA655F /* UMSocial_Sdk_Shake_Demo */,
			);
		};
/* End PBXProject section */

/* Begin PBXResourcesBuildPhase section */
		D53D04C1185AB99100CA655F /* Resources */ = {
			isa = PBXResourcesBuildPhase;
			buildActionMask = 2147483647;
			files = (
				D58DC8A01A2C540300A154AC /* UMSocialLocalizable.strings in Resources */,
				D58DC89F1A2C53E100A154AC /* UMSocialSDKResourcesNew.bundle in Resources */,
				D5CA6CBD18F8068D0020E01A /* TencentOpenApi_IOS_Bundle.bundle in Resources */,
				D53D04D4185AB99100CA655F /* Images.xcassets in Resources */,
				D53D04FE185ACAC400CA655F /* Movie.m4v in Resources */,
				D53D04F7185ABBC500CA655F /* MediaPlayerDemoViewController.xib in Resources */,
			);
			runOnlyForDeploymentPostprocessing = 0;
		};
		D57436F416082B1200C7AD07 /* Resources */ = {
			isa = PBXResourcesBuildPhase;
			buildActionMask = 2147483647;
			files = (
				D58DC8971A2C533F00A154AC /* UMSCommentInputControlleriPad.xib in Resources */,
				D574370516082B1200C7AD07 /* InfoPlist.strings in Resources */,
				D5EF8983166DF07E00B2068D /* icon_ipad.png in Resources */,
				D58DC89C1A2C533F00A154AC /* UMSShareListController.xib in Resources */,
				D58DC8901A2C533F00A154AC /* UMSocialLocalizable.strings in Resources */,
				D5EF8984166DF07E00B2068D /* icon_ipad@2x.png in Resources */,
				D5EF8985166DF07E00B2068D /* icon.png in Resources */,
				D5EF8986166DF07E00B2068D /* icon@2x.png in Resources */,
				D5EF8991166DF3E200B2068D /* Default-568h@2x.png in Resources */,
				D58DC8981A2C533F00A154AC /* UMShareEditViewController.xib in Resources */,
				D571F741188E5C8E00B97C13 /* ios-social-sdk-shake.html in Resources */,
				D58DC8991A2C533F00A154AC /* UMShareEditViewControlleriPad.xib in Resources */,
				D580B33716B3BB7100BF3481 /* UMS_account@2x.png in Resources */,
				D58DC8951A2C533F00A154AC /* UMSCommentDetailController.xib in Resources */,
				D580B33816B3BB7100BF3481 /* UMS_bar@2x.png in Resources */,
				D580B33916B3BB7100BF3481 /* UMS_comment@2x.png in Resources */,
				D592FDF718EA8B5D0073656D /* TencentOpenApi_IOS_Bundle.bundle in Resources */,
				D58DC89B1A2C533F00A154AC /* UMSnsAccountViewController.xib in Resources */,
				D580B33A16B3BB7100BF3481 /* UMS_mutilBar@2x.png in Resources */,
				D571F743188E5C8E00B97C13 /* ios-social-sdk-shake.html in Resources */,
				D58DC89A1A2C533F00A154AC /* UMSLoginViewController.xib in Resources */,
				D580B33B16B3BB7100BF3481 /* UMS_share@2x.png in Resources */,
				D518A99916D39A5100893507 /* UMS_settings@2x.png in Resources */,
				D5F92E711749B8AF00EC4F53 /* UMSocialBarViewController.xib in Resources */,
				D58DC89D1A2C533F00A154AC /* UMSocialSDKResourcesNew.bundle in Resources */,
				D58DC8961A2C533F00A154AC /* UMSCommentInputController.xib in Resources */,
				D5F92E731749B8AF00EC4F53 /* UMSocialSnsViewController.xib in Resources */,
				D5F92E781749B8F500EC4F53 /* UMSocialLoginViewController.xib in Resources */,
				D534FA76179FC6920067BDCF /* UMS_social_demo.png in Resources */,
			);
			runOnlyForDeploymentPostprocessing = 0;
		};
/* End PBXResourcesBuildPhase section */

/* Begin PBXSourcesBuildPhase section */
		D53D04BF185AB99100CA655F /* Sources */ = {
			isa = PBXSourcesBuildPhase;
			buildActionMask = 2147483647;
			files = (
				D53D04F6185ABBC500CA655F /* MediaPlayerDemoViewController.m in Sources */,
				D53D04D2185AB99100CA655F /* AppDelegate.m in Sources */,
				D53D04CE185AB99100CA655F /* main.m in Sources */,
			);
			runOnlyForDeploymentPostprocessing = 0;
		};
		D57436F216082B1200C7AD07 /* Sources */ = {
			isa = PBXSourcesBuildPhase;
			buildActionMask = 2147483647;
			files = (
				D574370B16082B1200C7AD07 /* AppDelegate.m in Sources */,
				D5EF898C166DF1AF00B2068D /* main.m in Sources */,
				D580B31316B3B73A00BF3481 /* UMSocialTabBarController.m in Sources */,
				D5F92E701749B8AF00EC4F53 /* UMSocialBarViewController.m in Sources */,
				D5F92E721749B8AF00EC4F53 /* UMSocialSnsViewController.m in Sources */,
				D5F92E771749B8F500EC4F53 /* UMSocialLoginViewController.m in Sources */,
			);
			runOnlyForDeploymentPostprocessing = 0;
		};
/* End PBXSourcesBuildPhase section */

/* Begin PBXVariantGroup section */
		D53D04CA185AB99100CA655F /* InfoPlist.strings */ = {
			isa = PBXVariantGroup;
			children = (
				D53D04CB185AB99100CA655F /* en */,
			);
			name = InfoPlist.strings;
			sourceTree = "<group>";
		};
		D574370316082B1200C7AD07 /* InfoPlist.strings */ = {
			isa = PBXVariantGroup;
			children = (
				D574370416082B1200C7AD07 /* en */,
			);
			name = InfoPlist.strings;
			sourceTree = "<group>";
		};
		D58DC8731A2C533E00A154AC /* UMSocialLocalizable.strings */ = {
			isa = PBXVariantGroup;
			children = (
				D58DC8741A2C533E00A154AC /* en */,
				D58DC88F1A2C533F00A154AC /* zh-Hans */,
			);
			name = UMSocialLocalizable.strings;
			sourceTree = "<group>";
		};
		D596D9B117A8F307008102DD /* Localizable.strings */ = {
			isa = PBXVariantGroup;
			children = (
				D596D9B417A8F30F008102DD /* zh-Hans */,
			);
			name = Localizable.strings;
			sourceTree = "<group>";
		};
/* End PBXVariantGroup section */

/* Begin XCBuildConfiguration section */
		D53D04E8185AB99100CA655F /* Debug */ = {
			isa = XCBuildConfiguration;
			buildSettings = {
				ARCHS = "$(ARCHS_STANDARD_32_BIT)";
				ASSETCATALOG_COMPILER_APPICON_NAME = AppIcon;
				ASSETCATALOG_COMPILER_LAUNCHIMAGE_NAME = LaunchImage;
				CLANG_CXX_LIBRARY = "libc++";
				CLANG_ENABLE_MODULES = YES;
				CLANG_ENABLE_OBJC_ARC = YES;
				CLANG_MODULES_AUTOLINK = YES;
				CLANG_WARN_DIRECT_OBJC_ISA_USAGE = YES_ERROR;
				CLANG_WARN_OBJC_ROOT_CLASS = YES_ERROR;
				CODE_SIGN_IDENTITY = "iPhone Developer";
				"CODE_SIGN_IDENTITY[sdk=iphoneos*]" = "iPhone Developer";
				FRAMEWORK_SEARCH_PATHS = (
					"$(inherited)",
					/Users/yeahugo/Documents/project/SocialiOSSDK/UMSocial_Sdk_Extra_Frameworks/TencentOpenAPI,
					"$(PROJECT_DIR)/UMSocial_Sdk_Extra_Frameworks/TencentOpenAPI",
				);
				GCC_PRECOMPILE_PREFIX_HEADER = YES;
				GCC_PREFIX_HEADER = "UMSocial_Sdk_Shake_Demo/UMSocial_Sdk_Shake_Demo-Prefix.pch";
				GCC_PREPROCESSOR_DEFINITIONS = (
					"DEBUG=1",
					"$(inherited)",
				);
				GCC_WARN_64_TO_32_BIT_CONVERSION = YES;
				GCC_WARN_ABOUT_RETURN_TYPE = YES_ERROR;
				HEADER_SEARCH_PATHS = "$(inherited)";
				INFOPLIST_FILE = "UMSocial_Sdk_Shake_Demo/UMSocial_Sdk_Shake_Demo-Info.plist";
				IPHONEOS_DEPLOYMENT_TARGET = 4.3;
				LIBRARY_SEARCH_PATHS = (
					"$(inherited)",
					"$(PROJECT_DIR)/UMSocial_Sdk_4.2.1",
					"$(PROJECT_DIR)/UMSocial_Sdk_Extra_Frameworks/LaiWang",
				);
				OTHER_LDFLAGS = (
					"-all_load",
					"-ObjC",
				);
				PRODUCT_NAME = "$(TARGET_NAME)";
				PROVISIONING_PROFILE = "";
				TARGETED_DEVICE_FAMILY = "1,2";
				VALID_ARCHS = "armv7 armv7s";
				WRAPPER_EXTENSION = app;
			};
			name = Debug;
		};
		D53D04E9185AB99100CA655F /* Release */ = {
			isa = XCBuildConfiguration;
			buildSettings = {
				ARCHS = "$(ARCHS_STANDARD_32_BIT)";
				ASSETCATALOG_COMPILER_APPICON_NAME = AppIcon;
				ASSETCATALOG_COMPILER_LAUNCHIMAGE_NAME = LaunchImage;
				CLANG_CXX_LIBRARY = "libc++";
				CLANG_ENABLE_MODULES = YES;
				CLANG_ENABLE_OBJC_ARC = YES;
				CLANG_MODULES_AUTOLINK = YES;
				CLANG_WARN_DIRECT_OBJC_ISA_USAGE = YES_ERROR;
				CLANG_WARN_OBJC_ROOT_CLASS = YES_ERROR;
				CODE_SIGN_IDENTITY = "iPhone Developer";
				"CODE_SIGN_IDENTITY[sdk=iphoneos*]" = "iPhone Developer";
				ENABLE_NS_ASSERTIONS = NO;
				FRAMEWORK_SEARCH_PATHS = (
					"$(inherited)",
					/Users/yeahugo/Documents/project/SocialiOSSDK/UMSocial_Sdk_Extra_Frameworks/TencentOpenAPI,
					"$(PROJECT_DIR)/UMSocial_Sdk_Extra_Frameworks/TencentOpenAPI",
				);
				GCC_PRECOMPILE_PREFIX_HEADER = YES;
				GCC_PREFIX_HEADER = "UMSocial_Sdk_Shake_Demo/UMSocial_Sdk_Shake_Demo-Prefix.pch";
				GCC_WARN_64_TO_32_BIT_CONVERSION = YES;
				GCC_WARN_ABOUT_RETURN_TYPE = YES_ERROR;
				HEADER_SEARCH_PATHS = "$(inherited)";
				INFOPLIST_FILE = "UMSocial_Sdk_Shake_Demo/UMSocial_Sdk_Shake_Demo-Info.plist";
				IPHONEOS_DEPLOYMENT_TARGET = 4.3;
				LIBRARY_SEARCH_PATHS = (
					"$(inherited)",
					"$(PROJECT_DIR)/UMSocial_Sdk_4.2.1",
					"$(PROJECT_DIR)/UMSocial_Sdk_Extra_Frameworks/LaiWang",
				);
				OTHER_LDFLAGS = (
					"-all_load",
					"-ObjC",
				);
				PRODUCT_NAME = "$(TARGET_NAME)";
				PROVISIONING_PROFILE = "";
				TARGETED_DEVICE_FAMILY = "1,2";
				VALID_ARCHS = "armv7 armv7s";
				WRAPPER_EXTENSION = app;
			};
			name = Release;
		};
		D574370C16082B1200C7AD07 /* Debug */ = {
			isa = XCBuildConfiguration;
			buildSettings = {
				ALWAYS_SEARCH_USER_PATHS = NO;
				CLANG_CXX_LANGUAGE_STANDARD = "gnu++0x";
				CLANG_WARN_BOOL_CONVERSION = YES;
				CLANG_WARN_CONSTANT_CONVERSION = YES;
				CLANG_WARN_EMPTY_BODY = YES;
				CLANG_WARN_ENUM_CONVERSION = YES;
				CLANG_WARN_INT_CONVERSION = YES;
				CLANG_WARN__DUPLICATE_METHOD_MATCH = YES;
				CODE_SIGN_IDENTITY = "iPhone Developer";
				"CODE_SIGN_IDENTITY[sdk=iphoneos*]" = "iPhone Developer";
				COPY_PHASE_STRIP = NO;
				FRAMEWORK_SEARCH_PATHS = (
					"\"$(SRCROOT)/UMSocial_Sdk_Extra_Frameworks\"",
					"\"$(SRCROOT)/UMSocial_Sdk_Extra_Frameworks/TencentOpenAPI\"",
				);
				GCC_C_LANGUAGE_STANDARD = gnu99;
				GCC_DYNAMIC_NO_PIC = NO;
				GCC_OPTIMIZATION_LEVEL = 0;
				GCC_PREPROCESSOR_DEFINITIONS = (
					"DEBUG=1",
					"$(inherited)",
				);
				GCC_SYMBOLS_PRIVATE_EXTERN = NO;
				GCC_VERSION = com.apple.compilers.llvm.clang.1_0;
				GCC_WARN_64_TO_32_BIT_CONVERSION = YES;
				GCC_WARN_ABOUT_RETURN_TYPE = YES;
				GCC_WARN_UNDECLARED_SELECTOR = YES;
				GCC_WARN_UNINITIALIZED_AUTOS = YES;
				GCC_WARN_UNUSED_FUNCTION = YES;
				GCC_WARN_UNUSED_VARIABLE = YES;
				HEADER_SEARCH_PATHS = (
					"\"$(SRCROOT)/UMSocial_Sdk_Extra_Frameworks/TencentOpenAPI\"",
					"\"$(SRCROOT)/UMSocial_Sdk_Extra_Frameworks/LaiWang\"",
					"\"$(SRCROOT)/UMSocial_Sdk_Extra_Frameworks/Facebook\"",
					"\"$(SRCROOT)/UMSocialSDKDemo/UMAnalytics_Sdk_2.2.0.OpenUDID\"",
					"\"$(SRCROOT)/UMSocial_Sdk_Extra_Frameworks/UMSocial_Shake_Sdk\"",
					"\"$(SRCROOT)/UMSocial_Sdk_Extra_Frameworks/UMSocial_ScreenShot_Sdk\"",
					"\"$(SRCROOT)/UMSocial_Sdk_Extra_Frameworks\"",
					"\"$(SRCROOT)/UMSocial_Sdk_Extra_Frameworks/YiXin\"",
					"\"$(SRCROOT)/UMSocial_Sdk_Extra_Frameworks/Instagram\"",
					"\"$(SRCROOT)/UMSocial_Sdk_Extra_Frameworks/Twitter\"",
					"\"$(SRCROOT)/UMSocial_Sdk_Extra_Frameworks/Wechat\"",
				);
				IPHONEOS_DEPLOYMENT_TARGET = 4.3;
				LIBRARY_SEARCH_PATHS = (
					"\"$(SRCROOT)/UMSocial_Sdk_Extra_Frameworks/UMSocial_ScreenShot_Sdk\"",
					"\"$(SRCROOT)/UMSocial_Sdk_Extra_Frameworks/Wechat\"",
					"\"$(SRCROOT)/UMSocialSDKDemo/UMAnalytics_Sdk_2.2.0.OpenUDID/\"",
					"\"$(SRCROOT)/UMSocial_Sdk_Extra_Frameworks/TencentOpenAPI\"",
					"\"$(SRCROOT)/UMSocial_Sdk_Extra_Frameworks/UMSocial_Shake_Sdk\"",
					"\"$(SRCROOT)/UMSocial_Sdk_Extra_Frameworks/LaiWang\"",
					"\"$(SRCROOT)/UMSocial_Sdk_Extra_Frameworks/Facebook\"",
					"\"$(SRCROOT)/UMSocial_Sdk_Extra_Frameworks/YiXin\"",
					"\"$(SRCROOT)/UMSocial_Sdk_Extra_Frameworks/Instagram\"",
					"\"$(SRCROOT)/UMSocial_Sdk_Extra_Frameworks/Twitter\"",
					"\"$(SRCROOT)/UMSocial_Sdk_Extra_Frameworks/Renren\"",
					"\"$(SRCROOT)/UMSocial_Sdk_Extra_Frameworks/TencentWeibo\"",
					"\"$(SRCROOT)/UMSocial_Sdk_Extra_Frameworks/Sina\"",
				);
				ONLY_ACTIVE_ARCH = YES;
				OTHER_LDFLAGS = "";
				PROVISIONING_PROFILE = "";
				SDKROOT = iphoneos;
			};
			name = Debug;
		};
		D574370D16082B1200C7AD07 /* Release */ = {
			isa = XCBuildConfiguration;
			buildSettings = {
				ALWAYS_SEARCH_USER_PATHS = NO;
				CLANG_CXX_LANGUAGE_STANDARD = "gnu++0x";
				CLANG_WARN_BOOL_CONVERSION = YES;
				CLANG_WARN_CONSTANT_CONVERSION = YES;
				CLANG_WARN_EMPTY_BODY = YES;
				CLANG_WARN_ENUM_CONVERSION = YES;
				CLANG_WARN_INT_CONVERSION = YES;
				CLANG_WARN__DUPLICATE_METHOD_MATCH = YES;
				CODE_SIGN_IDENTITY = "iPhone Developer";
				"CODE_SIGN_IDENTITY[sdk=iphoneos*]" = "iPhone Developer";
				COPY_PHASE_STRIP = YES;
				FRAMEWORK_SEARCH_PATHS = (
					"\"$(SRCROOT)/UMSocial_Sdk_Extra_Frameworks\"",
					"\"$(SRCROOT)/UMSocial_Sdk_Extra_Frameworks/TencentOpenAPI\"",
				);
				GCC_C_LANGUAGE_STANDARD = gnu99;
				GCC_VERSION = com.apple.compilers.llvm.clang.1_0;
				GCC_WARN_64_TO_32_BIT_CONVERSION = YES;
				GCC_WARN_ABOUT_RETURN_TYPE = YES;
				GCC_WARN_UNDECLARED_SELECTOR = YES;
				GCC_WARN_UNINITIALIZED_AUTOS = YES;
				GCC_WARN_UNUSED_FUNCTION = YES;
				GCC_WARN_UNUSED_VARIABLE = YES;
				HEADER_SEARCH_PATHS = (
					"\"$(SRCROOT)/UMSocial_Sdk_Extra_Frameworks/TencentOpenAPI\"",
					"\"$(SRCROOT)/UMSocial_Sdk_Extra_Frameworks/LaiWang\"",
					"\"$(SRCROOT)/UMSocial_Sdk_Extra_Frameworks/Facebook\"",
					"\"$(SRCROOT)/UMSocialSDKDemo/UMAnalytics_Sdk_2.2.0.OpenUDID\"",
					"\"$(SRCROOT)/UMSocial_Sdk_Extra_Frameworks/UMSocial_Shake_Sdk\"",
					"\"$(SRCROOT)/UMSocial_Sdk_Extra_Frameworks/UMSocial_ScreenShot_Sdk\"",
					"\"$(SRCROOT)/UMSocial_Sdk_Extra_Frameworks\"",
					"\"$(SRCROOT)/UMSocial_Sdk_Extra_Frameworks/YiXin\"",
					"\"$(SRCROOT)/UMSocial_Sdk_Extra_Frameworks/Instagram\"",
					"\"$(SRCROOT)/UMSocial_Sdk_Extra_Frameworks/Twitter\"",
					"\"$(SRCROOT)/UMSocial_Sdk_Extra_Frameworks/Wechat\"",
				);
				IPHONEOS_DEPLOYMENT_TARGET = 4.3;
				LIBRARY_SEARCH_PATHS = (
					"\"$(SRCROOT)/UMSocial_Sdk_Extra_Frameworks/UMSocial_ScreenShot_Sdk\"",
					"\"$(SRCROOT)/UMSocial_Sdk_Extra_Frameworks/Wechat\"",
					"\"$(SRCROOT)/UMSocialSDKDemo/UMAnalytics_Sdk_2.2.0.OpenUDID/\"",
					"\"$(SRCROOT)/UMSocial_Sdk_Extra_Frameworks/TencentOpenAPI\"",
					"\"$(SRCROOT)/UMSocial_Sdk_Extra_Frameworks/UMSocial_Shake_Sdk\"",
					"\"$(SRCROOT)/UMSocial_Sdk_Extra_Frameworks/LaiWang\"",
					"\"$(SRCROOT)/UMSocial_Sdk_Extra_Frameworks/Facebook\"",
					"\"$(SRCROOT)/UMSocial_Sdk_Extra_Frameworks/YiXin\"",
					"\"$(SRCROOT)/UMSocial_Sdk_Extra_Frameworks/Instagram\"",
					"\"$(SRCROOT)/UMSocial_Sdk_Extra_Frameworks/Twitter\"",
					"\"$(SRCROOT)/UMSocial_Sdk_Extra_Frameworks/Renren\"",
					"\"$(SRCROOT)/UMSocial_Sdk_Extra_Frameworks/TencentWeibo\"",
					"\"$(SRCROOT)/UMSocial_Sdk_Extra_Frameworks/Sina\"",
				);
				OTHER_CFLAGS = "-DNS_BLOCK_ASSERTIONS=1";
				OTHER_LDFLAGS = "";
				PROVISIONING_PROFILE = "";
				SDKROOT = iphoneos;
				VALIDATE_PRODUCT = YES;
			};
			name = Release;
		};
		D574370F16082B1200C7AD07 /* Debug */ = {
			isa = XCBuildConfiguration;
			buildSettings = {
				ARCHS = (
					"$(ARCHS_STANDARD_32_BIT)",
					armv7s,
				);
				CLANG_ENABLE_OBJC_ARC = YES;
				CODE_SIGN_IDENTITY = "iPhone Developer";
				"CODE_SIGN_IDENTITY[sdk=iphoneos*]" = "iPhone Developer";
				FRAMEWORK_SEARCH_PATHS = (
					"$(inherited)",
					"$(PROJECT_DIR)/UMSocial_Sdk_Extra_Frameworks/Renren",
					/Users/yeahugo/Documents/project/SocialiOSSDK/UMSocial_Sdk_Extra_Frameworks/Renren,
				);
				GCC_PRECOMPILE_PREFIX_HEADER = YES;
				GCC_PREFIX_HEADER = "UMSocialSDKDemo/UMSocial_Sdk_Demo-Prefix.pch";
				GCC_TREAT_WARNINGS_AS_ERRORS = NO;
				GCC_VERSION = com.apple.compilers.llvm.clang.1_0;
				GCC_WARN_ABOUT_DEPRECATED_FUNCTIONS = NO;
				HEADER_SEARCH_PATHS = "$(inherited)";
				INFOPLIST_FILE = "UMSocialSDKDemo/UMSocial_Sdk_Demo-Info.plist";
				IPHONEOS_DEPLOYMENT_TARGET = 4.3;
				LIBRARY_SEARCH_PATHS = (
					"$(inherited)",
					"$(PROJECT_DIR)/UMSocial_Sdk_Extra_Frameworks/Line",
					"$(PROJECT_DIR)/UMSocial_Sdk_Extra_Frameworks/Tumblr",
					"$(PROJECT_DIR)/UMSocial_Sdk_Extra_Frameworks/Whatsapp",
					"$(PROJECT_DIR)/UMSocial_Sdk_Extra_Frameworks/YiXin",
					"$(PROJECT_DIR)/UMSocial_Sdk_Extra_Frameworks/TencentWeibo",
					"$(PROJECT_DIR)/UMSocial_Sdk_4.2.1",
					"$(PROJECT_DIR)/UMSocial_Sdk_Extra_Frameworks/LaiWang",
					/Users/yeahugo/Documents/project/SocialiOSSDK/UMSocial_Sdk_Extra_Frameworks/Renren,
				);
				OTHER_LDFLAGS = "-Objc";
				PRODUCT_NAME = UMSocial;
				PROVISIONING_PROFILE = "";
				RUN_CLANG_STATIC_ANALYZER = YES;
				TARGETED_DEVICE_FAMILY = "1,2";
				VALID_ARCHS = "armv7 armv7s x86 arm64 x86_64";
				WRAPPER_EXTENSION = app;
			};
			name = Debug;
		};
		D574371016082B1200C7AD07 /* Release */ = {
			isa = XCBuildConfiguration;
			buildSettings = {
				ARCHS = (
					"$(ARCHS_STANDARD_32_BIT)",
					armv7s,
				);
				CLANG_ENABLE_OBJC_ARC = YES;
				CODE_SIGN_IDENTITY = "iPhone Developer";
				"CODE_SIGN_IDENTITY[sdk=iphoneos*]" = "iPhone Developer";
				FRAMEWORK_SEARCH_PATHS = (
					"$(inherited)",
					"$(PROJECT_DIR)/UMSocial_Sdk_Extra_Frameworks/Renren",
					/Users/yeahugo/Documents/project/SocialiOSSDK/UMSocial_Sdk_Extra_Frameworks/Renren,
				);
				GCC_PRECOMPILE_PREFIX_HEADER = YES;
				GCC_PREFIX_HEADER = "UMSocialSDKDemo/UMSocial_Sdk_Demo-Prefix.pch";
				GCC_TREAT_WARNINGS_AS_ERRORS = NO;
				GCC_VERSION = com.apple.compilers.llvm.clang.1_0;
				GCC_WARN_ABOUT_DEPRECATED_FUNCTIONS = NO;
				HEADER_SEARCH_PATHS = "$(inherited)";
				INFOPLIST_FILE = "UMSocialSDKDemo/UMSocial_Sdk_Demo-Info.plist";
				IPHONEOS_DEPLOYMENT_TARGET = 4.3;
				LIBRARY_SEARCH_PATHS = (
					"$(inherited)",
					"$(PROJECT_DIR)/UMSocial_Sdk_Extra_Frameworks/Line",
					"$(PROJECT_DIR)/UMSocial_Sdk_Extra_Frameworks/Tumblr",
					"$(PROJECT_DIR)/UMSocial_Sdk_Extra_Frameworks/Whatsapp",
					"$(PROJECT_DIR)/UMSocial_Sdk_Extra_Frameworks/YiXin",
					"$(PROJECT_DIR)/UMSocial_Sdk_Extra_Frameworks/TencentWeibo",
					"$(PROJECT_DIR)/UMSocial_Sdk_4.2.1",
					"$(PROJECT_DIR)/UMSocial_Sdk_Extra_Frameworks/LaiWang",
					/Users/yeahugo/Documents/project/SocialiOSSDK/UMSocial_Sdk_Extra_Frameworks/Renren,
				);
				OTHER_LDFLAGS = "-Objc";
				PRODUCT_NAME = UMSocial;
				PROVISIONING_PROFILE = "";
				RUN_CLANG_STATIC_ANALYZER = YES;
				TARGETED_DEVICE_FAMILY = "1,2";
				VALID_ARCHS = "armv7 armv7s x86 arm64 x86_64";
				WRAPPER_EXTENSION = app;
			};
			name = Release;
		};
/* End XCBuildConfiguration section */

/* Begin XCConfigurationList section */
		D53D04EC185AB99100CA655F /* Build configuration list for PBXNativeTarget "UMSocial_Sdk_Shake_Demo" */ = {
			isa = XCConfigurationList;
			buildConfigurations = (
				D53D04E8185AB99100CA655F /* Debug */,
				D53D04E9185AB99100CA655F /* Release */,
			);
			defaultConfigurationIsVisible = 0;
			defaultConfigurationName = Release;
		};
		D57436F016082B1200C7AD07 /* Build configuration list for PBXProject "UMSocial_Sdk_Demo" */ = {
			isa = XCConfigurationList;
			buildConfigurations = (
				D574370C16082B1200C7AD07 /* Debug */,
				D574370D16082B1200C7AD07 /* Release */,
			);
			defaultConfigurationIsVisible = 0;
			defaultConfigurationName = Release;
		};
		D574370E16082B1200C7AD07 /* Build configuration list for PBXNativeTarget "UMSocial_Sdk_Demo" */ = {
			isa = XCConfigurationList;
			buildConfigurations = (
				D574370F16082B1200C7AD07 /* Debug */,
				D574371016082B1200C7AD07 /* Release */,
			);
			defaultConfigurationIsVisible = 0;
			defaultConfigurationName = Release;
		};
/* End XCConfigurationList section */
	};
	rootObject = D57436ED16082B1200C7AD07 /* Project object */;
}
