// !$*UTF8*$!
{
	archiveVersion = 1;
	classes = {
	};
	objectVersion = 46;
	objects = {

/* Begin PBXBuildFile section */
		D50FACF6162412B000441B8B /* Default-568h@2x.png in Resources */ = {isa = PBXBuildFile; fileRef = D50FACF3162411E900441B8B /* Default-568h@2x.png */; };
		D57436FB16082B1200C7AD07 /* UIKit.framework in Frameworks */ = {isa = PBXBuildFile; fileRef = D57436FA16082B1200C7AD07 /* UIKit.framework */; };
		D57436FD16082B1200C7AD07 /* Foundation.framework in Frameworks */ = {isa = PBXBuildFile; fileRef = D57436FC16082B1200C7AD07 /* Foundation.framework */; };
		D57436FF16082B1200C7AD07 /* CoreGraphics.framework in Frameworks */ = {isa = PBXBuildFile; fileRef = D57436FE16082B1200C7AD07 /* CoreGraphics.framework */; };
		D574370516082B1200C7AD07 /* InfoPlist.strings in Resources */ = {isa = PBXBuildFile; fileRef = D574370316082B1200C7AD07 /* InfoPlist.strings */; };
		D574370716082B1200C7AD07 /* main.m in Sources */ = {isa = PBXBuildFile; fileRef = D574370616082B1200C7AD07 /* main.m */; };
		D574370B16082B1200C7AD07 /* AppDelegate.m in Sources */ = {isa = PBXBuildFile; fileRef = D574370A16082B1200C7AD07 /* AppDelegate.m */; };
		D574372316082B3D00C7AD07 /* UMSocialAccountViewController.m in Sources */ = {isa = PBXBuildFile; fileRef = D574371216082B3D00C7AD07 /* UMSocialAccountViewController.m */; };
		D574372416082B3D00C7AD07 /* UMSocialBarViewController.m in Sources */ = {isa = PBXBuildFile; fileRef = D574371416082B3D00C7AD07 /* UMSocialBarViewController.m */; };
		D574372516082B3D00C7AD07 /* UMSocialBarViewController.xib in Resources */ = {isa = PBXBuildFile; fileRef = D574371516082B3D00C7AD07 /* UMSocialBarViewController.xib */; };
		D574372616082B3D00C7AD07 /* UMSocialCommentViewController.m in Sources */ = {isa = PBXBuildFile; fileRef = D574371716082B3D00C7AD07 /* UMSocialCommentViewController.m */; };
		D574372816082B3D00C7AD07 /* UMSocialShareViewController.m in Sources */ = {isa = PBXBuildFile; fileRef = D574371B16082B3D00C7AD07 /* UMSocialShareViewController.m */; };
		D574372916082B3D00C7AD07 /* UMSocialShareViewController.xib in Resources */ = {isa = PBXBuildFile; fileRef = D574371C16082B3D00C7AD07 /* UMSocialShareViewController.xib */; };
		D574372B16082B3D00C7AD07 /* UMSocialTableViewCell.m in Sources */ = {isa = PBXBuildFile; fileRef = D574372016082B3D00C7AD07 /* UMSocialTableViewCell.m */; };
		D574372C16082B3D00C7AD07 /* UMSocialTableViewController.m in Sources */ = {isa = PBXBuildFile; fileRef = D574372216082B3D00C7AD07 /* UMSocialTableViewController.m */; };
		D57437BF1608346000C7AD07 /* UMS_account_normal@2x.png in Resources */ = {isa = PBXBuildFile; fileRef = D57437311608346000C7AD07 /* UMS_account_normal@2x.png */; };
		D57437C01608346000C7AD07 /* UMS_account_tap@2x.png in Resources */ = {isa = PBXBuildFile; fileRef = D57437321608346000C7AD07 /* UMS_account_tap@2x.png */; };
		D57437C11608346000C7AD07 /* UMS_action-bar-bg@2x.png in Resources */ = {isa = PBXBuildFile; fileRef = D57437331608346000C7AD07 /* UMS_action-bar-bg@2x.png */; };
		D57437C21608346000C7AD07 /* UMS_comment_normal@2x.png in Resources */ = {isa = PBXBuildFile; fileRef = D57437341608346000C7AD07 /* UMS_comment_normal@2x.png */; };
		D57437C31608346000C7AD07 /* UMS_comment_tap@2x.png in Resources */ = {isa = PBXBuildFile; fileRef = D57437351608346000C7AD07 /* UMS_comment_tap@2x.png */; };
		D57437C41608346000C7AD07 /* UMS_like_off@2x.png in Resources */ = {isa = PBXBuildFile; fileRef = D57437361608346000C7AD07 /* UMS_like_off@2x.png */; };
		D57437C51608346000C7AD07 /* UMS_like_on@2x.png in Resources */ = {isa = PBXBuildFile; fileRef = D57437371608346000C7AD07 /* UMS_like_on@2x.png */; };
		D57437C61608346000C7AD07 /* UMS_share_normal@2x.png in Resources */ = {isa = PBXBuildFile; fileRef = D57437381608346000C7AD07 /* UMS_share_normal@2x.png */; };
		D57437C71608346000C7AD07 /* UMS_share_tap@2x.png in Resources */ = {isa = PBXBuildFile; fileRef = D57437391608346000C7AD07 /* UMS_share_tap@2x.png */; };
		D57437C81608346000C7AD07 /* UMS_view@2x.png in Resources */ = {isa = PBXBuildFile; fileRef = D574373A1608346000C7AD07 /* UMS_view@2x.png */; };
		D57437D31608346000C7AD07 /* UMS_account_bg@2x.png in Resources */ = {isa = PBXBuildFile; fileRef = D57437471608346000C7AD07 /* UMS_account_bg@2x.png */; };
		D57437D41608346000C7AD07 /* UMS_cancel_location_normal.png in Resources */ = {isa = PBXBuildFile; fileRef = D57437481608346000C7AD07 /* UMS_cancel_location_normal.png */; };
		D57437D51608346000C7AD07 /* UMS_cancel_location_normal@2x.png in Resources */ = {isa = PBXBuildFile; fileRef = D57437491608346000C7AD07 /* UMS_cancel_location_normal@2x.png */; };
		D57437D61608346000C7AD07 /* UMS_cancel_location_tap.png in Resources */ = {isa = PBXBuildFile; fileRef = D574374A1608346000C7AD07 /* UMS_cancel_location_tap.png */; };
		D57437D71608346000C7AD07 /* UMS_cancel_location_tap@2x.png in Resources */ = {isa = PBXBuildFile; fileRef = D574374B1608346000C7AD07 /* UMS_cancel_location_tap@2x.png */; };
		D57437D81608346000C7AD07 /* UMS_Check.png in Resources */ = {isa = PBXBuildFile; fileRef = D574374C1608346000C7AD07 /* UMS_Check.png */; };
		D57437D91608346000C7AD07 /* UMS_Check@2x.png in Resources */ = {isa = PBXBuildFile; fileRef = D574374D1608346000C7AD07 /* UMS_Check@2x.png */; };
		D57437DA1608346000C7AD07 /* UMS_comment_bar_background.png in Resources */ = {isa = PBXBuildFile; fileRef = D574374E1608346000C7AD07 /* UMS_comment_bar_background.png */; };
		D57437DB1608346000C7AD07 /* UMS_comment_bar_background@2x.png in Resources */ = {isa = PBXBuildFile; fileRef = D574374F1608346000C7AD07 /* UMS_comment_bar_background@2x.png */; };
		D57437DC1608346000C7AD07 /* UMS_comment_detail_bg.png in Resources */ = {isa = PBXBuildFile; fileRef = D57437501608346000C7AD07 /* UMS_comment_detail_bg.png */; };
		D57437DD1608346000C7AD07 /* UMS_comment_detail_bg@2x.png in Resources */ = {isa = PBXBuildFile; fileRef = D57437511608346000C7AD07 /* UMS_comment_detail_bg@2x.png */; };
		D57437DE1608346000C7AD07 /* UMS_comment_input_bar.png in Resources */ = {isa = PBXBuildFile; fileRef = D57437521608346000C7AD07 /* UMS_comment_input_bar.png */; };
		D57437DF1608346000C7AD07 /* UMS_comment_input_bar@2x.png in Resources */ = {isa = PBXBuildFile; fileRef = D57437531608346000C7AD07 /* UMS_comment_input_bar@2x.png */; };
		D57437E01608346000C7AD07 /* UMS_comment_view_cell.png in Resources */ = {isa = PBXBuildFile; fileRef = D57437541608346000C7AD07 /* UMS_comment_view_cell.png */; };
		D57437E11608346000C7AD07 /* UMS_comment_view_cell@2x.png in Resources */ = {isa = PBXBuildFile; fileRef = D57437551608346000C7AD07 /* UMS_comment_view_cell@2x.png */; };
		D57437E21608346000C7AD07 /* UMS_douban.png in Resources */ = {isa = PBXBuildFile; fileRef = D57437561608346000C7AD07 /* UMS_douban.png */; };
		D57437E31608346000C7AD07 /* UMS_douban@2x.png in Resources */ = {isa = PBXBuildFile; fileRef = D57437571608346000C7AD07 /* UMS_douban@2x.png */; };
		D57437E41608346000C7AD07 /* UMS_douban_off.png in Resources */ = {isa = PBXBuildFile; fileRef = D57437581608346000C7AD07 /* UMS_douban_off.png */; };
		D57437E51608346000C7AD07 /* UMS_douban_off@2x.png in Resources */ = {isa = PBXBuildFile; fileRef = D57437591608346000C7AD07 /* UMS_douban_off@2x.png */; };
		D57437E61608346000C7AD07 /* UMS_douban_on.png in Resources */ = {isa = PBXBuildFile; fileRef = D574375A1608346000C7AD07 /* UMS_douban_on.png */; };
		D57437E71608346000C7AD07 /* UMS_douban_on@2x.png in Resources */ = {isa = PBXBuildFile; fileRef = D574375B1608346000C7AD07 /* UMS_douban_on@2x.png */; };
		D57437E81608346000C7AD07 /* UMS_mail.png in Resources */ = {isa = PBXBuildFile; fileRef = D574375C1608346000C7AD07 /* UMS_mail.png */; };
		D57437E91608346000C7AD07 /* UMS_mail@2x.png in Resources */ = {isa = PBXBuildFile; fileRef = D574375D1608346000C7AD07 /* UMS_mail@2x.png */; };
		D57437EA1608346000C7AD07 /* UMS_nav_back_button_normal.png in Resources */ = {isa = PBXBuildFile; fileRef = D574375E1608346000C7AD07 /* UMS_nav_back_button_normal.png */; };
		D57437EB1608346000C7AD07 /* UMS_nav_back_button_normal@2x.png in Resources */ = {isa = PBXBuildFile; fileRef = D574375F1608346000C7AD07 /* UMS_nav_back_button_normal@2x.png */; };
		D57437EC1608346000C7AD07 /* UMS_nav_back_button_tap.png in Resources */ = {isa = PBXBuildFile; fileRef = D57437601608346000C7AD07 /* UMS_nav_back_button_tap.png */; };
		D57437ED1608346000C7AD07 /* UMS_nav_back_button_tap@2x.png in Resources */ = {isa = PBXBuildFile; fileRef = D57437611608346000C7AD07 /* UMS_nav_back_button_tap@2x.png */; };
		D57437EE1608346000C7AD07 /* UMS_nav_bar_bg.png in Resources */ = {isa = PBXBuildFile; fileRef = D57437621608346000C7AD07 /* UMS_nav_bar_bg.png */; };
		D57437EF1608346000C7AD07 /* UMS_nav_bar_bg@2x.png in Resources */ = {isa = PBXBuildFile; fileRef = D57437631608346000C7AD07 /* UMS_nav_bar_bg@2x.png */; };
		D57437F01608346000C7AD07 /* UMS_nav_button_normal.png in Resources */ = {isa = PBXBuildFile; fileRef = D57437641608346000C7AD07 /* UMS_nav_button_normal.png */; };
		D57437F11608346000C7AD07 /* UMS_nav_button_normal@2x.png in Resources */ = {isa = PBXBuildFile; fileRef = D57437651608346000C7AD07 /* UMS_nav_button_normal@2x.png */; };
		D57437F21608346000C7AD07 /* UMS_nav_button_tap.png in Resources */ = {isa = PBXBuildFile; fileRef = D57437661608346000C7AD07 /* UMS_nav_button_tap.png */; };
		D57437F31608346000C7AD07 /* UMS_nav_button_tap@2x.png in Resources */ = {isa = PBXBuildFile; fileRef = D57437671608346000C7AD07 /* UMS_nav_button_tap@2x.png */; };
		D57437F41608346000C7AD07 /* UMS_No_Location.png in Resources */ = {isa = PBXBuildFile; fileRef = D57437681608346000C7AD07 /* UMS_No_Location.png */; };
		D57437F51608346000C7AD07 /* UMS_No_Location@2x.png in Resources */ = {isa = PBXBuildFile; fileRef = D57437691608346000C7AD07 /* UMS_No_Location@2x.png */; };
		D57437F61608346000C7AD07 /* UMS_place_map.png in Resources */ = {isa = PBXBuildFile; fileRef = D574376A1608346000C7AD07 /* UMS_place_map.png */; };
		D57437F71608346000C7AD07 /* UMS_place_map@2x.png in Resources */ = {isa = PBXBuildFile; fileRef = D574376B1608346000C7AD07 /* UMS_place_map@2x.png */; };
		D57437F81608346000C7AD07 /* UMS_place_off.png in Resources */ = {isa = PBXBuildFile; fileRef = D574376C1608346000C7AD07 /* UMS_place_off.png */; };
		D57437F91608346000C7AD07 /* UMS_place_off@2x.png in Resources */ = {isa = PBXBuildFile; fileRef = D574376D1608346000C7AD07 /* UMS_place_off@2x.png */; };
		D57437FA1608346000C7AD07 /* UMS_place_tap.png in Resources */ = {isa = PBXBuildFile; fileRef = D574376E1608346000C7AD07 /* UMS_place_tap.png */; };
		D57437FB1608346000C7AD07 /* UMS_place_tap@2x.png in Resources */ = {isa = PBXBuildFile; fileRef = D574376F1608346000C7AD07 /* UMS_place_tap@2x.png */; };
		D57437FC1608346000C7AD07 /* UMS_renren.png in Resources */ = {isa = PBXBuildFile; fileRef = D57437701608346000C7AD07 /* UMS_renren.png */; };
		D57437FD1608346000C7AD07 /* UMS_renren@2x.png in Resources */ = {isa = PBXBuildFile; fileRef = D57437711608346000C7AD07 /* UMS_renren@2x.png */; };
		D57437FE1608346000C7AD07 /* UMS_renren_off.png in Resources */ = {isa = PBXBuildFile; fileRef = D57437721608346000C7AD07 /* UMS_renren_off.png */; };
		D57437FF1608346000C7AD07 /* UMS_renren_off@2x.png in Resources */ = {isa = PBXBuildFile; fileRef = D57437731608346000C7AD07 /* UMS_renren_off@2x.png */; };
		D57438001608346000C7AD07 /* UMS_renren_on.png in Resources */ = {isa = PBXBuildFile; fileRef = D57437741608346000C7AD07 /* UMS_renren_on.png */; };
		D57438011608346000C7AD07 /* UMS_renren_on@2x.png in Resources */ = {isa = PBXBuildFile; fileRef = D57437751608346000C7AD07 /* UMS_renren_on@2x.png */; };
		D57438021608346000C7AD07 /* UMS_sina.png in Resources */ = {isa = PBXBuildFile; fileRef = D57437761608346000C7AD07 /* UMS_sina.png */; };
		D57438031608346000C7AD07 /* UMS_sina@2x.png in Resources */ = {isa = PBXBuildFile; fileRef = D57437771608346000C7AD07 /* UMS_sina@2x.png */; };
		D57438041608346000C7AD07 /* UMS_sina_off.png in Resources */ = {isa = PBXBuildFile; fileRef = D57437781608346000C7AD07 /* UMS_sina_off.png */; };
		D57438051608346000C7AD07 /* UMS_sina_off@2x.png in Resources */ = {isa = PBXBuildFile; fileRef = D57437791608346000C7AD07 /* UMS_sina_off@2x.png */; };
		D57438061608346000C7AD07 /* UMS_sina_on.png in Resources */ = {isa = PBXBuildFile; fileRef = D574377A1608346000C7AD07 /* UMS_sina_on.png */; };
		D57438071608346000C7AD07 /* UMS_sina_on@2x.png in Resources */ = {isa = PBXBuildFile; fileRef = D574377B1608346000C7AD07 /* UMS_sina_on@2x.png */; };
		D57438081608346000C7AD07 /* UMS_sms.png in Resources */ = {isa = PBXBuildFile; fileRef = D574377C1608346000C7AD07 /* UMS_sms.png */; };
		D57438091608346000C7AD07 /* UMS_sms@2x.png in Resources */ = {isa = PBXBuildFile; fileRef = D574377D1608346000C7AD07 /* UMS_sms@2x.png */; };
		D574380A1608346000C7AD07 /* UMS_tencent.png in Resources */ = {isa = PBXBuildFile; fileRef = D574377E1608346000C7AD07 /* UMS_tencent.png */; };
		D574380B1608346000C7AD07 /* UMS_tencent@2x.png in Resources */ = {isa = PBXBuildFile; fileRef = D574377F1608346000C7AD07 /* UMS_tencent@2x.png */; };
		D574380C1608346000C7AD07 /* UMS_tencent_off.png in Resources */ = {isa = PBXBuildFile; fileRef = D57437801608346000C7AD07 /* UMS_tencent_off.png */; };
		D574380D1608346000C7AD07 /* UMS_tencent_off@2x.png in Resources */ = {isa = PBXBuildFile; fileRef = D57437811608346000C7AD07 /* UMS_tencent_off@2x.png */; };
		D574380E1608346000C7AD07 /* UMS_tencent_on.png in Resources */ = {isa = PBXBuildFile; fileRef = D57437821608346000C7AD07 /* UMS_tencent_on.png */; };
		D574380F1608346000C7AD07 /* UMS_tencent_on@2x.png in Resources */ = {isa = PBXBuildFile; fileRef = D57437831608346000C7AD07 /* UMS_tencent_on@2x.png */; };
		D57438101608346000C7AD07 /* UMS_umeng_share_at.png in Resources */ = {isa = PBXBuildFile; fileRef = D57437841608346000C7AD07 /* UMS_umeng_share_at.png */; };
		D57438111608346000C7AD07 /* UMS_umeng_share_at@2x.png in Resources */ = {isa = PBXBuildFile; fileRef = D57437851608346000C7AD07 /* UMS_umeng_share_at@2x.png */; };
		D57438121608346000C7AD07 /* UMS_umeng_share_atSel.png in Resources */ = {isa = PBXBuildFile; fileRef = D57437861608346000C7AD07 /* UMS_umeng_share_atSel.png */; };
		D57438131608346000C7AD07 /* UMS_umeng_share_atSel@2x.png in Resources */ = {isa = PBXBuildFile; fileRef = D57437871608346000C7AD07 /* UMS_umeng_share_atSel@2x.png */; };
		D57438141608346000C7AD07 /* UMS_umeng_share_button_normal.png in Resources */ = {isa = PBXBuildFile; fileRef = D57437881608346000C7AD07 /* UMS_umeng_share_button_normal.png */; };
		D57438151608346000C7AD07 /* UMS_umeng_share_button_normal@2x.png in Resources */ = {isa = PBXBuildFile; fileRef = D57437891608346000C7AD07 /* UMS_umeng_share_button_normal@2x.png */; };
		D57438161608346000C7AD07 /* UMS_umeng_share_button_tap.png in Resources */ = {isa = PBXBuildFile; fileRef = D574378A1608346000C7AD07 /* UMS_umeng_share_button_tap.png */; };
		D57438171608346000C7AD07 /* UMS_umeng_share_button_tap@2x.png in Resources */ = {isa = PBXBuildFile; fileRef = D574378B1608346000C7AD07 /* UMS_umeng_share_button_tap@2x.png */; };
		D57438181608346000C7AD07 /* UMS_umeng_share_emotion.png in Resources */ = {isa = PBXBuildFile; fileRef = D574378C1608346000C7AD07 /* UMS_umeng_share_emotion.png */; };
		D57438191608346000C7AD07 /* UMS_umeng_share_emotion@2x.png in Resources */ = {isa = PBXBuildFile; fileRef = D574378D1608346000C7AD07 /* UMS_umeng_share_emotion@2x.png */; };
		D574381A1608346000C7AD07 /* UMS_umeng_share_emotionSel.png in Resources */ = {isa = PBXBuildFile; fileRef = D574378E1608346000C7AD07 /* UMS_umeng_share_emotionSel.png */; };
		D574381B1608346000C7AD07 /* UMS_umeng_share_emotionSel@2x.png in Resources */ = {isa = PBXBuildFile; fileRef = D574378F1608346000C7AD07 /* UMS_umeng_share_emotionSel@2x.png */; };
		D574381C1608346000C7AD07 /* UMS_umeng_share_face_01.png in Resources */ = {isa = PBXBuildFile; fileRef = D57437901608346000C7AD07 /* UMS_umeng_share_face_01.png */; };
		D574381D1608346000C7AD07 /* UMS_umeng_share_face_01@2x.png in Resources */ = {isa = PBXBuildFile; fileRef = D57437911608346000C7AD07 /* UMS_umeng_share_face_01@2x.png */; };
		D574381E1608346000C7AD07 /* UMS_umeng_share_face_02.png in Resources */ = {isa = PBXBuildFile; fileRef = D57437921608346000C7AD07 /* UMS_umeng_share_face_02.png */; };
		D574381F1608346000C7AD07 /* UMS_umeng_share_face_02@2x.png in Resources */ = {isa = PBXBuildFile; fileRef = D57437931608346000C7AD07 /* UMS_umeng_share_face_02@2x.png */; };
		D57438201608346000C7AD07 /* UMS_umeng_share_face_03.png in Resources */ = {isa = PBXBuildFile; fileRef = D57437941608346000C7AD07 /* UMS_umeng_share_face_03.png */; };
		D57438211608346000C7AD07 /* UMS_umeng_share_face_03@2x.png in Resources */ = {isa = PBXBuildFile; fileRef = D57437951608346000C7AD07 /* UMS_umeng_share_face_03@2x.png */; };
		D57438221608346000C7AD07 /* UMS_umeng_share_face_04.png in Resources */ = {isa = PBXBuildFile; fileRef = D57437961608346000C7AD07 /* UMS_umeng_share_face_04.png */; };
		D57438231608346000C7AD07 /* UMS_umeng_share_face_04@2x.png in Resources */ = {isa = PBXBuildFile; fileRef = D57437971608346000C7AD07 /* UMS_umeng_share_face_04@2x.png */; };
		D57438241608346000C7AD07 /* UMS_umeng_share_face_05.png in Resources */ = {isa = PBXBuildFile; fileRef = D57437981608346000C7AD07 /* UMS_umeng_share_face_05.png */; };
		D57438251608346000C7AD07 /* UMS_umeng_share_face_05@2x.png in Resources */ = {isa = PBXBuildFile; fileRef = D57437991608346000C7AD07 /* UMS_umeng_share_face_05@2x.png */; };
		D57438261608346000C7AD07 /* UMS_umeng_share_face_06.png in Resources */ = {isa = PBXBuildFile; fileRef = D574379A1608346000C7AD07 /* UMS_umeng_share_face_06.png */; };
		D57438271608346000C7AD07 /* UMS_umeng_share_face_06@2x.png in Resources */ = {isa = PBXBuildFile; fileRef = D574379B1608346000C7AD07 /* UMS_umeng_share_face_06@2x.png */; };
		D57438281608346000C7AD07 /* UMS_umeng_share_face_07.png in Resources */ = {isa = PBXBuildFile; fileRef = D574379C1608346000C7AD07 /* UMS_umeng_share_face_07.png */; };
		D57438291608346000C7AD07 /* UMS_umeng_share_face_07@2x.png in Resources */ = {isa = PBXBuildFile; fileRef = D574379D1608346000C7AD07 /* UMS_umeng_share_face_07@2x.png */; };
		D574382A1608346000C7AD07 /* UMS_umeng_share_face_08.png in Resources */ = {isa = PBXBuildFile; fileRef = D574379E1608346000C7AD07 /* UMS_umeng_share_face_08.png */; };
		D574382B1608346000C7AD07 /* UMS_umeng_share_face_08@2x.png in Resources */ = {isa = PBXBuildFile; fileRef = D574379F1608346000C7AD07 /* UMS_umeng_share_face_08@2x.png */; };
		D574382C1608346000C7AD07 /* UMS_umeng_share_face_09.png in Resources */ = {isa = PBXBuildFile; fileRef = D57437A01608346000C7AD07 /* UMS_umeng_share_face_09.png */; };
		D574382D1608346000C7AD07 /* UMS_umeng_share_face_09@2x.png in Resources */ = {isa = PBXBuildFile; fileRef = D57437A11608346000C7AD07 /* UMS_umeng_share_face_09@2x.png */; };
		D574382E1608346000C7AD07 /* UMS_umeng_share_face_10.png in Resources */ = {isa = PBXBuildFile; fileRef = D57437A21608346000C7AD07 /* UMS_umeng_share_face_10.png */; };
		D574382F1608346000C7AD07 /* UMS_umeng_share_face_10@2x.png in Resources */ = {isa = PBXBuildFile; fileRef = D57437A31608346000C7AD07 /* UMS_umeng_share_face_10@2x.png */; };
		D57438301608346000C7AD07 /* UMS_umeng_share_face_11.png in Resources */ = {isa = PBXBuildFile; fileRef = D57437A41608346000C7AD07 /* UMS_umeng_share_face_11.png */; };
		D57438311608346000C7AD07 /* UMS_umeng_share_face_11@2x.png in Resources */ = {isa = PBXBuildFile; fileRef = D57437A51608346000C7AD07 /* UMS_umeng_share_face_11@2x.png */; };
		D57438321608346000C7AD07 /* UMS_umeng_share_face_12.png in Resources */ = {isa = PBXBuildFile; fileRef = D57437A61608346000C7AD07 /* UMS_umeng_share_face_12.png */; };
		D57438331608346000C7AD07 /* UMS_umeng_share_face_12@2x.png in Resources */ = {isa = PBXBuildFile; fileRef = D57437A71608346000C7AD07 /* UMS_umeng_share_face_12@2x.png */; };
		D57438341608346000C7AD07 /* UMS_umeng_share_narbarBg.png in Resources */ = {isa = PBXBuildFile; fileRef = D57437A81608346000C7AD07 /* UMS_umeng_share_narbarBg.png */; };
		D57438351608346000C7AD07 /* UMS_umeng_share_narbarBg@2x.png in Resources */ = {isa = PBXBuildFile; fileRef = D57437A91608346000C7AD07 /* UMS_umeng_share_narbarBg@2x.png */; };
		D57438361608346000C7AD07 /* UMS_umeng_share_toolbarBg.png in Resources */ = {isa = PBXBuildFile; fileRef = D57437AA1608346000C7AD07 /* UMS_umeng_share_toolbarBg.png */; };
		D57438371608346000C7AD07 /* UMS_umeng_share_toolbarBg@2x.png in Resources */ = {isa = PBXBuildFile; fileRef = D57437AB1608346000C7AD07 /* UMS_umeng_share_toolbarBg@2x.png */; };
		D57438381608346000C7AD07 /* UMS_User-Avatar-Placeholder.png in Resources */ = {isa = PBXBuildFile; fileRef = D57437AC1608346000C7AD07 /* UMS_User-Avatar-Placeholder.png */; };
		D57438391608346000C7AD07 /* UMS_User-Avatar-Placeholder@2x.png in Resources */ = {isa = PBXBuildFile; fileRef = D57437AD1608346000C7AD07 /* UMS_User-Avatar-Placeholder@2x.png */; };
		D574383A1608346000C7AD07 /* UMSCommentDetailController.xib in Resources */ = {isa = PBXBuildFile; fileRef = D57437AF1608346000C7AD07 /* UMSCommentDetailController.xib */; };
		D574383B1608346000C7AD07 /* UMSCommentInputController.xib in Resources */ = {isa = PBXBuildFile; fileRef = D57437B01608346000C7AD07 /* UMSCommentInputController.xib */; };
		D574383C1608346000C7AD07 /* UMSnsAccountViewController.xib in Resources */ = {isa = PBXBuildFile; fileRef = D57437B11608346000C7AD07 /* UMSnsAccountViewController.xib */; };
		D574383D1608346000C7AD07 /* UMSShareListController.xib in Resources */ = {isa = PBXBuildFile; fileRef = D57437B21608346000C7AD07 /* UMSShareListController.xib */; };
		D5743847160834F900C7AD07 /* CoreLocation.framework in Frameworks */ = {isa = PBXBuildFile; fileRef = D5743846160834F900C7AD07 /* CoreLocation.framework */; };
		D57438491608350000C7AD07 /* MapKit.framework in Frameworks */ = {isa = PBXBuildFile; fileRef = D5743848160834FF00C7AD07 /* MapKit.framework */; };
		D574384B1608351300C7AD07 /* MessageUI.framework in Frameworks */ = {isa = PBXBuildFile; fileRef = D574384A1608351300C7AD07 /* MessageUI.framework */; };
		D5743851160835A400C7AD07 /* QuartzCore.framework in Frameworks */ = {isa = PBXBuildFile; fileRef = D5743850160835A400C7AD07 /* QuartzCore.framework */; };
		D5743857160836C700C7AD07 /* yinxing0.jpg in Resources */ = {isa = PBXBuildFile; fileRef = D5743853160836C700C7AD07 /* yinxing0.jpg */; };
		D5743858160836C700C7AD07 /* yinxing1.jpg in Resources */ = {isa = PBXBuildFile; fileRef = D5743854160836C700C7AD07 /* yinxing1.jpg */; };
		D5743859160836C700C7AD07 /* yinxing2.jpg in Resources */ = {isa = PBXBuildFile; fileRef = D5743855160836C700C7AD07 /* yinxing2.jpg */; };
		D574385A160836C700C7AD07 /* yinxing3.jpg in Resources */ = {isa = PBXBuildFile; fileRef = D5743856160836C700C7AD07 /* yinxing3.jpg */; };
		D574389B1608399000C7AD07 /* UMSocialLibrary.a in Frameworks */ = {isa = PBXBuildFile; fileRef = D574389A1608399000C7AD07 /* UMSocialLibrary.a */; };
		D57D91EA1616DC5600A92963 /* UMS_qzone_off.png in Resources */ = {isa = PBXBuildFile; fileRef = D57D91E71616DC5600A92963 /* UMS_qzone_off.png */; };
		D57D91EB1616DC5600A92963 /* UMS_qzone_on.png in Resources */ = {isa = PBXBuildFile; fileRef = D57D91E81616DC5600A92963 /* UMS_qzone_on.png */; };
		D57D91EC1616DC5600A92963 /* UMS_qzone.png in Resources */ = {isa = PBXBuildFile; fileRef = D57D91E91616DC5600A92963 /* UMS_qzone.png */; };
		D58D66C71615A35200D3F95A /* UMSocialDemoTableController.m in Sources */ = {isa = PBXBuildFile; fileRef = D58D66C61615A35200D3F95A /* UMSocialDemoTableController.m */; };
		D58D66C91615A3F700D3F95A /* UMShareEditViewController.xib in Resources */ = {isa = PBXBuildFile; fileRef = D58D66C81615A3F700D3F95A /* UMShareEditViewController.xib */; };
		D5A3F9BF162C2BE700A98A3C /* weixin_icon.png in Resources */ = {isa = PBXBuildFile; fileRef = D5A3F9BE162C2BE700A98A3C /* weixin_icon.png */; };
		D5ABFC25162BB35E0056F88D /* AFHTTPClient.m in Sources */ = {isa = PBXBuildFile; fileRef = D5ABFC09162BB35E0056F88D /* AFHTTPClient.m */; settings = {COMPILER_FLAGS = "-fno-objc-arc"; }; };
		D5ABFC26162BB35E0056F88D /* AFHTTPRequestOperation.m in Sources */ = {isa = PBXBuildFile; fileRef = D5ABFC0B162BB35E0056F88D /* AFHTTPRequestOperation.m */; settings = {COMPILER_FLAGS = "-fno-objc-arc"; }; };
		D5ABFC27162BB35E0056F88D /* AFImageRequestOperation.m in Sources */ = {isa = PBXBuildFile; fileRef = D5ABFC0D162BB35E0056F88D /* AFImageRequestOperation.m */; settings = {COMPILER_FLAGS = "-fno-objc-arc"; }; };
		D5ABFC28162BB35E0056F88D /* AFJSONRequestOperation.m in Sources */ = {isa = PBXBuildFile; fileRef = D5ABFC0F162BB35E0056F88D /* AFJSONRequestOperation.m */; settings = {COMPILER_FLAGS = "-fno-objc-arc"; }; };
		D5ABFC29162BB35E0056F88D /* AFJSONUtilities.m in Sources */ = {isa = PBXBuildFile; fileRef = D5ABFC11162BB35E0056F88D /* AFJSONUtilities.m */; settings = {COMPILER_FLAGS = "-fno-objc-arc"; }; };
		D5ABFC2A162BB35E0056F88D /* AFNetworkActivityIndicatorManager.m in Sources */ = {isa = PBXBuildFile; fileRef = D5ABFC13162BB35E0056F88D /* AFNetworkActivityIndicatorManager.m */; settings = {COMPILER_FLAGS = "-fno-objc-arc"; }; };
		D5ABFC2B162BB35E0056F88D /* AFPropertyListRequestOperation.m in Sources */ = {isa = PBXBuildFile; fileRef = D5ABFC16162BB35E0056F88D /* AFPropertyListRequestOperation.m */; settings = {COMPILER_FLAGS = "-fno-objc-arc"; }; };
		D5ABFC2C162BB35E0056F88D /* AFURLConnectionOperation.m in Sources */ = {isa = PBXBuildFile; fileRef = D5ABFC18162BB35E0056F88D /* AFURLConnectionOperation.m */; settings = {COMPILER_FLAGS = "-fno-objc-arc"; }; };
		D5ABFC2D162BB35E0056F88D /* AFXMLRequestOperation.m in Sources */ = {isa = PBXBuildFile; fileRef = D5ABFC1A162BB35E0056F88D /* AFXMLRequestOperation.m */; settings = {COMPILER_FLAGS = "-fno-objc-arc"; }; };
		D5ABFC2E162BB35E0056F88D /* UIImageView+AFNetworking.m in Sources */ = {isa = PBXBuildFile; fileRef = D5ABFC1C162BB35E0056F88D /* UIImageView+AFNetworking.m */; settings = {COMPILER_FLAGS = "-fno-objc-arc"; }; };
		D5ABFC2F162BB35E0056F88D /* JSONKit.m in Sources */ = {isa = PBXBuildFile; fileRef = D5ABFC1F162BB35E0056F88D /* JSONKit.m */; settings = {COMPILER_FLAGS = "-fno-objc-arc"; }; };
		D5ABFC30162BB35E0056F88D /* libWeChatSDK.a in Frameworks */ = {isa = PBXBuildFile; fileRef = D5ABFC21162BB35E0056F88D /* libWeChatSDK.a */; };
		D5ABFC31162BB35E0056F88D /* libWeChatSDK_armv7_armv7s.a in Frameworks */ = {isa = PBXBuildFile; fileRef = D5ABFC22162BB35E0056F88D /* libWeChatSDK_armv7_armv7s.a */; };
		D5ABFC35162BB37B0056F88D /* UMStringMock.m in Sources */ = {isa = PBXBuildFile; fileRef = D5ABFC34162BB37B0056F88D /* UMStringMock.m */; };
/* End PBXBuildFile section */

/* Begin PBXFileReference section */
		D50FACF3162411E900441B8B /* Default-568h@2x.png */ = {isa = PBXFileReference; lastKnownFileType = image.png; path = "Default-568h@2x.png"; sourceTree = "<group>"; };
		D57436F616082B1200C7AD07 /* UMSocialSDKDemo.app */ = {isa = PBXFileReference; explicitFileType = wrapper.application; includeInIndex = 0; path = UMSocialSDKDemo.app; sourceTree = BUILT_PRODUCTS_DIR; };
		D57436FA16082B1200C7AD07 /* UIKit.framework */ = {isa = PBXFileReference; lastKnownFileType = wrapper.framework; name = UIKit.framework; path = System/Library/Frameworks/UIKit.framework; sourceTree = SDKROOT; };
		D57436FC16082B1200C7AD07 /* Foundation.framework */ = {isa = PBXFileReference; lastKnownFileType = wrapper.framework; name = Foundation.framework; path = System/Library/Frameworks/Foundation.framework; sourceTree = SDKROOT; };
		D57436FE16082B1200C7AD07 /* CoreGraphics.framework */ = {isa = PBXFileReference; lastKnownFileType = wrapper.framework; name = CoreGraphics.framework; path = System/Library/Frameworks/CoreGraphics.framework; sourceTree = SDKROOT; };
		D574370216082B1200C7AD07 /* UMSocialSDKDemo-Info.plist */ = {isa = PBXFileReference; lastKnownFileType = text.plist.xml; path = "UMSocialSDKDemo-Info.plist"; sourceTree = "<group>"; };
		D574370416082B1200C7AD07 /* en */ = {isa = PBXFileReference; lastKnownFileType = text.plist.strings; name = en; path = en.lproj/InfoPlist.strings; sourceTree = "<group>"; };
		D574370616082B1200C7AD07 /* main.m */ = {isa = PBXFileReference; lastKnownFileType = sourcecode.c.objc; path = main.m; sourceTree = "<group>"; };
		D574370816082B1200C7AD07 /* UMSocialSDKDemo-Prefix.pch */ = {isa = PBXFileReference; lastKnownFileType = sourcecode.c.h; path = "UMSocialSDKDemo-Prefix.pch"; sourceTree = "<group>"; };
		D574370916082B1200C7AD07 /* AppDelegate.h */ = {isa = PBXFileReference; lastKnownFileType = sourcecode.c.h; path = AppDelegate.h; sourceTree = "<group>"; };
		D574370A16082B1200C7AD07 /* AppDelegate.m */ = {isa = PBXFileReference; lastKnownFileType = sourcecode.c.objc; path = AppDelegate.m; sourceTree = "<group>"; };
		D574371116082B3D00C7AD07 /* UMSocialAccountViewController.h */ = {isa = PBXFileReference; fileEncoding = 4; lastKnownFileType = sourcecode.c.h; name = UMSocialAccountViewController.h; path = UI/UMSocialAccountViewController.h; sourceTree = "<group>"; };
		D574371216082B3D00C7AD07 /* UMSocialAccountViewController.m */ = {isa = PBXFileReference; fileEncoding = 4; lastKnownFileType = sourcecode.c.objc; name = UMSocialAccountViewController.m; path = UI/UMSocialAccountViewController.m; sourceTree = "<group>"; };
		D574371316082B3D00C7AD07 /* UMSocialBarViewController.h */ = {isa = PBXFileReference; fileEncoding = 4; lastKnownFileType = sourcecode.c.h; name = UMSocialBarViewController.h; path = UI/UMSocialBarViewController.h; sourceTree = "<group>"; };
		D574371416082B3D00C7AD07 /* UMSocialBarViewController.m */ = {isa = PBXFileReference; fileEncoding = 4; lastKnownFileType = sourcecode.c.objc; name = UMSocialBarViewController.m; path = UI/UMSocialBarViewController.m; sourceTree = "<group>"; };
		D574371516082B3D00C7AD07 /* UMSocialBarViewController.xib */ = {isa = PBXFileReference; fileEncoding = 4; lastKnownFileType = file.xib; name = UMSocialBarViewController.xib; path = UI/UMSocialBarViewController.xib; sourceTree = "<group>"; };
		D574371616082B3D00C7AD07 /* UMSocialCommentViewController.h */ = {isa = PBXFileReference; fileEncoding = 4; lastKnownFileType = sourcecode.c.h; name = UMSocialCommentViewController.h; path = UI/UMSocialCommentViewController.h; sourceTree = "<group>"; };
		D574371716082B3D00C7AD07 /* UMSocialCommentViewController.m */ = {isa = PBXFileReference; fileEncoding = 4; lastKnownFileType = sourcecode.c.objc; name = UMSocialCommentViewController.m; path = UI/UMSocialCommentViewController.m; sourceTree = "<group>"; };
		D574371A16082B3D00C7AD07 /* UMSocialShareViewController.h */ = {isa = PBXFileReference; fileEncoding = 4; lastKnownFileType = sourcecode.c.h; name = UMSocialShareViewController.h; path = UI/UMSocialShareViewController.h; sourceTree = "<group>"; };
		D574371B16082B3D00C7AD07 /* UMSocialShareViewController.m */ = {isa = PBXFileReference; fileEncoding = 4; lastKnownFileType = sourcecode.c.objc; name = UMSocialShareViewController.m; path = UI/UMSocialShareViewController.m; sourceTree = "<group>"; };
		D574371C16082B3D00C7AD07 /* UMSocialShareViewController.xib */ = {isa = PBXFileReference; fileEncoding = 4; lastKnownFileType = file.xib; name = UMSocialShareViewController.xib; path = UI/UMSocialShareViewController.xib; sourceTree = "<group>"; };
		D574371F16082B3D00C7AD07 /* UMSocialTableViewCell.h */ = {isa = PBXFileReference; fileEncoding = 4; lastKnownFileType = sourcecode.c.h; name = UMSocialTableViewCell.h; path = UI/UMSocialTableViewCell.h; sourceTree = "<group>"; };
		D574372016082B3D00C7AD07 /* UMSocialTableViewCell.m */ = {isa = PBXFileReference; fileEncoding = 4; lastKnownFileType = sourcecode.c.objc; name = UMSocialTableViewCell.m; path = UI/UMSocialTableViewCell.m; sourceTree = "<group>"; };
		D574372116082B3D00C7AD07 /* UMSocialTableViewController.h */ = {isa = PBXFileReference; fileEncoding = 4; lastKnownFileType = sourcecode.c.h; name = UMSocialTableViewController.h; path = UI/UMSocialTableViewController.h; sourceTree = "<group>"; };
		D574372216082B3D00C7AD07 /* UMSocialTableViewController.m */ = {isa = PBXFileReference; fileEncoding = 4; lastKnownFileType = sourcecode.c.objc; name = UMSocialTableViewController.m; path = UI/UMSocialTableViewController.m; sourceTree = "<group>"; };
		D57437311608346000C7AD07 /* UMS_account_normal@2x.png */ = {isa = PBXFileReference; lastKnownFileType = image.png; path = "UMS_account_normal@2x.png"; sourceTree = "<group>"; };
		D57437321608346000C7AD07 /* UMS_account_tap@2x.png */ = {isa = PBXFileReference; lastKnownFileType = image.png; path = "UMS_account_tap@2x.png"; sourceTree = "<group>"; };
		D57437331608346000C7AD07 /* UMS_action-bar-bg@2x.png */ = {isa = PBXFileReference; lastKnownFileType = image.png; path = "UMS_action-bar-bg@2x.png"; sourceTree = "<group>"; };
		D57437341608346000C7AD07 /* UMS_comment_normal@2x.png */ = {isa = PBXFileReference; lastKnownFileType = image.png; path = "UMS_comment_normal@2x.png"; sourceTree = "<group>"; };
		D57437351608346000C7AD07 /* UMS_comment_tap@2x.png */ = {isa = PBXFileReference; lastKnownFileType = image.png; path = "UMS_comment_tap@2x.png"; sourceTree = "<group>"; };
		D57437361608346000C7AD07 /* UMS_like_off@2x.png */ = {isa = PBXFileReference; lastKnownFileType = image.png; path = "UMS_like_off@2x.png"; sourceTree = "<group>"; };
		D57437371608346000C7AD07 /* UMS_like_on@2x.png */ = {isa = PBXFileReference; lastKnownFileType = image.png; path = "UMS_like_on@2x.png"; sourceTree = "<group>"; };
		D57437381608346000C7AD07 /* UMS_share_normal@2x.png */ = {isa = PBXFileReference; lastKnownFileType = image.png; path = "UMS_share_normal@2x.png"; sourceTree = "<group>"; };
		D57437391608346000C7AD07 /* UMS_share_tap@2x.png */ = {isa = PBXFileReference; lastKnownFileType = image.png; path = "UMS_share_tap@2x.png"; sourceTree = "<group>"; };
		D574373A1608346000C7AD07 /* UMS_view@2x.png */ = {isa = PBXFileReference; lastKnownFileType = image.png; path = "UMS_view@2x.png"; sourceTree = "<group>"; };
		D57437471608346000C7AD07 /* UMS_account_bg@2x.png */ = {isa = PBXFileReference; lastKnownFileType = image.png; path = "UMS_account_bg@2x.png"; sourceTree = "<group>"; };
		D57437481608346000C7AD07 /* UMS_cancel_location_normal.png */ = {isa = PBXFileReference; lastKnownFileType = image.png; path = UMS_cancel_location_normal.png; sourceTree = "<group>"; };
		D57437491608346000C7AD07 /* UMS_cancel_location_normal@2x.png */ = {isa = PBXFileReference; lastKnownFileType = image.png; path = "UMS_cancel_location_normal@2x.png"; sourceTree = "<group>"; };
		D574374A1608346000C7AD07 /* UMS_cancel_location_tap.png */ = {isa = PBXFileReference; lastKnownFileType = image.png; path = UMS_cancel_location_tap.png; sourceTree = "<group>"; };
		D574374B1608346000C7AD07 /* UMS_cancel_location_tap@2x.png */ = {isa = PBXFileReference; lastKnownFileType = image.png; path = "UMS_cancel_location_tap@2x.png"; sourceTree = "<group>"; };
		D574374C1608346000C7AD07 /* UMS_Check.png */ = {isa = PBXFileReference; lastKnownFileType = image.png; path = UMS_Check.png; sourceTree = "<group>"; };
		D574374D1608346000C7AD07 /* UMS_Check@2x.png */ = {isa = PBXFileReference; lastKnownFileType = image.png; path = "UMS_Check@2x.png"; sourceTree = "<group>"; };
		D574374E1608346000C7AD07 /* UMS_comment_bar_background.png */ = {isa = PBXFileReference; lastKnownFileType = image.png; path = UMS_comment_bar_background.png; sourceTree = "<group>"; };
		D574374F1608346000C7AD07 /* UMS_comment_bar_background@2x.png */ = {isa = PBXFileReference; lastKnownFileType = image.png; path = "UMS_comment_bar_background@2x.png"; sourceTree = "<group>"; };
		D57437501608346000C7AD07 /* UMS_comment_detail_bg.png */ = {isa = PBXFileReference; lastKnownFileType = image.png; path = UMS_comment_detail_bg.png; sourceTree = "<group>"; };
		D57437511608346000C7AD07 /* UMS_comment_detail_bg@2x.png */ = {isa = PBXFileReference; lastKnownFileType = image.png; path = "UMS_comment_detail_bg@2x.png"; sourceTree = "<group>"; };
		D57437521608346000C7AD07 /* UMS_comment_input_bar.png */ = {isa = PBXFileReference; lastKnownFileType = image.png; path = UMS_comment_input_bar.png; sourceTree = "<group>"; };
		D57437531608346000C7AD07 /* UMS_comment_input_bar@2x.png */ = {isa = PBXFileReference; lastKnownFileType = image.png; path = "UMS_comment_input_bar@2x.png"; sourceTree = "<group>"; };
		D57437541608346000C7AD07 /* UMS_comment_view_cell.png */ = {isa = PBXFileReference; lastKnownFileType = image.png; path = UMS_comment_view_cell.png; sourceTree = "<group>"; };
		D57437551608346000C7AD07 /* UMS_comment_view_cell@2x.png */ = {isa = PBXFileReference; lastKnownFileType = image.png; path = "UMS_comment_view_cell@2x.png"; sourceTree = "<group>"; };
		D57437561608346000C7AD07 /* UMS_douban.png */ = {isa = PBXFileReference; lastKnownFileType = image.png; path = UMS_douban.png; sourceTree = "<group>"; };
		D57437571608346000C7AD07 /* UMS_douban@2x.png */ = {isa = PBXFileReference; lastKnownFileType = image.png; path = "UMS_douban@2x.png"; sourceTree = "<group>"; };
		D57437581608346000C7AD07 /* UMS_douban_off.png */ = {isa = PBXFileReference; lastKnownFileType = image.png; path = UMS_douban_off.png; sourceTree = "<group>"; };
		D57437591608346000C7AD07 /* UMS_douban_off@2x.png */ = {isa = PBXFileReference; lastKnownFileType = image.png; path = "UMS_douban_off@2x.png"; sourceTree = "<group>"; };
		D574375A1608346000C7AD07 /* UMS_douban_on.png */ = {isa = PBXFileReference; lastKnownFileType = image.png; path = UMS_douban_on.png; sourceTree = "<group>"; };
		D574375B1608346000C7AD07 /* UMS_douban_on@2x.png */ = {isa = PBXFileReference; lastKnownFileType = image.png; path = "UMS_douban_on@2x.png"; sourceTree = "<group>"; };
		D574375C1608346000C7AD07 /* UMS_mail.png */ = {isa = PBXFileReference; lastKnownFileType = image.png; path = UMS_mail.png; sourceTree = "<group>"; };
		D574375D1608346000C7AD07 /* UMS_mail@2x.png */ = {isa = PBXFileReference; lastKnownFileType = image.png; path = "UMS_mail@2x.png"; sourceTree = "<group>"; };
		D574375E1608346000C7AD07 /* UMS_nav_back_button_normal.png */ = {isa = PBXFileReference; lastKnownFileType = image.png; path = UMS_nav_back_button_normal.png; sourceTree = "<group>"; };
		D574375F1608346000C7AD07 /* UMS_nav_back_button_normal@2x.png */ = {isa = PBXFileReference; lastKnownFileType = image.png; path = "UMS_nav_back_button_normal@2x.png"; sourceTree = "<group>"; };
		D57437601608346000C7AD07 /* UMS_nav_back_button_tap.png */ = {isa = PBXFileReference; lastKnownFileType = image.png; path = UMS_nav_back_button_tap.png; sourceTree = "<group>"; };
		D57437611608346000C7AD07 /* UMS_nav_back_button_tap@2x.png */ = {isa = PBXFileReference; lastKnownFileType = image.png; path = "UMS_nav_back_button_tap@2x.png"; sourceTree = "<group>"; };
		D57437621608346000C7AD07 /* UMS_nav_bar_bg.png */ = {isa = PBXFileReference; lastKnownFileType = image.png; path = UMS_nav_bar_bg.png; sourceTree = "<group>"; };
		D57437631608346000C7AD07 /* UMS_nav_bar_bg@2x.png */ = {isa = PBXFileReference; lastKnownFileType = image.png; path = "UMS_nav_bar_bg@2x.png"; sourceTree = "<group>"; };
		D57437641608346000C7AD07 /* UMS_nav_button_normal.png */ = {isa = PBXFileReference; lastKnownFileType = image.png; path = UMS_nav_button_normal.png; sourceTree = "<group>"; };
		D57437651608346000C7AD07 /* UMS_nav_button_normal@2x.png */ = {isa = PBXFileReference; lastKnownFileType = image.png; path = "UMS_nav_button_normal@2x.png"; sourceTree = "<group>"; };
		D57437661608346000C7AD07 /* UMS_nav_button_tap.png */ = {isa = PBXFileReference; lastKnownFileType = image.png; path = UMS_nav_button_tap.png; sourceTree = "<group>"; };
		D57437671608346000C7AD07 /* UMS_nav_button_tap@2x.png */ = {isa = PBXFileReference; lastKnownFileType = image.png; path = "UMS_nav_button_tap@2x.png"; sourceTree = "<group>"; };
		D57437681608346000C7AD07 /* UMS_No_Location.png */ = {isa = PBXFileReference; lastKnownFileType = image.png; path = UMS_No_Location.png; sourceTree = "<group>"; };
		D57437691608346000C7AD07 /* UMS_No_Location@2x.png */ = {isa = PBXFileReference; lastKnownFileType = image.png; path = "UMS_No_Location@2x.png"; sourceTree = "<group>"; };
		D574376A1608346000C7AD07 /* UMS_place_map.png */ = {isa = PBXFileReference; lastKnownFileType = image.png; path = UMS_place_map.png; sourceTree = "<group>"; };
		D574376B1608346000C7AD07 /* UMS_place_map@2x.png */ = {isa = PBXFileReference; lastKnownFileType = image.png; path = "UMS_place_map@2x.png"; sourceTree = "<group>"; };
		D574376C1608346000C7AD07 /* UMS_place_off.png */ = {isa = PBXFileReference; lastKnownFileType = image.png; path = UMS_place_off.png; sourceTree = "<group>"; };
		D574376D1608346000C7AD07 /* UMS_place_off@2x.png */ = {isa = PBXFileReference; lastKnownFileType = image.png; path = "UMS_place_off@2x.png"; sourceTree = "<group>"; };
		D574376E1608346000C7AD07 /* UMS_place_tap.png */ = {isa = PBXFileReference; lastKnownFileType = image.png; path = UMS_place_tap.png; sourceTree = "<group>"; };
		D574376F1608346000C7AD07 /* UMS_place_tap@2x.png */ = {isa = PBXFileReference; lastKnownFileType = image.png; path = "UMS_place_tap@2x.png"; sourceTree = "<group>"; };
		D57437701608346000C7AD07 /* UMS_renren.png */ = {isa = PBXFileReference; lastKnownFileType = image.png; path = UMS_renren.png; sourceTree = "<group>"; };
		D57437711608346000C7AD07 /* UMS_renren@2x.png */ = {isa = PBXFileReference; lastKnownFileType = image.png; path = "UMS_renren@2x.png"; sourceTree = "<group>"; };
		D57437721608346000C7AD07 /* UMS_renren_off.png */ = {isa = PBXFileReference; lastKnownFileType = image.png; path = UMS_renren_off.png; sourceTree = "<group>"; };
		D57437731608346000C7AD07 /* UMS_renren_off@2x.png */ = {isa = PBXFileReference; lastKnownFileType = image.png; path = "UMS_renren_off@2x.png"; sourceTree = "<group>"; };
		D57437741608346000C7AD07 /* UMS_renren_on.png */ = {isa = PBXFileReference; lastKnownFileType = image.png; path = UMS_renren_on.png; sourceTree = "<group>"; };
		D57437751608346000C7AD07 /* UMS_renren_on@2x.png */ = {isa = PBXFileReference; lastKnownFileType = image.png; path = "UMS_renren_on@2x.png"; sourceTree = "<group>"; };
		D57437761608346000C7AD07 /* UMS_sina.png */ = {isa = PBXFileReference; lastKnownFileType = image.png; path = UMS_sina.png; sourceTree = "<group>"; };
		D57437771608346000C7AD07 /* UMS_sina@2x.png */ = {isa = PBXFileReference; lastKnownFileType = image.png; path = "UMS_sina@2x.png"; sourceTree = "<group>"; };
		D57437781608346000C7AD07 /* UMS_sina_off.png */ = {isa = PBXFileReference; lastKnownFileType = image.png; path = UMS_sina_off.png; sourceTree = "<group>"; };
		D57437791608346000C7AD07 /* UMS_sina_off@2x.png */ = {isa = PBXFileReference; lastKnownFileType = image.png; path = "UMS_sina_off@2x.png"; sourceTree = "<group>"; };
		D574377A1608346000C7AD07 /* UMS_sina_on.png */ = {isa = PBXFileReference; lastKnownFileType = image.png; path = UMS_sina_on.png; sourceTree = "<group>"; };
		D574377B1608346000C7AD07 /* UMS_sina_on@2x.png */ = {isa = PBXFileReference; lastKnownFileType = image.png; path = "UMS_sina_on@2x.png"; sourceTree = "<group>"; };
		D574377C1608346000C7AD07 /* UMS_sms.png */ = {isa = PBXFileReference; lastKnownFileType = image.png; path = UMS_sms.png; sourceTree = "<group>"; };
		D574377D1608346000C7AD07 /* UMS_sms@2x.png */ = {isa = PBXFileReference; lastKnownFileType = image.png; path = "UMS_sms@2x.png"; sourceTree = "<group>"; };
		D574377E1608346000C7AD07 /* UMS_tencent.png */ = {isa = PBXFileReference; lastKnownFileType = image.png; path = UMS_tencent.png; sourceTree = "<group>"; };
		D574377F1608346000C7AD07 /* UMS_tencent@2x.png */ = {isa = PBXFileReference; lastKnownFileType = image.png; path = "UMS_tencent@2x.png"; sourceTree = "<group>"; };
		D57437801608346000C7AD07 /* UMS_tencent_off.png */ = {isa = PBXFileReference; lastKnownFileType = image.png; path = UMS_tencent_off.png; sourceTree = "<group>"; };
		D57437811608346000C7AD07 /* UMS_tencent_off@2x.png */ = {isa = PBXFileReference; lastKnownFileType = image.png; path = "UMS_tencent_off@2x.png"; sourceTree = "<group>"; };
		D57437821608346000C7AD07 /* UMS_tencent_on.png */ = {isa = PBXFileReference; lastKnownFileType = image.png; path = UMS_tencent_on.png; sourceTree = "<group>"; };
		D57437831608346000C7AD07 /* UMS_tencent_on@2x.png */ = {isa = PBXFileReference; lastKnownFileType = image.png; path = "UMS_tencent_on@2x.png"; sourceTree = "<group>"; };
		D57437841608346000C7AD07 /* UMS_umeng_share_at.png */ = {isa = PBXFileReference; lastKnownFileType = image.png; path = UMS_umeng_share_at.png; sourceTree = "<group>"; };
		D57437851608346000C7AD07 /* UMS_umeng_share_at@2x.png */ = {isa = PBXFileReference; lastKnownFileType = image.png; path = "UMS_umeng_share_at@2x.png"; sourceTree = "<group>"; };
		D57437861608346000C7AD07 /* UMS_umeng_share_atSel.png */ = {isa = PBXFileReference; lastKnownFileType = image.png; path = UMS_umeng_share_atSel.png; sourceTree = "<group>"; };
		D57437871608346000C7AD07 /* UMS_umeng_share_atSel@2x.png */ = {isa = PBXFileReference; lastKnownFileType = image.png; path = "UMS_umeng_share_atSel@2x.png"; sourceTree = "<group>"; };
		D57437881608346000C7AD07 /* UMS_umeng_share_button_normal.png */ = {isa = PBXFileReference; lastKnownFileType = image.png; path = UMS_umeng_share_button_normal.png; sourceTree = "<group>"; };
		D57437891608346000C7AD07 /* UMS_umeng_share_button_normal@2x.png */ = {isa = PBXFileReference; lastKnownFileType = image.png; path = "UMS_umeng_share_button_normal@2x.png"; sourceTree = "<group>"; };
		D574378A1608346000C7AD07 /* UMS_umeng_share_button_tap.png */ = {isa = PBXFileReference; lastKnownFileType = image.png; path = UMS_umeng_share_button_tap.png; sourceTree = "<group>"; };
		D574378B1608346000C7AD07 /* UMS_umeng_share_button_tap@2x.png */ = {isa = PBXFileReference; lastKnownFileType = image.png; path = "UMS_umeng_share_button_tap@2x.png"; sourceTree = "<group>"; };
		D574378C1608346000C7AD07 /* UMS_umeng_share_emotion.png */ = {isa = PBXFileReference; lastKnownFileType = image.png; path = UMS_umeng_share_emotion.png; sourceTree = "<group>"; };
		D574378D1608346000C7AD07 /* UMS_umeng_share_emotion@2x.png */ = {isa = PBXFileReference; lastKnownFileType = image.png; path = "UMS_umeng_share_emotion@2x.png"; sourceTree = "<group>"; };
		D574378E1608346000C7AD07 /* UMS_umeng_share_emotionSel.png */ = {isa = PBXFileReference; lastKnownFileType = image.png; path = UMS_umeng_share_emotionSel.png; sourceTree = "<group>"; };
		D574378F1608346000C7AD07 /* UMS_umeng_share_emotionSel@2x.png */ = {isa = PBXFileReference; lastKnownFileType = image.png; path = "UMS_umeng_share_emotionSel@2x.png"; sourceTree = "<group>"; };
		D57437901608346000C7AD07 /* UMS_umeng_share_face_01.png */ = {isa = PBXFileReference; lastKnownFileType = image.png; path = UMS_umeng_share_face_01.png; sourceTree = "<group>"; };
		D57437911608346000C7AD07 /* UMS_umeng_share_face_01@2x.png */ = {isa = PBXFileReference; lastKnownFileType = image.png; path = "UMS_umeng_share_face_01@2x.png"; sourceTree = "<group>"; };
		D57437921608346000C7AD07 /* UMS_umeng_share_face_02.png */ = {isa = PBXFileReference; lastKnownFileType = image.png; path = UMS_umeng_share_face_02.png; sourceTree = "<group>"; };
		D57437931608346000C7AD07 /* UMS_umeng_share_face_02@2x.png */ = {isa = PBXFileReference; lastKnownFileType = image.png; path = "UMS_umeng_share_face_02@2x.png"; sourceTree = "<group>"; };
		D57437941608346000C7AD07 /* UMS_umeng_share_face_03.png */ = {isa = PBXFileReference; lastKnownFileType = image.png; path = UMS_umeng_share_face_03.png; sourceTree = "<group>"; };
		D57437951608346000C7AD07 /* UMS_umeng_share_face_03@2x.png */ = {isa = PBXFileReference; lastKnownFileType = image.png; path = "UMS_umeng_share_face_03@2x.png"; sourceTree = "<group>"; };
		D57437961608346000C7AD07 /* UMS_umeng_share_face_04.png */ = {isa = PBXFileReference; lastKnownFileType = image.png; path = UMS_umeng_share_face_04.png; sourceTree = "<group>"; };
		D57437971608346000C7AD07 /* UMS_umeng_share_face_04@2x.png */ = {isa = PBXFileReference; lastKnownFileType = image.png; path = "UMS_umeng_share_face_04@2x.png"; sourceTree = "<group>"; };
		D57437981608346000C7AD07 /* UMS_umeng_share_face_05.png */ = {isa = PBXFileReference; lastKnownFileType = image.png; path = UMS_umeng_share_face_05.png; sourceTree = "<group>"; };
		D57437991608346000C7AD07 /* UMS_umeng_share_face_05@2x.png */ = {isa = PBXFileReference; lastKnownFileType = image.png; path = "UMS_umeng_share_face_05@2x.png"; sourceTree = "<group>"; };
		D574379A1608346000C7AD07 /* UMS_umeng_share_face_06.png */ = {isa = PBXFileReference; lastKnownFileType = image.png; path = UMS_umeng_share_face_06.png; sourceTree = "<group>"; };
		D574379B1608346000C7AD07 /* UMS_umeng_share_face_06@2x.png */ = {isa = PBXFileReference; lastKnownFileType = image.png; path = "UMS_umeng_share_face_06@2x.png"; sourceTree = "<group>"; };
		D574379C1608346000C7AD07 /* UMS_umeng_share_face_07.png */ = {isa = PBXFileReference; lastKnownFileType = image.png; path = UMS_umeng_share_face_07.png; sourceTree = "<group>"; };
		D574379D1608346000C7AD07 /* UMS_umeng_share_face_07@2x.png */ = {isa = PBXFileReference; lastKnownFileType = image.png; path = "UMS_umeng_share_face_07@2x.png"; sourceTree = "<group>"; };
		D574379E1608346000C7AD07 /* UMS_umeng_share_face_08.png */ = {isa = PBXFileReference; lastKnownFileType = image.png; path = UMS_umeng_share_face_08.png; sourceTree = "<group>"; };
		D574379F1608346000C7AD07 /* UMS_umeng_share_face_08@2x.png */ = {isa = PBXFileReference; lastKnownFileType = image.png; path = "UMS_umeng_share_face_08@2x.png"; sourceTree = "<group>"; };
		D57437A01608346000C7AD07 /* UMS_umeng_share_face_09.png */ = {isa = PBXFileReference; lastKnownFileType = image.png; path = UMS_umeng_share_face_09.png; sourceTree = "<group>"; };
		D57437A11608346000C7AD07 /* UMS_umeng_share_face_09@2x.png */ = {isa = PBXFileReference; lastKnownFileType = image.png; path = "UMS_umeng_share_face_09@2x.png"; sourceTree = "<group>"; };
		D57437A21608346000C7AD07 /* UMS_umeng_share_face_10.png */ = {isa = PBXFileReference; lastKnownFileType = image.png; path = UMS_umeng_share_face_10.png; sourceTree = "<group>"; };
		D57437A31608346000C7AD07 /* UMS_umeng_share_face_10@2x.png */ = {isa = PBXFileReference; lastKnownFileType = image.png; path = "UMS_umeng_share_face_10@2x.png"; sourceTree = "<group>"; };
		D57437A41608346000C7AD07 /* UMS_umeng_share_face_11.png */ = {isa = PBXFileReference; lastKnownFileType = image.png; path = UMS_umeng_share_face_11.png; sourceTree = "<group>"; };
		D57437A51608346000C7AD07 /* UMS_umeng_share_face_11@2x.png */ = {isa = PBXFileReference; lastKnownFileType = image.png; path = "UMS_umeng_share_face_11@2x.png"; sourceTree = "<group>"; };
		D57437A61608346000C7AD07 /* UMS_umeng_share_face_12.png */ = {isa = PBXFileReference; lastKnownFileType = image.png; path = UMS_umeng_share_face_12.png; sourceTree = "<group>"; };
		D57437A71608346000C7AD07 /* UMS_umeng_share_face_12@2x.png */ = {isa = PBXFileReference; lastKnownFileType = image.png; path = "UMS_umeng_share_face_12@2x.png"; sourceTree = "<group>"; };
		D57437A81608346000C7AD07 /* UMS_umeng_share_narbarBg.png */ = {isa = PBXFileReference; lastKnownFileType = image.png; path = UMS_umeng_share_narbarBg.png; sourceTree = "<group>"; };
		D57437A91608346000C7AD07 /* UMS_umeng_share_narbarBg@2x.png */ = {isa = PBXFileReference; lastKnownFileType = image.png; path = "UMS_umeng_share_narbarBg@2x.png"; sourceTree = "<group>"; };
		D57437AA1608346000C7AD07 /* UMS_umeng_share_toolbarBg.png */ = {isa = PBXFileReference; lastKnownFileType = image.png; path = UMS_umeng_share_toolbarBg.png; sourceTree = "<group>"; };
		D57437AB1608346000C7AD07 /* UMS_umeng_share_toolbarBg@2x.png */ = {isa = PBXFileReference; lastKnownFileType = image.png; path = "UMS_umeng_share_toolbarBg@2x.png"; sourceTree = "<group>"; };
		D57437AC1608346000C7AD07 /* UMS_User-Avatar-Placeholder.png */ = {isa = PBXFileReference; lastKnownFileType = image.png; path = "UMS_User-Avatar-Placeholder.png"; sourceTree = "<group>"; };
		D57437AD1608346000C7AD07 /* UMS_User-Avatar-Placeholder@2x.png */ = {isa = PBXFileReference; lastKnownFileType = image.png; path = "UMS_User-Avatar-Placeholder@2x.png"; sourceTree = "<group>"; };
		D57437AF1608346000C7AD07 /* UMSCommentDetailController.xib */ = {isa = PBXFileReference; fileEncoding = 4; lastKnownFileType = file.xib; path = UMSCommentDetailController.xib; sourceTree = "<group>"; };
		D57437B01608346000C7AD07 /* UMSCommentInputController.xib */ = {isa = PBXFileReference; fileEncoding = 4; lastKnownFileType = file.xib; path = UMSCommentInputController.xib; sourceTree = "<group>"; };
		D57437B11608346000C7AD07 /* UMSnsAccountViewController.xib */ = {isa = PBXFileReference; fileEncoding = 4; lastKnownFileType = file.xib; path = UMSnsAccountViewController.xib; sourceTree = "<group>"; };
		D57437B21608346000C7AD07 /* UMSShareListController.xib */ = {isa = PBXFileReference; fileEncoding = 4; lastKnownFileType = file.xib; path = UMSShareListController.xib; sourceTree = "<group>"; };
		D5743846160834F900C7AD07 /* CoreLocation.framework */ = {isa = PBXFileReference; lastKnownFileType = wrapper.framework; name = CoreLocation.framework; path = System/Library/Frameworks/CoreLocation.framework; sourceTree = SDKROOT; };
		D5743848160834FF00C7AD07 /* MapKit.framework */ = {isa = PBXFileReference; lastKnownFileType = wrapper.framework; name = MapKit.framework; path = System/Library/Frameworks/MapKit.framework; sourceTree = SDKROOT; };
		D574384A1608351300C7AD07 /* MessageUI.framework */ = {isa = PBXFileReference; lastKnownFileType = wrapper.framework; name = MessageUI.framework; path = System/Library/Frameworks/MessageUI.framework; sourceTree = SDKROOT; };
		D5743850160835A400C7AD07 /* QuartzCore.framework */ = {isa = PBXFileReference; lastKnownFileType = wrapper.framework; name = QuartzCore.framework; path = System/Library/Frameworks/QuartzCore.framework; sourceTree = SDKROOT; };
		D5743853160836C700C7AD07 /* yinxing0.jpg */ = {isa = PBXFileReference; lastKnownFileType = image.jpeg; path = yinxing0.jpg; sourceTree = "<group>"; };
		D5743854160836C700C7AD07 /* yinxing1.jpg */ = {isa = PBXFileReference; lastKnownFileType = image.jpeg; path = yinxing1.jpg; sourceTree = "<group>"; };
		D5743855160836C700C7AD07 /* yinxing2.jpg */ = {isa = PBXFileReference; lastKnownFileType = image.jpeg; path = yinxing2.jpg; sourceTree = "<group>"; };
		D5743856160836C700C7AD07 /* yinxing3.jpg */ = {isa = PBXFileReference; lastKnownFileType = image.jpeg; path = yinxing3.jpg; sourceTree = "<group>"; };
		D574389A1608399000C7AD07 /* UMSocialLibrary.a */ = {isa = PBXFileReference; lastKnownFileType = archive.ar; name = UMSocialLibrary.a; path = ../SocialSDK_Publish/UMSocialLibrary.a; sourceTree = "<group>"; };
		D57D91E71616DC5600A92963 /* UMS_qzone_off.png */ = {isa = PBXFileReference; lastKnownFileType = image.png; path = UMS_qzone_off.png; sourceTree = "<group>"; };
		D57D91E81616DC5600A92963 /* UMS_qzone_on.png */ = {isa = PBXFileReference; lastKnownFileType = image.png; path = UMS_qzone_on.png; sourceTree = "<group>"; };
		D57D91E91616DC5600A92963 /* UMS_qzone.png */ = {isa = PBXFileReference; lastKnownFileType = image.png; path = UMS_qzone.png; sourceTree = "<group>"; };
		D5885D0716252FAC0040E5FF /* UMSocialData.h */ = {isa = PBXFileReference; fileEncoding = 4; lastKnownFileType = sourcecode.c.h; name = UMSocialData.h; path = Headers/UMSocialData.h; sourceTree = "<group>"; };
		D5885D0816252FAC0040E5FF /* UMSocialDataDelegate.h */ = {isa = PBXFileReference; fileEncoding = 4; lastKnownFileType = sourcecode.c.h; name = UMSocialDataDelegate.h; path = Headers/UMSocialDataDelegate.h; sourceTree = "<group>"; };
		D5885D0916252FAC0040E5FF /* UMSocialDataService.h */ = {isa = PBXFileReference; fileEncoding = 4; lastKnownFileType = sourcecode.c.h; name = UMSocialDataService.h; path = Headers/UMSocialDataService.h; sourceTree = "<group>"; };
		D5885D0A16252FAC0040E5FF /* UMSocialEnum.h */ = {isa = PBXFileReference; fileEncoding = 4; lastKnownFileType = sourcecode.c.h; name = UMSocialEnum.h; path = Headers/UMSocialEnum.h; sourceTree = "<group>"; };
		D5885D0B16252FCF0040E5FF /* UMSocialBar.h */ = {isa = PBXFileReference; fileEncoding = 4; lastKnownFileType = sourcecode.c.h; name = UMSocialBar.h; path = Headers/UMSocialBar.h; sourceTree = "<group>"; };
		D5885D0C16252FCF0040E5FF /* UMSocialConfigDelegate.h */ = {isa = PBXFileReference; fileEncoding = 4; lastKnownFileType = sourcecode.c.h; name = UMSocialConfigDelegate.h; path = Headers/UMSocialConfigDelegate.h; sourceTree = "<group>"; };
		D5885D0D16252FCF0040E5FF /* UMSocialControllerService.h */ = {isa = PBXFileReference; fileEncoding = 4; lastKnownFileType = sourcecode.c.h; name = UMSocialControllerService.h; path = Headers/UMSocialControllerService.h; sourceTree = "<group>"; };
		D5885D0E16252FCF0040E5FF /* UMUIHelper.h */ = {isa = PBXFileReference; fileEncoding = 4; lastKnownFileType = sourcecode.c.h; name = UMUIHelper.h; path = Headers/UMUIHelper.h; sourceTree = "<group>"; };
		D5885D0F16252FDE0040E5FF /* UMSocialAccountEntity.h */ = {isa = PBXFileReference; fileEncoding = 4; lastKnownFileType = sourcecode.c.h; name = UMSocialAccountEntity.h; path = Headers/UMSocialAccountEntity.h; sourceTree = "<group>"; };
		D5885D1016252FDE0040E5FF /* UMSocialResponseEntity.h */ = {isa = PBXFileReference; fileEncoding = 4; lastKnownFileType = sourcecode.c.h; name = UMSocialResponseEntity.h; path = Headers/UMSocialResponseEntity.h; sourceTree = "<group>"; };
		D58D66C51615A35200D3F95A /* UMSocialDemoTableController.h */ = {isa = PBXFileReference; fileEncoding = 4; lastKnownFileType = sourcecode.c.h; name = UMSocialDemoTableController.h; path = UI/UMSocialDemoTableController.h; sourceTree = "<group>"; };
		D58D66C61615A35200D3F95A /* UMSocialDemoTableController.m */ = {isa = PBXFileReference; fileEncoding = 4; lastKnownFileType = sourcecode.c.objc; name = UMSocialDemoTableController.m; path = UI/UMSocialDemoTableController.m; sourceTree = "<group>"; };
		D58D66C81615A3F700D3F95A /* UMShareEditViewController.xib */ = {isa = PBXFileReference; fileEncoding = 4; lastKnownFileType = file.xib; path = UMShareEditViewController.xib; sourceTree = "<group>"; };
		D5A3F9BE162C2BE700A98A3C /* weixin_icon.png */ = {isa = PBXFileReference; lastKnownFileType = image.png; path = weixin_icon.png; sourceTree = "<group>"; };
		D5ABFC08162BB35E0056F88D /* AFHTTPClient.h */ = {isa = PBXFileReference; fileEncoding = 4; lastKnownFileType = sourcecode.c.h; path = AFHTTPClient.h; sourceTree = "<group>"; };
		D5ABFC09162BB35E0056F88D /* AFHTTPClient.m */ = {isa = PBXFileReference; fileEncoding = 4; lastKnownFileType = sourcecode.c.objc; path = AFHTTPClient.m; sourceTree = "<group>"; };
		D5ABFC0A162BB35E0056F88D /* AFHTTPRequestOperation.h */ = {isa = PBXFileReference; fileEncoding = 4; lastKnownFileType = sourcecode.c.h; path = AFHTTPRequestOperation.h; sourceTree = "<group>"; };
		D5ABFC0B162BB35E0056F88D /* AFHTTPRequestOperation.m */ = {isa = PBXFileReference; fileEncoding = 4; lastKnownFileType = sourcecode.c.objc; path = AFHTTPRequestOperation.m; sourceTree = "<group>"; };
		D5ABFC0C162BB35E0056F88D /* AFImageRequestOperation.h */ = {isa = PBXFileReference; fileEncoding = 4; lastKnownFileType = sourcecode.c.h; path = AFImageRequestOperation.h; sourceTree = "<group>"; };
		D5ABFC0D162BB35E0056F88D /* AFImageRequestOperation.m */ = {isa = PBXFileReference; fileEncoding = 4; lastKnownFileType = sourcecode.c.objc; path = AFImageRequestOperation.m; sourceTree = "<group>"; };
		D5ABFC0E162BB35E0056F88D /* AFJSONRequestOperation.h */ = {isa = PBXFileReference; fileEncoding = 4; lastKnownFileType = sourcecode.c.h; path = AFJSONRequestOperation.h; sourceTree = "<group>"; };
		D5ABFC0F162BB35E0056F88D /* AFJSONRequestOperation.m */ = {isa = PBXFileReference; fileEncoding = 4; lastKnownFileType = sourcecode.c.objc; path = AFJSONRequestOperation.m; sourceTree = "<group>"; };
		D5ABFC10162BB35E0056F88D /* AFJSONUtilities.h */ = {isa = PBXFileReference; fileEncoding = 4; lastKnownFileType = sourcecode.c.h; path = AFJSONUtilities.h; sourceTree = "<group>"; };
		D5ABFC11162BB35E0056F88D /* AFJSONUtilities.m */ = {isa = PBXFileReference; fileEncoding = 4; lastKnownFileType = sourcecode.c.objc; path = AFJSONUtilities.m; sourceTree = "<group>"; };
		D5ABFC12162BB35E0056F88D /* AFNetworkActivityIndicatorManager.h */ = {isa = PBXFileReference; fileEncoding = 4; lastKnownFileType = sourcecode.c.h; path = AFNetworkActivityIndicatorManager.h; sourceTree = "<group>"; };
		D5ABFC13162BB35E0056F88D /* AFNetworkActivityIndicatorManager.m */ = {isa = PBXFileReference; fileEncoding = 4; lastKnownFileType = sourcecode.c.objc; path = AFNetworkActivityIndicatorManager.m; sourceTree = "<group>"; };
		D5ABFC14162BB35E0056F88D /* AFNetworking.h */ = {isa = PBXFileReference; fileEncoding = 4; lastKnownFileType = sourcecode.c.h; path = AFNetworking.h; sourceTree = "<group>"; };
		D5ABFC15162BB35E0056F88D /* AFPropertyListRequestOperation.h */ = {isa = PBXFileReference; fileEncoding = 4; lastKnownFileType = sourcecode.c.h; path = AFPropertyListRequestOperation.h; sourceTree = "<group>"; };
		D5ABFC16162BB35E0056F88D /* AFPropertyListRequestOperation.m */ = {isa = PBXFileReference; fileEncoding = 4; lastKnownFileType = sourcecode.c.objc; path = AFPropertyListRequestOperation.m; sourceTree = "<group>"; };
		D5ABFC17162BB35E0056F88D /* AFURLConnectionOperation.h */ = {isa = PBXFileReference; fileEncoding = 4; lastKnownFileType = sourcecode.c.h; path = AFURLConnectionOperation.h; sourceTree = "<group>"; };
		D5ABFC18162BB35E0056F88D /* AFURLConnectionOperation.m */ = {isa = PBXFileReference; fileEncoding = 4; lastKnownFileType = sourcecode.c.objc; path = AFURLConnectionOperation.m; sourceTree = "<group>"; };
		D5ABFC19162BB35E0056F88D /* AFXMLRequestOperation.h */ = {isa = PBXFileReference; fileEncoding = 4; lastKnownFileType = sourcecode.c.h; path = AFXMLRequestOperation.h; sourceTree = "<group>"; };
		D5ABFC1A162BB35E0056F88D /* AFXMLRequestOperation.m */ = {isa = PBXFileReference; fileEncoding = 4; lastKnownFileType = sourcecode.c.objc; path = AFXMLRequestOperation.m; sourceTree = "<group>"; };
		D5ABFC1B162BB35E0056F88D /* UIImageView+AFNetworking.h */ = {isa = PBXFileReference; fileEncoding = 4; lastKnownFileType = sourcecode.c.h; path = "UIImageView+AFNetworking.h"; sourceTree = "<group>"; };
		D5ABFC1C162BB35E0056F88D /* UIImageView+AFNetworking.m */ = {isa = PBXFileReference; fileEncoding = 4; lastKnownFileType = sourcecode.c.objc; path = "UIImageView+AFNetworking.m"; sourceTree = "<group>"; };
		D5ABFC1E162BB35E0056F88D /* JSONKit.h */ = {isa = PBXFileReference; fileEncoding = 4; lastKnownFileType = sourcecode.c.h; path = JSONKit.h; sourceTree = "<group>"; };
		D5ABFC1F162BB35E0056F88D /* JSONKit.m */ = {isa = PBXFileReference; fileEncoding = 4; lastKnownFileType = sourcecode.c.objc; path = JSONKit.m; sourceTree = "<group>"; };
		D5ABFC21162BB35E0056F88D /* libWeChatSDK.a */ = {isa = PBXFileReference; lastKnownFileType = archive.ar; path = libWeChatSDK.a; sourceTree = "<group>"; };
		D5ABFC22162BB35E0056F88D /* libWeChatSDK_armv7_armv7s.a */ = {isa = PBXFileReference; lastKnownFileType = archive.ar; path = libWeChatSDK_armv7_armv7s.a; sourceTree = "<group>"; };
		D5ABFC23162BB35E0056F88D /* WXApi.h */ = {isa = PBXFileReference; fileEncoding = 4; lastKnownFileType = sourcecode.c.h; path = WXApi.h; sourceTree = "<group>"; };
		D5ABFC24162BB35E0056F88D /* WXApiObject.h */ = {isa = PBXFileReference; fileEncoding = 4; lastKnownFileType = sourcecode.c.h; path = WXApiObject.h; sourceTree = "<group>"; };
		D5ABFC33162BB37B0056F88D /* UMStringMock.h */ = {isa = PBXFileReference; fileEncoding = 4; lastKnownFileType = sourcecode.c.h; path = UMStringMock.h; sourceTree = "<group>"; };
		D5ABFC34162BB37B0056F88D /* UMStringMock.m */ = {isa = PBXFileReference; fileEncoding = 4; lastKnownFileType = sourcecode.c.objc; path = UMStringMock.m; sourceTree = "<group>"; };
/* End PBXFileReference section */

/* Begin PBXFrameworksBuildPhase section */
		D57436F316082B1200C7AD07 /* Frameworks */ = {
			isa = PBXFrameworksBuildPhase;
			buildActionMask = 2147483647;
			files = (
				D574389B1608399000C7AD07 /* UMSocialLibrary.a in Frameworks */,
				D5743851160835A400C7AD07 /* QuartzCore.framework in Frameworks */,
				D574384B1608351300C7AD07 /* MessageUI.framework in Frameworks */,
				D57438491608350000C7AD07 /* MapKit.framework in Frameworks */,
				D5743847160834F900C7AD07 /* CoreLocation.framework in Frameworks */,
				D57436FB16082B1200C7AD07 /* UIKit.framework in Frameworks */,
				D57436FD16082B1200C7AD07 /* Foundation.framework in Frameworks */,
				D57436FF16082B1200C7AD07 /* CoreGraphics.framework in Frameworks */,
				D5ABFC30162BB35E0056F88D /* libWeChatSDK.a in Frameworks */,
				D5ABFC31162BB35E0056F88D /* libWeChatSDK_armv7_armv7s.a in Frameworks */,
			);
			runOnlyForDeploymentPostprocessing = 0;
		};
/* End PBXFrameworksBuildPhase section */

/* Begin PBXGroup section */
		D57436EB16082B1200C7AD07 = {
			isa = PBXGroup;
			children = (
				D50FACF3162411E900441B8B /* Default-568h@2x.png */,
				D574389A1608399000C7AD07 /* UMSocialLibrary.a */,
				D5743850160835A400C7AD07 /* QuartzCore.framework */,
				D574384A1608351300C7AD07 /* MessageUI.framework */,
				D5743848160834FF00C7AD07 /* MapKit.framework */,
				D5743846160834F900C7AD07 /* CoreLocation.framework */,
				D574372D1608346000C7AD07 /* SocialSDK_Publish */,
				D574370016082B1200C7AD07 /* UMSocialSDKDemo */,
				D57436F916082B1200C7AD07 /* Frameworks */,
				D57436F716082B1200C7AD07 /* Products */,
			);
			sourceTree = "<group>";
		};
		D57436F716082B1200C7AD07 /* Products */ = {
			isa = PBXGroup;
			children = (
				D57436F616082B1200C7AD07 /* UMSocialSDKDemo.app */,
			);
			name = Products;
			sourceTree = "<group>";
		};
		D57436F916082B1200C7AD07 /* Frameworks */ = {
			isa = PBXGroup;
			children = (
				D57436FA16082B1200C7AD07 /* UIKit.framework */,
				D57436FC16082B1200C7AD07 /* Foundation.framework */,
				D57436FE16082B1200C7AD07 /* CoreGraphics.framework */,
			);
			name = Frameworks;
			sourceTree = "<group>";
		};
		D574370016082B1200C7AD07 /* UMSocialSDKDemo */ = {
			isa = PBXGroup;
			children = (
				D5ABFC32162BB37B0056F88D /* Utils */,
				D58D66C51615A35200D3F95A /* UMSocialDemoTableController.h */,
				D58D66C61615A35200D3F95A /* UMSocialDemoTableController.m */,
				D574371116082B3D00C7AD07 /* UMSocialAccountViewController.h */,
				D574371216082B3D00C7AD07 /* UMSocialAccountViewController.m */,
				D574371316082B3D00C7AD07 /* UMSocialBarViewController.h */,
				D574371416082B3D00C7AD07 /* UMSocialBarViewController.m */,
				D574371516082B3D00C7AD07 /* UMSocialBarViewController.xib */,
				D574371616082B3D00C7AD07 /* UMSocialCommentViewController.h */,
				D574371716082B3D00C7AD07 /* UMSocialCommentViewController.m */,
				D574371A16082B3D00C7AD07 /* UMSocialShareViewController.h */,
				D574371B16082B3D00C7AD07 /* UMSocialShareViewController.m */,
				D574371C16082B3D00C7AD07 /* UMSocialShareViewController.xib */,
				D574371F16082B3D00C7AD07 /* UMSocialTableViewCell.h */,
				D574372016082B3D00C7AD07 /* UMSocialTableViewCell.m */,
				D574372116082B3D00C7AD07 /* UMSocialTableViewController.h */,
				D574372216082B3D00C7AD07 /* UMSocialTableViewController.m */,
				D574370916082B1200C7AD07 /* AppDelegate.h */,
				D574370A16082B1200C7AD07 /* AppDelegate.m */,
				D574370116082B1200C7AD07 /* Supporting Files */,
			);
			path = UMSocialSDKDemo;
			sourceTree = "<group>";
		};
		D574370116082B1200C7AD07 /* Supporting Files */ = {
			isa = PBXGroup;
			children = (
				D5743852160836C700C7AD07 /* DemoImages */,
				D574370216082B1200C7AD07 /* UMSocialSDKDemo-Info.plist */,
				D574370316082B1200C7AD07 /* InfoPlist.strings */,
				D574370616082B1200C7AD07 /* main.m */,
				D574370816082B1200C7AD07 /* UMSocialSDKDemo-Prefix.pch */,
			);
			name = "Supporting Files";
			sourceTree = "<group>";
		};
		D574372D1608346000C7AD07 /* SocialSDK_Publish */ = {
			isa = PBXGroup;
			children = (
				D5ABFC06162BB35E0056F88D /* frameworks */,
				D58D66BA1615A08600D3F95A /* Headers */,
				D574372F1608346000C7AD07 /* SocialSDKBarThemes */,
				D57437461608346000C7AD07 /* SocialSDKImage */,
				D57437AE1608346000C7AD07 /* SocialSDKXib */,
			);
			name = SocialSDK_Publish;
			path = ../SocialSDK_Publish;
			sourceTree = "<group>";
		};
		D574372F1608346000C7AD07 /* SocialSDKBarThemes */ = {
			isa = PBXGroup;
			children = (
				D57437301608346000C7AD07 /* Black */,
			);
			path = SocialSDKBarThemes;
			sourceTree = "<group>";
		};
		D57437301608346000C7AD07 /* Black */ = {
			isa = PBXGroup;
			children = (
				D57437311608346000C7AD07 /* UMS_account_normal@2x.png */,
				D57437321608346000C7AD07 /* UMS_account_tap@2x.png */,
				D57437331608346000C7AD07 /* UMS_action-bar-bg@2x.png */,
				D57437341608346000C7AD07 /* UMS_comment_normal@2x.png */,
				D57437351608346000C7AD07 /* UMS_comment_tap@2x.png */,
				D57437361608346000C7AD07 /* UMS_like_off@2x.png */,
				D57437371608346000C7AD07 /* UMS_like_on@2x.png */,
				D57437381608346000C7AD07 /* UMS_share_normal@2x.png */,
				D57437391608346000C7AD07 /* UMS_share_tap@2x.png */,
				D574373A1608346000C7AD07 /* UMS_view@2x.png */,
			);
			path = Black;
			sourceTree = "<group>";
		};
		D57437461608346000C7AD07 /* SocialSDKImage */ = {
			isa = PBXGroup;
			children = (
				D57D91E71616DC5600A92963 /* UMS_qzone_off.png */,
				D57D91E81616DC5600A92963 /* UMS_qzone_on.png */,
				D57D91E91616DC5600A92963 /* UMS_qzone.png */,
				D57437471608346000C7AD07 /* UMS_account_bg@2x.png */,
				D57437481608346000C7AD07 /* UMS_cancel_location_normal.png */,
				D57437491608346000C7AD07 /* UMS_cancel_location_normal@2x.png */,
				D574374A1608346000C7AD07 /* UMS_cancel_location_tap.png */,
				D574374B1608346000C7AD07 /* UMS_cancel_location_tap@2x.png */,
				D574374C1608346000C7AD07 /* UMS_Check.png */,
				D574374D1608346000C7AD07 /* UMS_Check@2x.png */,
				D574374E1608346000C7AD07 /* UMS_comment_bar_background.png */,
				D574374F1608346000C7AD07 /* UMS_comment_bar_background@2x.png */,
				D57437501608346000C7AD07 /* UMS_comment_detail_bg.png */,
				D57437511608346000C7AD07 /* UMS_comment_detail_bg@2x.png */,
				D57437521608346000C7AD07 /* UMS_comment_input_bar.png */,
				D57437531608346000C7AD07 /* UMS_comment_input_bar@2x.png */,
				D57437541608346000C7AD07 /* UMS_comment_view_cell.png */,
				D57437551608346000C7AD07 /* UMS_comment_view_cell@2x.png */,
				D57437561608346000C7AD07 /* UMS_douban.png */,
				D57437571608346000C7AD07 /* UMS_douban@2x.png */,
				D57437581608346000C7AD07 /* UMS_douban_off.png */,
				D57437591608346000C7AD07 /* UMS_douban_off@2x.png */,
				D574375A1608346000C7AD07 /* UMS_douban_on.png */,
				D574375B1608346000C7AD07 /* UMS_douban_on@2x.png */,
				D574375C1608346000C7AD07 /* UMS_mail.png */,
				D574375D1608346000C7AD07 /* UMS_mail@2x.png */,
				D574375E1608346000C7AD07 /* UMS_nav_back_button_normal.png */,
				D574375F1608346000C7AD07 /* UMS_nav_back_button_normal@2x.png */,
				D57437601608346000C7AD07 /* UMS_nav_back_button_tap.png */,
				D57437611608346000C7AD07 /* UMS_nav_back_button_tap@2x.png */,
				D57437621608346000C7AD07 /* UMS_nav_bar_bg.png */,
				D57437631608346000C7AD07 /* UMS_nav_bar_bg@2x.png */,
				D57437641608346000C7AD07 /* UMS_nav_button_normal.png */,
				D57437651608346000C7AD07 /* UMS_nav_button_normal@2x.png */,
				D57437661608346000C7AD07 /* UMS_nav_button_tap.png */,
				D57437671608346000C7AD07 /* UMS_nav_button_tap@2x.png */,
				D57437681608346000C7AD07 /* UMS_No_Location.png */,
				D57437691608346000C7AD07 /* UMS_No_Location@2x.png */,
				D574376A1608346000C7AD07 /* UMS_place_map.png */,
				D574376B1608346000C7AD07 /* UMS_place_map@2x.png */,
				D574376C1608346000C7AD07 /* UMS_place_off.png */,
				D574376D1608346000C7AD07 /* UMS_place_off@2x.png */,
				D574376E1608346000C7AD07 /* UMS_place_tap.png */,
				D574376F1608346000C7AD07 /* UMS_place_tap@2x.png */,
				D57437701608346000C7AD07 /* UMS_renren.png */,
				D57437711608346000C7AD07 /* UMS_renren@2x.png */,
				D57437721608346000C7AD07 /* UMS_renren_off.png */,
				D57437731608346000C7AD07 /* UMS_renren_off@2x.png */,
				D57437741608346000C7AD07 /* UMS_renren_on.png */,
				D57437751608346000C7AD07 /* UMS_renren_on@2x.png */,
				D57437761608346000C7AD07 /* UMS_sina.png */,
				D57437771608346000C7AD07 /* UMS_sina@2x.png */,
				D57437781608346000C7AD07 /* UMS_sina_off.png */,
				D57437791608346000C7AD07 /* UMS_sina_off@2x.png */,
				D574377A1608346000C7AD07 /* UMS_sina_on.png */,
				D574377B1608346000C7AD07 /* UMS_sina_on@2x.png */,
				D574377C1608346000C7AD07 /* UMS_sms.png */,
				D574377D1608346000C7AD07 /* UMS_sms@2x.png */,
				D574377E1608346000C7AD07 /* UMS_tencent.png */,
				D574377F1608346000C7AD07 /* UMS_tencent@2x.png */,
				D57437801608346000C7AD07 /* UMS_tencent_off.png */,
				D57437811608346000C7AD07 /* UMS_tencent_off@2x.png */,
				D57437821608346000C7AD07 /* UMS_tencent_on.png */,
				D57437831608346000C7AD07 /* UMS_tencent_on@2x.png */,
				D57437841608346000C7AD07 /* UMS_umeng_share_at.png */,
				D57437851608346000C7AD07 /* UMS_umeng_share_at@2x.png */,
				D57437861608346000C7AD07 /* UMS_umeng_share_atSel.png */,
				D57437871608346000C7AD07 /* UMS_umeng_share_atSel@2x.png */,
				D57437881608346000C7AD07 /* UMS_umeng_share_button_normal.png */,
				D57437891608346000C7AD07 /* UMS_umeng_share_button_normal@2x.png */,
				D574378A1608346000C7AD07 /* UMS_umeng_share_button_tap.png */,
				D574378B1608346000C7AD07 /* UMS_umeng_share_button_tap@2x.png */,
				D574378C1608346000C7AD07 /* UMS_umeng_share_emotion.png */,
				D574378D1608346000C7AD07 /* UMS_umeng_share_emotion@2x.png */,
				D574378E1608346000C7AD07 /* UMS_umeng_share_emotionSel.png */,
				D574378F1608346000C7AD07 /* UMS_umeng_share_emotionSel@2x.png */,
				D57437901608346000C7AD07 /* UMS_umeng_share_face_01.png */,
				D57437911608346000C7AD07 /* UMS_umeng_share_face_01@2x.png */,
				D57437921608346000C7AD07 /* UMS_umeng_share_face_02.png */,
				D57437931608346000C7AD07 /* UMS_umeng_share_face_02@2x.png */,
				D57437941608346000C7AD07 /* UMS_umeng_share_face_03.png */,
				D57437951608346000C7AD07 /* UMS_umeng_share_face_03@2x.png */,
				D57437961608346000C7AD07 /* UMS_umeng_share_face_04.png */,
				D57437971608346000C7AD07 /* UMS_umeng_share_face_04@2x.png */,
				D57437981608346000C7AD07 /* UMS_umeng_share_face_05.png */,
				D57437991608346000C7AD07 /* UMS_umeng_share_face_05@2x.png */,
				D574379A1608346000C7AD07 /* UMS_umeng_share_face_06.png */,
				D574379B1608346000C7AD07 /* UMS_umeng_share_face_06@2x.png */,
				D574379C1608346000C7AD07 /* UMS_umeng_share_face_07.png */,
				D574379D1608346000C7AD07 /* UMS_umeng_share_face_07@2x.png */,
				D574379E1608346000C7AD07 /* UMS_umeng_share_face_08.png */,
				D574379F1608346000C7AD07 /* UMS_umeng_share_face_08@2x.png */,
				D57437A01608346000C7AD07 /* UMS_umeng_share_face_09.png */,
				D57437A11608346000C7AD07 /* UMS_umeng_share_face_09@2x.png */,
				D57437A21608346000C7AD07 /* UMS_umeng_share_face_10.png */,
				D57437A31608346000C7AD07 /* UMS_umeng_share_face_10@2x.png */,
				D57437A41608346000C7AD07 /* UMS_umeng_share_face_11.png */,
				D57437A51608346000C7AD07 /* UMS_umeng_share_face_11@2x.png */,
				D57437A61608346000C7AD07 /* UMS_umeng_share_face_12.png */,
				D57437A71608346000C7AD07 /* UMS_umeng_share_face_12@2x.png */,
				D57437A81608346000C7AD07 /* UMS_umeng_share_narbarBg.png */,
				D57437A91608346000C7AD07 /* UMS_umeng_share_narbarBg@2x.png */,
				D57437AA1608346000C7AD07 /* UMS_umeng_share_toolbarBg.png */,
				D57437AB1608346000C7AD07 /* UMS_umeng_share_toolbarBg@2x.png */,
				D57437AC1608346000C7AD07 /* UMS_User-Avatar-Placeholder.png */,
				D57437AD1608346000C7AD07 /* UMS_User-Avatar-Placeholder@2x.png */,
			);
			path = SocialSDKImage;
			sourceTree = "<group>";
		};
		D57437AE1608346000C7AD07 /* SocialSDKXib */ = {
			isa = PBXGroup;
			children = (
				D58D66C81615A3F700D3F95A /* UMShareEditViewController.xib */,
				D57437AF1608346000C7AD07 /* UMSCommentDetailController.xib */,
				D57437B01608346000C7AD07 /* UMSCommentInputController.xib */,
				D57437B11608346000C7AD07 /* UMSnsAccountViewController.xib */,
				D57437B21608346000C7AD07 /* UMSShareListController.xib */,
			);
			path = SocialSDKXib;
			sourceTree = "<group>";
		};
		D5743852160836C700C7AD07 /* DemoImages */ = {
			isa = PBXGroup;
			children = (
				D5A3F9BE162C2BE700A98A3C /* weixin_icon.png */,
				D5743853160836C700C7AD07 /* yinxing0.jpg */,
				D5743854160836C700C7AD07 /* yinxing1.jpg */,
				D5743855160836C700C7AD07 /* yinxing2.jpg */,
				D5743856160836C700C7AD07 /* yinxing3.jpg */,
			);
			path = DemoImages;
			sourceTree = "<group>";
		};
		D58D66BA1615A08600D3F95A /* Headers */ = {
			isa = PBXGroup;
			children = (
				D58D66BC1615A0A900D3F95A /* DataAPI */,
				D58D66BD1615A0C800D3F95A /* UIAPI */,
				D58D66BB1615A09800D3F95A /* Entity */,
			);
			name = Headers;
			sourceTree = "<group>";
		};
		D58D66BB1615A09800D3F95A /* Entity */ = {
			isa = PBXGroup;
			children = (
				D5885D0F16252FDE0040E5FF /* UMSocialAccountEntity.h */,
				D5885D1016252FDE0040E5FF /* UMSocialResponseEntity.h */,
			);
			name = Entity;
			sourceTree = "<group>";
		};
		D58D66BC1615A0A900D3F95A /* DataAPI */ = {
			isa = PBXGroup;
			children = (
				D5885D0716252FAC0040E5FF /* UMSocialData.h */,
				D5885D0816252FAC0040E5FF /* UMSocialDataDelegate.h */,
				D5885D0916252FAC0040E5FF /* UMSocialDataService.h */,
				D5885D0A16252FAC0040E5FF /* UMSocialEnum.h */,
			);
			name = DataAPI;
			sourceTree = "<group>";
		};
		D58D66BD1615A0C800D3F95A /* UIAPI */ = {
			isa = PBXGroup;
			children = (
				D5885D0B16252FCF0040E5FF /* UMSocialBar.h */,
				D5885D0C16252FCF0040E5FF /* UMSocialConfigDelegate.h */,
				D5885D0D16252FCF0040E5FF /* UMSocialControllerService.h */,
				D5885D0E16252FCF0040E5FF /* UMUIHelper.h */,
			);
			name = UIAPI;
			sourceTree = "<group>";
		};
		D5ABFC06162BB35E0056F88D /* frameworks */ = {
			isa = PBXGroup;
			children = (
				D5ABFC07162BB35E0056F88D /* AFNetworking */,
				D5ABFC1D162BB35E0056F88D /* JSONKit */,
				D5ABFC20162BB35E0056F88D /* Wechat */,
			);
			path = frameworks;
			sourceTree = "<group>";
		};
		D5ABFC07162BB35E0056F88D /* AFNetworking */ = {
			isa = PBXGroup;
			children = (
				D5ABFC08162BB35E0056F88D /* AFHTTPClient.h */,
				D5ABFC09162BB35E0056F88D /* AFHTTPClient.m */,
				D5ABFC0A162BB35E0056F88D /* AFHTTPRequestOperation.h */,
				D5ABFC0B162BB35E0056F88D /* AFHTTPRequestOperation.m */,
				D5ABFC0C162BB35E0056F88D /* AFImageRequestOperation.h */,
				D5ABFC0D162BB35E0056F88D /* AFImageRequestOperation.m */,
				D5ABFC0E162BB35E0056F88D /* AFJSONRequestOperation.h */,
				D5ABFC0F162BB35E0056F88D /* AFJSONRequestOperation.m */,
				D5ABFC10162BB35E0056F88D /* AFJSONUtilities.h */,
				D5ABFC11162BB35E0056F88D /* AFJSONUtilities.m */,
				D5ABFC12162BB35E0056F88D /* AFNetworkActivityIndicatorManager.h */,
				D5ABFC13162BB35E0056F88D /* AFNetworkActivityIndicatorManager.m */,
				D5ABFC14162BB35E0056F88D /* AFNetworking.h */,
				D5ABFC15162BB35E0056F88D /* AFPropertyListRequestOperation.h */,
				D5ABFC16162BB35E0056F88D /* AFPropertyListRequestOperation.m */,
				D5ABFC17162BB35E0056F88D /* AFURLConnectionOperation.h */,
				D5ABFC18162BB35E0056F88D /* AFURLConnectionOperation.m */,
				D5ABFC19162BB35E0056F88D /* AFXMLRequestOperation.h */,
				D5ABFC1A162BB35E0056F88D /* AFXMLRequestOperation.m */,
				D5ABFC1B162BB35E0056F88D /* UIImageView+AFNetworking.h */,
				D5ABFC1C162BB35E0056F88D /* UIImageView+AFNetworking.m */,
			);
			path = AFNetworking;
			sourceTree = "<group>";
		};
		D5ABFC1D162BB35E0056F88D /* JSONKit */ = {
			isa = PBXGroup;
			children = (
				D5ABFC1E162BB35E0056F88D /* JSONKit.h */,
				D5ABFC1F162BB35E0056F88D /* JSONKit.m */,
			);
			path = JSONKit;
			sourceTree = "<group>";
		};
		D5ABFC20162BB35E0056F88D /* Wechat */ = {
			isa = PBXGroup;
			children = (
				D5ABFC21162BB35E0056F88D /* libWeChatSDK.a */,
				D5ABFC22162BB35E0056F88D /* libWeChatSDK_armv7_armv7s.a */,
				D5ABFC23162BB35E0056F88D /* WXApi.h */,
				D5ABFC24162BB35E0056F88D /* WXApiObject.h */,
			);
			path = Wechat;
			sourceTree = "<group>";
		};
		D5ABFC32162BB37B0056F88D /* Utils */ = {
			isa = PBXGroup;
			children = (
				D5ABFC33162BB37B0056F88D /* UMStringMock.h */,
				D5ABFC34162BB37B0056F88D /* UMStringMock.m */,
			);
			path = Utils;
			sourceTree = "<group>";
		};
/* End PBXGroup section */

/* Begin PBXNativeTarget section */
		D57436F516082B1200C7AD07 /* UMSocialSDKDemo */ = {
			isa = PBXNativeTarget;
			buildConfigurationList = D574370E16082B1200C7AD07 /* Build configuration list for PBXNativeTarget "UMSocialSDKDemo" */;
			buildPhases = (
				D57436F216082B1200C7AD07 /* Sources */,
				D57436F316082B1200C7AD07 /* Frameworks */,
				D57436F416082B1200C7AD07 /* Resources */,
			);
			buildRules = (
			);
			dependencies = (
			);
			name = UMSocialSDKDemo;
			productName = UMSocialSDKDemo;
			productReference = D57436F616082B1200C7AD07 /* UMSocialSDKDemo.app */;
			productType = "com.apple.product-type.application";
		};
/* End PBXNativeTarget section */

/* Begin PBXProject section */
		D57436ED16082B1200C7AD07 /* Project object */ = {
			isa = PBXProject;
			attributes = {
				LastUpgradeCheck = 0440;
				ORGANIZATIONNAME = yeahugo;
			};
			buildConfigurationList = D57436F016082B1200C7AD07 /* Build configuration list for PBXProject "UMSocialSDKDemo" */;
			compatibilityVersion = "Xcode 3.2";
			developmentRegion = English;
			hasScannedForEncodings = 0;
			knownRegions = (
				en,
			);
			mainGroup = D57436EB16082B1200C7AD07;
			productRefGroup = D57436F716082B1200C7AD07 /* Products */;
			projectDirPath = "";
			projectRoot = "";
			targets = (
				D57436F516082B1200C7AD07 /* UMSocialSDKDemo */,
			);
		};
/* End PBXProject section */

/* Begin PBXResourcesBuildPhase section */
		D57436F416082B1200C7AD07 /* Resources */ = {
			isa = PBXResourcesBuildPhase;
			buildActionMask = 2147483647;
			files = (
				D574370516082B1200C7AD07 /* InfoPlist.strings in Resources */,
				D574372516082B3D00C7AD07 /* UMSocialBarViewController.xib in Resources */,
				D574372916082B3D00C7AD07 /* UMSocialShareViewController.xib in Resources */,
				D57437BF1608346000C7AD07 /* UMS_account_normal@2x.png in Resources */,
				D57437C01608346000C7AD07 /* UMS_account_tap@2x.png in Resources */,
				D57437C11608346000C7AD07 /* UMS_action-bar-bg@2x.png in Resources */,
				D57437C21608346000C7AD07 /* UMS_comment_normal@2x.png in Resources */,
				D57437C31608346000C7AD07 /* UMS_comment_tap@2x.png in Resources */,
				D57437C41608346000C7AD07 /* UMS_like_off@2x.png in Resources */,
				D57437C51608346000C7AD07 /* UMS_like_on@2x.png in Resources */,
				D57437C61608346000C7AD07 /* UMS_share_normal@2x.png in Resources */,
				D57437C71608346000C7AD07 /* UMS_share_tap@2x.png in Resources */,
				D57437C81608346000C7AD07 /* UMS_view@2x.png in Resources */,
				D57437D31608346000C7AD07 /* UMS_account_bg@2x.png in Resources */,
				D57437D41608346000C7AD07 /* UMS_cancel_location_normal.png in Resources */,
				D57437D51608346000C7AD07 /* UMS_cancel_location_normal@2x.png in Resources */,
				D57437D61608346000C7AD07 /* UMS_cancel_location_tap.png in Resources */,
				D57437D71608346000C7AD07 /* UMS_cancel_location_tap@2x.png in Resources */,
				D57437D81608346000C7AD07 /* UMS_Check.png in Resources */,
				D57437D91608346000C7AD07 /* UMS_Check@2x.png in Resources */,
				D57437DA1608346000C7AD07 /* UMS_comment_bar_background.png in Resources */,
				D57437DB1608346000C7AD07 /* UMS_comment_bar_background@2x.png in Resources */,
				D57437DC1608346000C7AD07 /* UMS_comment_detail_bg.png in Resources */,
				D57437DD1608346000C7AD07 /* UMS_comment_detail_bg@2x.png in Resources */,
				D57437DE1608346000C7AD07 /* UMS_comment_input_bar.png in Resources */,
				D57437DF1608346000C7AD07 /* UMS_comment_input_bar@2x.png in Resources */,
				D57437E01608346000C7AD07 /* UMS_comment_view_cell.png in Resources */,
				D57437E11608346000C7AD07 /* UMS_comment_view_cell@2x.png in Resources */,
				D57437E21608346000C7AD07 /* UMS_douban.png in Resources */,
				D57437E31608346000C7AD07 /* UMS_douban@2x.png in Resources */,
				D57437E41608346000C7AD07 /* UMS_douban_off.png in Resources */,
				D57437E51608346000C7AD07 /* UMS_douban_off@2x.png in Resources */,
				D57437E61608346000C7AD07 /* UMS_douban_on.png in Resources */,
				D57437E71608346000C7AD07 /* UMS_douban_on@2x.png in Resources */,
				D57437E81608346000C7AD07 /* UMS_mail.png in Resources */,
				D57437E91608346000C7AD07 /* UMS_mail@2x.png in Resources */,
				D57437EA1608346000C7AD07 /* UMS_nav_back_button_normal.png in Resources */,
				D57437EB1608346000C7AD07 /* UMS_nav_back_button_normal@2x.png in Resources */,
				D57437EC1608346000C7AD07 /* UMS_nav_back_button_tap.png in Resources */,
				D57437ED1608346000C7AD07 /* UMS_nav_back_button_tap@2x.png in Resources */,
				D57437EE1608346000C7AD07 /* UMS_nav_bar_bg.png in Resources */,
				D57437EF1608346000C7AD07 /* UMS_nav_bar_bg@2x.png in Resources */,
				D57437F01608346000C7AD07 /* UMS_nav_button_normal.png in Resources */,
				D57437F11608346000C7AD07 /* UMS_nav_button_normal@2x.png in Resources */,
				D57437F21608346000C7AD07 /* UMS_nav_button_tap.png in Resources */,
				D57437F31608346000C7AD07 /* UMS_nav_button_tap@2x.png in Resources */,
				D57437F41608346000C7AD07 /* UMS_No_Location.png in Resources */,
				D57437F51608346000C7AD07 /* UMS_No_Location@2x.png in Resources */,
				D57437F61608346000C7AD07 /* UMS_place_map.png in Resources */,
				D57437F71608346000C7AD07 /* UMS_place_map@2x.png in Resources */,
				D57437F81608346000C7AD07 /* UMS_place_off.png in Resources */,
				D57437F91608346000C7AD07 /* UMS_place_off@2x.png in Resources */,
				D57437FA1608346000C7AD07 /* UMS_place_tap.png in Resources */,
				D57437FB1608346000C7AD07 /* UMS_place_tap@2x.png in Resources */,
				D57437FC1608346000C7AD07 /* UMS_renren.png in Resources */,
				D57437FD1608346000C7AD07 /* UMS_renren@2x.png in Resources */,
				D57437FE1608346000C7AD07 /* UMS_renren_off.png in Resources */,
				D57437FF1608346000C7AD07 /* UMS_renren_off@2x.png in Resources */,
				D57438001608346000C7AD07 /* UMS_renren_on.png in Resources */,
				D57438011608346000C7AD07 /* UMS_renren_on@2x.png in Resources */,
				D57438021608346000C7AD07 /* UMS_sina.png in Resources */,
				D57438031608346000C7AD07 /* UMS_sina@2x.png in Resources */,
				D57438041608346000C7AD07 /* UMS_sina_off.png in Resources */,
				D57438051608346000C7AD07 /* UMS_sina_off@2x.png in Resources */,
				D57438061608346000C7AD07 /* UMS_sina_on.png in Resources */,
				D57438071608346000C7AD07 /* UMS_sina_on@2x.png in Resources */,
				D57438081608346000C7AD07 /* UMS_sms.png in Resources */,
				D57438091608346000C7AD07 /* UMS_sms@2x.png in Resources */,
				D574380A1608346000C7AD07 /* UMS_tencent.png in Resources */,
				D574380B1608346000C7AD07 /* UMS_tencent@2x.png in Resources */,
				D574380C1608346000C7AD07 /* UMS_tencent_off.png in Resources */,
				D574380D1608346000C7AD07 /* UMS_tencent_off@2x.png in Resources */,
				D574380E1608346000C7AD07 /* UMS_tencent_on.png in Resources */,
				D574380F1608346000C7AD07 /* UMS_tencent_on@2x.png in Resources */,
				D57438101608346000C7AD07 /* UMS_umeng_share_at.png in Resources */,
				D57438111608346000C7AD07 /* UMS_umeng_share_at@2x.png in Resources */,
				D57438121608346000C7AD07 /* UMS_umeng_share_atSel.png in Resources */,
				D57438131608346000C7AD07 /* UMS_umeng_share_atSel@2x.png in Resources */,
				D57438141608346000C7AD07 /* UMS_umeng_share_button_normal.png in Resources */,
				D57438151608346000C7AD07 /* UMS_umeng_share_button_normal@2x.png in Resources */,
				D57438161608346000C7AD07 /* UMS_umeng_share_button_tap.png in Resources */,
				D57438171608346000C7AD07 /* UMS_umeng_share_button_tap@2x.png in Resources */,
				D57438181608346000C7AD07 /* UMS_umeng_share_emotion.png in Resources */,
				D57438191608346000C7AD07 /* UMS_umeng_share_emotion@2x.png in Resources */,
				D574381A1608346000C7AD07 /* UMS_umeng_share_emotionSel.png in Resources */,
				D574381B1608346000C7AD07 /* UMS_umeng_share_emotionSel@2x.png in Resources */,
				D574381C1608346000C7AD07 /* UMS_umeng_share_face_01.png in Resources */,
				D574381D1608346000C7AD07 /* UMS_umeng_share_face_01@2x.png in Resources */,
				D574381E1608346000C7AD07 /* UMS_umeng_share_face_02.png in Resources */,
				D574381F1608346000C7AD07 /* UMS_umeng_share_face_02@2x.png in Resources */,
				D57438201608346000C7AD07 /* UMS_umeng_share_face_03.png in Resources */,
				D57438211608346000C7AD07 /* UMS_umeng_share_face_03@2x.png in Resources */,
				D57438221608346000C7AD07 /* UMS_umeng_share_face_04.png in Resources */,
				D57438231608346000C7AD07 /* UMS_umeng_share_face_04@2x.png in Resources */,
				D57438241608346000C7AD07 /* UMS_umeng_share_face_05.png in Resources */,
				D57438251608346000C7AD07 /* UMS_umeng_share_face_05@2x.png in Resources */,
				D57438261608346000C7AD07 /* UMS_umeng_share_face_06.png in Resources */,
				D57438271608346000C7AD07 /* UMS_umeng_share_face_06@2x.png in Resources */,
				D57438281608346000C7AD07 /* UMS_umeng_share_face_07.png in Resources */,
				D57438291608346000C7AD07 /* UMS_umeng_share_face_07@2x.png in Resources */,
				D574382A1608346000C7AD07 /* UMS_umeng_share_face_08.png in Resources */,
				D574382B1608346000C7AD07 /* UMS_umeng_share_face_08@2x.png in Resources */,
				D574382C1608346000C7AD07 /* UMS_umeng_share_face_09.png in Resources */,
				D574382D1608346000C7AD07 /* UMS_umeng_share_face_09@2x.png in Resources */,
				D574382E1608346000C7AD07 /* UMS_umeng_share_face_10.png in Resources */,
				D574382F1608346000C7AD07 /* UMS_umeng_share_face_10@2x.png in Resources */,
				D57438301608346000C7AD07 /* UMS_umeng_share_face_11.png in Resources */,
				D57438311608346000C7AD07 /* UMS_umeng_share_face_11@2x.png in Resources */,
				D57438321608346000C7AD07 /* UMS_umeng_share_face_12.png in Resources */,
				D57438331608346000C7AD07 /* UMS_umeng_share_face_12@2x.png in Resources */,
				D57438341608346000C7AD07 /* UMS_umeng_share_narbarBg.png in Resources */,
				D57438351608346000C7AD07 /* UMS_umeng_share_narbarBg@2x.png in Resources */,
				D57438361608346000C7AD07 /* UMS_umeng_share_toolbarBg.png in Resources */,
				D57438371608346000C7AD07 /* UMS_umeng_share_toolbarBg@2x.png in Resources */,
				D57438381608346000C7AD07 /* UMS_User-Avatar-Placeholder.png in Resources */,
				D57438391608346000C7AD07 /* UMS_User-Avatar-Placeholder@2x.png in Resources */,
				D574383A1608346000C7AD07 /* UMSCommentDetailController.xib in Resources */,
				D574383B1608346000C7AD07 /* UMSCommentInputController.xib in Resources */,
				D574383C1608346000C7AD07 /* UMSnsAccountViewController.xib in Resources */,
				D574383D1608346000C7AD07 /* UMSShareListController.xib in Resources */,
				D5743857160836C700C7AD07 /* yinxing0.jpg in Resources */,
				D5743858160836C700C7AD07 /* yinxing1.jpg in Resources */,
				D5743859160836C700C7AD07 /* yinxing2.jpg in Resources */,
				D574385A160836C700C7AD07 /* yinxing3.jpg in Resources */,
				D58D66C91615A3F700D3F95A /* UMShareEditViewController.xib in Resources */,
				D57D91EA1616DC5600A92963 /* UMS_qzone_off.png in Resources */,
				D57D91EB1616DC5600A92963 /* UMS_qzone_on.png in Resources */,
				D57D91EC1616DC5600A92963 /* UMS_qzone.png in Resources */,
				D50FACF6162412B000441B8B /* Default-568h@2x.png in Resources */,
				D5A3F9BF162C2BE700A98A3C /* weixin_icon.png in Resources */,
			);
			runOnlyForDeploymentPostprocessing = 0;
		};
/* End PBXResourcesBuildPhase section */

/* Begin PBXSourcesBuildPhase section */
		D57436F216082B1200C7AD07 /* Sources */ = {
			isa = PBXSourcesBuildPhase;
			buildActionMask = 2147483647;
			files = (
				D574370716082B1200C7AD07 /* main.m in Sources */,
				D574370B16082B1200C7AD07 /* AppDelegate.m in Sources */,
				D574372316082B3D00C7AD07 /* UMSocialAccountViewController.m in Sources */,
				D574372416082B3D00C7AD07 /* UMSocialBarViewController.m in Sources */,
				D574372616082B3D00C7AD07 /* UMSocialCommentViewController.m in Sources */,
				D574372816082B3D00C7AD07 /* UMSocialShareViewController.m in Sources */,
				D574372B16082B3D00C7AD07 /* UMSocialTableViewCell.m in Sources */,
				D574372C16082B3D00C7AD07 /* UMSocialTableViewController.m in Sources */,
				D58D66C71615A35200D3F95A /* UMSocialDemoTableController.m in Sources */,
				D5ABFC25162BB35E0056F88D /* AFHTTPClient.m in Sources */,
				D5ABFC26162BB35E0056F88D /* AFHTTPRequestOperation.m in Sources */,
				D5ABFC27162BB35E0056F88D /* AFImageRequestOperation.m in Sources */,
				D5ABFC28162BB35E0056F88D /* AFJSONRequestOperation.m in Sources */,
				D5ABFC29162BB35E0056F88D /* AFJSONUtilities.m in Sources */,
				D5ABFC2A162BB35E0056F88D /* AFNetworkActivityIndicatorManager.m in Sources */,
				D5ABFC2B162BB35E0056F88D /* AFPropertyListRequestOperation.m in Sources */,
				D5ABFC2C162BB35E0056F88D /* AFURLConnectionOperation.m in Sources */,
				D5ABFC2D162BB35E0056F88D /* AFXMLRequestOperation.m in Sources */,
				D5ABFC2E162BB35E0056F88D /* UIImageView+AFNetworking.m in Sources */,
				D5ABFC2F162BB35E0056F88D /* JSONKit.m in Sources */,
				D5ABFC35162BB37B0056F88D /* UMStringMock.m in Sources */,
			);
			runOnlyForDeploymentPostprocessing = 0;
		};
/* End PBXSourcesBuildPhase section */

/* Begin PBXVariantGroup section */
		D574370316082B1200C7AD07 /* InfoPlist.strings */ = {
			isa = PBXVariantGroup;
			children = (
				D574370416082B1200C7AD07 /* en */,
			);
			name = InfoPlist.strings;
			sourceTree = "<group>";
		};
/* End PBXVariantGroup section */

/* Begin XCBuildConfiguration section */
		D574370C16082B1200C7AD07 /* Debug */ = {
			isa = XCBuildConfiguration;
			buildSettings = {
				ALWAYS_SEARCH_USER_PATHS = NO;
				ARCHS = "$(ARCHS_STANDARD_32_BIT)";
				CLANG_CXX_LANGUAGE_STANDARD = "gnu++0x";
				CLANG_WARN_OBJCPP_ARC_ABI = YES;
				CLANG_WARN__DUPLICATE_METHOD_MATCH = YES;
				"CODE_SIGN_IDENTITY[sdk=iphoneos*]" = "iPhone Developer";
				COPY_PHASE_STRIP = NO;
				GCC_C_LANGUAGE_STANDARD = gnu99;
				GCC_DYNAMIC_NO_PIC = NO;
				GCC_OPTIMIZATION_LEVEL = 0;
				GCC_PREPROCESSOR_DEFINITIONS = (
					"DEBUG=1",
					"$(inherited)",
				);
				GCC_SYMBOLS_PRIVATE_EXTERN = NO;
				GCC_VERSION = com.apple.compilers.llvm.clang.1_0;
				GCC_WARN_ABOUT_RETURN_TYPE = YES;
				GCC_WARN_UNINITIALIZED_AUTOS = YES;
				GCC_WARN_UNUSED_VARIABLE = YES;
				IPHONEOS_DEPLOYMENT_TARGET = 4.3;
				SDKROOT = iphoneos;
			};
			name = Debug;
		};
		D574370D16082B1200C7AD07 /* Release */ = {
			isa = XCBuildConfiguration;
			buildSettings = {
				ALWAYS_SEARCH_USER_PATHS = NO;
				ARCHS = "$(ARCHS_STANDARD_32_BIT)";
				CLANG_CXX_LANGUAGE_STANDARD = "gnu++0x";
				CLANG_WARN_OBJCPP_ARC_ABI = YES;
				CLANG_WARN__DUPLICATE_METHOD_MATCH = YES;
				"CODE_SIGN_IDENTITY[sdk=iphoneos*]" = "iPhone Developer";
				COPY_PHASE_STRIP = YES;
				GCC_C_LANGUAGE_STANDARD = gnu99;
				GCC_VERSION = com.apple.compilers.llvm.clang.1_0;
				GCC_WARN_ABOUT_RETURN_TYPE = YES;
				GCC_WARN_UNINITIALIZED_AUTOS = YES;
				GCC_WARN_UNUSED_VARIABLE = YES;
				IPHONEOS_DEPLOYMENT_TARGET = 4.3;
				OTHER_CFLAGS = "-DNS_BLOCK_ASSERTIONS=1";
				SDKROOT = iphoneos;
				VALIDATE_PRODUCT = YES;
			};
			name = Release;
		};
		D574370F16082B1200C7AD07 /* Debug */ = {
			isa = XCBuildConfiguration;
			buildSettings = {
				CLANG_ENABLE_OBJC_ARC = YES;
				CLANG_WARN_OBJCPP_ARC_ABI = YES;
				GCC_PRECOMPILE_PREFIX_HEADER = YES;
				GCC_PREFIX_HEADER = "UMSocialSDKDemo/UMSocialSDKDemo-Prefix.pch";
				GCC_TREAT_WARNINGS_AS_ERRORS = NO;
				INFOPLIST_FILE = "UMSocialSDKDemo/UMSocialSDKDemo-Info.plist";
				LIBRARY_SEARCH_PATHS = (
					"$(inherited)",
					"\"$(SRCROOT)/../SocialSDK_Publish\"",
					"\"$(SRCROOT)/../SocialSDK_Publish/frameworks/Wechat\"",
				);
				PRODUCT_NAME = "$(TARGET_NAME)";
				RUN_CLANG_STATIC_ANALYZER = YES;
				WRAPPER_EXTENSION = app;
			};
			name = Debug;
		};
		D574371016082B1200C7AD07 /* Release */ = {
			isa = XCBuildConfiguration;
			buildSettings = {
				CLANG_ENABLE_OBJC_ARC = YES;
				CLANG_WARN_OBJCPP_ARC_ABI = YES;
				GCC_PRECOMPILE_PREFIX_HEADER = YES;
				GCC_PREFIX_HEADER = "UMSocialSDKDemo/UMSocialSDKDemo-Prefix.pch";
				GCC_TREAT_WARNINGS_AS_ERRORS = NO;
				INFOPLIST_FILE = "UMSocialSDKDemo/UMSocialSDKDemo-Info.plist";
				LIBRARY_SEARCH_PATHS = (
					"$(inherited)",
					"\"$(SRCROOT)/../SocialSDK_Publish\"",
					"\"$(SRCROOT)/../SocialSDK_Publish/frameworks/Wechat\"",
				);
				PRODUCT_NAME = "$(TARGET_NAME)";
				RUN_CLANG_STATIC_ANALYZER = YES;
				WRAPPER_EXTENSION = app;
			};
			name = Release;
		};
/* End XCBuildConfiguration section */

/* Begin XCConfigurationList section */
		D57436F016082B1200C7AD07 /* Build configuration list for PBXProject "UMSocialSDKDemo" */ = {
			isa = XCConfigurationList;
			buildConfigurations = (
				D574370C16082B1200C7AD07 /* Debug */,
				D574370D16082B1200C7AD07 /* Release */,
			);
			defaultConfigurationIsVisible = 0;
			defaultConfigurationName = Release;
		};
		D574370E16082B1200C7AD07 /* Build configuration list for PBXNativeTarget "UMSocialSDKDemo" */ = {
			isa = XCConfigurationList;
			buildConfigurations = (
				D574370F16082B1200C7AD07 /* Debug */,
				D574371016082B1200C7AD07 /* Release */,
			);
			defaultConfigurationIsVisible = 0;
			defaultConfigurationName = Release;
		};
/* End XCConfigurationList section */
	};
	rootObject = D57436ED16082B1200C7AD07 /* Project object */;
}
